
Microsoft Visual Studio Solution File, Format Version 12.00
# Visual Studio 2013
VisualStudioVersion = 12.0.40629.0
MinimumVisualStudioVersion = 10.0.40219.1
Project("{8BC9CEB8-8B4A-11D0-8D11-00A0C91BC942}") = "VIIindicesHaze", "VIindices\VIindices.vcxproj", "{817A74B6-5FB4-44CC-9867-99DBB79B3E82}"
EndProject
Project("{8BC9CEB8-8B4A-11D0-8D11-00A0C91BC942}") = "Oper", "Oper\Oper.vcxproj", "{93F6FA69-BF84-4D38-A89D-2DD6C07D1D63}"
EndProject
Project("{8BC9CEB8-8B4A-11D0-8D11-00A0C91BC942}") = "ExtractWindow", "ExtractWindow\ExtractWindow.vcxproj", "{A0C95044-F84E-4577-9388-25890FB1F83F}"
EndProject
Project("{8BC9CEB8-8B4A-11D0-8D11-00A0C91BC942}") = "Normalize", "Normalize\Normalize.vcxproj", "{42401894-5F30-4061-A5B4-C2685B46FDC6}"
EndProject
Project("{8BC9CEB8-8B4A-11D0-8D11-00A0C91BC942}") = "DeltaBands", "Subtract\Subtract.vcxproj", "{4325C0A3-7308-4674-9B52-ABCCBFCE3865}"
EndProject
Project("{8BC9CEB8-8B4A-11D0-8D11-00A0C91BC942}") = "StackBands", "StackBands\StackBands.vcxproj", "{DC43077B-5AF4-4500-832A-034A8E95C0D9}"
EndProject
Project("{8BC9CEB8-8B4A-11D0-8D11-00A0C91BC942}") = "RegressionTree", "RegressionTree\RegressionTree.vcxproj", "{CBC170D2-25B9-4596-AEE5-0FF01DF70854}"
EndProject
Project("{8BC9CEB8-8B4A-11D0-8D11-00A0C91BC942}") = "TFilter", "TFilter\TFilter.vcxproj", "{E935A89E-61AC-4727-9626-0117AD025615}"
EndProject
Project("{8BC9CEB8-8B4A-11D0-8D11-00A0C91BC942}") = "Sieve", "Sieve\Sieve.vcxproj", "{5D54BA03-9BA7-4C4E-83EC-B38FAD1DEAC9}"
EndProject
Project("{8BC9CEB8-8B4A-11D0-8D11-00A0C91BC942}") = "KMeanCluster", "KMeanCluster\KMeanCluster.vcxproj", "{5DC90A0F-F820-4F32-BB20-9AE69F567064}"
EndProject
Project("{8BC9CEB8-8B4A-11D0-8D11-00A0C91BC942}") = "Dissolve", "Dissolve\Dissolve.vcxproj", "{2501B290-45D5-49D8-A6F4-3E17F06B954C}"
EndProject
Project("{8BC9CEB8-8B4A-11D0-8D11-00A0C91BC942}") = "Polygonize", "Polygonize\Polygonize.vcxproj", "{7B495095-FBFD-427A-A4FC-AE49CAD7091B}"
EndProject
Project("{8BC9CEB8-8B4A-11D0-8D11-00A0C91BC942}") = "SuperSieve", "SuperSieve\SuperSieve.vcxproj", "{C877ED4A-CEC9-4A4A-85B1-9872E604D52A}"
EndProject
Project("{8BC9CEB8-8B4A-11D0-8D11-00A0C91BC942}") = "KNNMapping", "KNNMapping\KNNMapping.vcxproj", "{038558A1-03FA-4B3D-9E3F-1D2D2460E5B0}"
EndProject
Project("{8BC9CEB8-8B4A-11D0-8D11-00A0C91BC942}") = "ImageCalculator", "ImageCalculator\ImageCalculator.vcxproj", "{D653BF7F-A34D-46CC-A020-5B7D9E8D2608}"
EndProject
Project("{8BC9CEB8-8B4A-11D0-8D11-00A0C91BC942}") = "DecisionTreeC5", "DecisionTreeC5\DecisionTreeC5.vcxproj", "{24301A55-9D88-4605-8C2A-FC4E0DC063AD}"
EndProject
Project("{8BC9CEB8-8B4A-11D0-8D11-00A0C91BC942}") = "CropNoData", "CropNoData\CropNoData.vcxproj", "{0277FF43-0E51-4E60-BFA7-3A4B0C36099C}"
EndProject
Project("{8BC9CEB8-8B4A-11D0-8D11-00A0C91BC942}") = "PointsExtractor", "PointsExtractor\PointsExtractor.vcxproj", "{AEA192B2-F664-4AA7-97FD-03BC45B76A2E}"
EndProject
Project("{8BC9CEB8-8B4A-11D0-8D11-00A0C91BC942}") = "ExtractAllPoints", "ExtractAllPoints\ExtractAllPoints.vcxproj", "{EAF23C9F-7568-4540-B814-220D963CD486}"
EndProject
Project("{8BC9CEB8-8B4A-11D0-8D11-00A0C91BC942}") = "CompareImages", "CompareImages\CompareImages.vcxproj", "{6093C76C-CFEB-4C16-93FD-FAD65CE7C38F}"
EndProject
Project("{8BC9CEB8-8B4A-11D0-8D11-00A0C91BC942}") = "TestGeomatic", "Test\TestGeomatic.vcxproj", "{33532707-74D7-4913-A579-DF0A2CDCD1D3}"
EndProject
Project("{8BC9CEB8-8B4A-11D0-8D11-00A0C91BC942}") = "nc2tif", "nc2tif\nc2tif.vcxproj", "{87C93DD4-3A36-4F30-A07B-00F654F484B3}"
EndProject
Project("{8BC9CEB8-8B4A-11D0-8D11-00A0C91BC942}") = "IndicesExtractor", "IndicesExtractor\IndicesExtractor.vcxproj", "{77604A98-55A7-47AF-9721-E1D1578FB800}"
EndProject
Project("{8BC9CEB8-8B4A-11D0-8D11-00A0C91BC942}") = "MedianImage", "MedianImage\MedianImage.vcxproj", "{A6BE43AA-995E-49EE-8299-DE1FE0149D04}"
EndProject
Project("{8BC9CEB8-8B4A-11D0-8D11-00A0C91BC942}") = "LandsatWarp", "LandsatWarp\LandsatWarp.vcxproj", "{9A21819A-BBF4-484F-A3E5-615F692E0585}"
EndProject
Project("{8BC9CEB8-8B4A-11D0-8D11-00A0C91BC942}") = "DisturbanceAnalyser", "DisturbanceAnalyser\DisturbanceAnalyser.vcxproj", "{E08E25BB-746C-4944-9646-3D92E40A14F7}"
EndProject
Project("{8BC9CEB8-8B4A-11D0-8D11-00A0C91BC942}") = "SlowDisterbanceAnalyser", "SlowDisturbanceAnalyser\SlowDisturbanceAnalyser.vcxproj", "{0191161E-4F35-4E4A-96CA-A62F20C1704F}"
EndProject
Project("{8BC9CEB8-8B4A-11D0-8D11-00A0C91BC942}") = "LANDSATRegression", "Regression\Regression.vcxproj", "{C9F4FF3E-AC4F-4799-B930-6BA149D58FE3}"
EndProject
Project("{8BC9CEB8-8B4A-11D0-8D11-00A0C91BC942}") = "Basic", "..\wbs\msvc\Basic.vcxproj", "{31FEA106-E963-4F38-B23D-4E227C7200CA}"
EndProject
Project("{8BC9CEB8-8B4A-11D0-8D11-00A0C91BC942}") = "Geomatic", "..\wbs\msvc\Geomatic.vcxproj", "{AC5DD791-6787-4663-8184-1DB8D87A3C58}"
EndProject
Project("{8BC9CEB8-8B4A-11D0-8D11-00A0C91BC942}") = "Landsat2RGB", "Landsat2RGB\Landsat2RGB.vcxproj", "{54680D15-9E42-4CE9-A96A-51F3DFD33724}"
EndProject
Project("{8BC9CEB8-8B4A-11D0-8D11-00A0C91BC942}") = "MergeImages", "MergeImages\MergeImages.vcxproj.vcxproj", "{457BAF10-1AF6-4F77-9B0F-BE98F1C1F50B}"
EndProject
Global
	GlobalSection(SolutionConfigurationPlatforms) = preSolution
		Debug|Win32 = Debug|Win32
		Debug|x64 = Debug|x64
		Release|Win32 = Release|Win32
		Release|x64 = Release|x64
	EndGlobalSection
	GlobalSection(ProjectConfigurationPlatforms) = postSolution
		{817A74B6-5FB4-44CC-9867-99DBB79B3E82}.Debug|Win32.ActiveCfg = Debug|Win32
		{817A74B6-5FB4-44CC-9867-99DBB79B3E82}.Debug|Win32.Build.0 = Debug|Win32
		{817A74B6-5FB4-44CC-9867-99DBB79B3E82}.Debug|x64.ActiveCfg = Release|x64
		{817A74B6-5FB4-44CC-9867-99DBB79B3E82}.Release|Win32.ActiveCfg = Release|Win32
		{817A74B6-5FB4-44CC-9867-99DBB79B3E82}.Release|Win32.Build.0 = Release|Win32
		{817A74B6-5FB4-44CC-9867-99DBB79B3E82}.Release|x64.ActiveCfg = Release|x64
		{93F6FA69-BF84-4D38-A89D-2DD6C07D1D63}.Debug|Win32.ActiveCfg = Debug|Win32
		{93F6FA69-BF84-4D38-A89D-2DD6C07D1D63}.Debug|Win32.Build.0 = Debug|Win32
		{93F6FA69-BF84-4D38-A89D-2DD6C07D1D63}.Debug|x64.ActiveCfg = Debug|x64
		{93F6FA69-BF84-4D38-A89D-2DD6C07D1D63}.Release|Win32.ActiveCfg = Release|Win32
		{93F6FA69-BF84-4D38-A89D-2DD6C07D1D63}.Release|Win32.Build.0 = Release|Win32
		{93F6FA69-BF84-4D38-A89D-2DD6C07D1D63}.Release|x64.ActiveCfg = Release|x64
		{A0C95044-F84E-4577-9388-25890FB1F83F}.Debug|Win32.ActiveCfg = Debug|Win32
		{A0C95044-F84E-4577-9388-25890FB1F83F}.Debug|x64.ActiveCfg = Debug|x64
		{A0C95044-F84E-4577-9388-25890FB1F83F}.Release|Win32.ActiveCfg = Release|Win32
		{A0C95044-F84E-4577-9388-25890FB1F83F}.Release|x64.ActiveCfg = Release|x64
		{42401894-5F30-4061-A5B4-C2685B46FDC6}.Debug|Win32.ActiveCfg = Debug|Win32
		{42401894-5F30-4061-A5B4-C2685B46FDC6}.Debug|Win32.Build.0 = Debug|Win32
		{42401894-5F30-4061-A5B4-C2685B46FDC6}.Debug|x64.ActiveCfg = Debug|x64
		{42401894-5F30-4061-A5B4-C2685B46FDC6}.Release|Win32.ActiveCfg = Release|Win32
		{42401894-5F30-4061-A5B4-C2685B46FDC6}.Release|Win32.Build.0 = Release|Win32
		{42401894-5F30-4061-A5B4-C2685B46FDC6}.Release|x64.ActiveCfg = Release|x64
		{4325C0A3-7308-4674-9B52-ABCCBFCE3865}.Debug|Win32.ActiveCfg = Debug|Win32
		{4325C0A3-7308-4674-9B52-ABCCBFCE3865}.Debug|Win32.Build.0 = Debug|Win32
		{4325C0A3-7308-4674-9B52-ABCCBFCE3865}.Debug|x64.ActiveCfg = Debug|x64
		{4325C0A3-7308-4674-9B52-ABCCBFCE3865}.Release|Win32.ActiveCfg = Release|Win32
		{4325C0A3-7308-4674-9B52-ABCCBFCE3865}.Release|Win32.Build.0 = Release|Win32
		{4325C0A3-7308-4674-9B52-ABCCBFCE3865}.Release|x64.ActiveCfg = Release|x64
		{DC43077B-5AF4-4500-832A-034A8E95C0D9}.Debug|Win32.ActiveCfg = Debug|Win32
		{DC43077B-5AF4-4500-832A-034A8E95C0D9}.Debug|Win32.Build.0 = Debug|Win32
		{DC43077B-5AF4-4500-832A-034A8E95C0D9}.Debug|x64.ActiveCfg = Debug|x64
		{DC43077B-5AF4-4500-832A-034A8E95C0D9}.Release|Win32.ActiveCfg = Release|Win32
		{DC43077B-5AF4-4500-832A-034A8E95C0D9}.Release|Win32.Build.0 = Release|Win32
		{DC43077B-5AF4-4500-832A-034A8E95C0D9}.Release|x64.ActiveCfg = Release|x64
		{CBC170D2-25B9-4596-AEE5-0FF01DF70854}.Debug|Win32.ActiveCfg = Debug|Win32
		{CBC170D2-25B9-4596-AEE5-0FF01DF70854}.Debug|Win32.Build.0 = Debug|Win32
		{CBC170D2-25B9-4596-AEE5-0FF01DF70854}.Debug|x64.ActiveCfg = Debug|x64
		{CBC170D2-25B9-4596-AEE5-0FF01DF70854}.Release|Win32.ActiveCfg = Release|Win32
		{CBC170D2-25B9-4596-AEE5-0FF01DF70854}.Release|Win32.Build.0 = Release|Win32
		{CBC170D2-25B9-4596-AEE5-0FF01DF70854}.Release|x64.ActiveCfg = Release|x64
		{E935A89E-61AC-4727-9626-0117AD025615}.Debug|Win32.ActiveCfg = Debug|Win32
		{E935A89E-61AC-4727-9626-0117AD025615}.Debug|Win32.Build.0 = Debug|Win32
		{E935A89E-61AC-4727-9626-0117AD025615}.Debug|x64.ActiveCfg = Debug|x64
		{E935A89E-61AC-4727-9626-0117AD025615}.Release|Win32.ActiveCfg = Release|Win32
		{E935A89E-61AC-4727-9626-0117AD025615}.Release|Win32.Build.0 = Release|Win32
		{E935A89E-61AC-4727-9626-0117AD025615}.Release|x64.ActiveCfg = Release|x64
		{5D54BA03-9BA7-4C4E-83EC-B38FAD1DEAC9}.Debug|Win32.ActiveCfg = Debug|Win32
		{5D54BA03-9BA7-4C4E-83EC-B38FAD1DEAC9}.Debug|Win32.Build.0 = Debug|Win32
		{5D54BA03-9BA7-4C4E-83EC-B38FAD1DEAC9}.Debug|x64.ActiveCfg = Debug|x64
		{5D54BA03-9BA7-4C4E-83EC-B38FAD1DEAC9}.Release|Win32.ActiveCfg = Release|Win32
		{5D54BA03-9BA7-4C4E-83EC-B38FAD1DEAC9}.Release|Win32.Build.0 = Release|Win32
		{5D54BA03-9BA7-4C4E-83EC-B38FAD1DEAC9}.Release|x64.ActiveCfg = Release|x64
		{5DC90A0F-F820-4F32-BB20-9AE69F567064}.Debug|Win32.ActiveCfg = Debug|Win32
		{5DC90A0F-F820-4F32-BB20-9AE69F567064}.Debug|Win32.Build.0 = Debug|Win32
		{5DC90A0F-F820-4F32-BB20-9AE69F567064}.Debug|x64.ActiveCfg = Debug|x64
		{5DC90A0F-F820-4F32-BB20-9AE69F567064}.Release|Win32.ActiveCfg = Release|Win32
		{5DC90A0F-F820-4F32-BB20-9AE69F567064}.Release|Win32.Build.0 = Release|Win32
		{5DC90A0F-F820-4F32-BB20-9AE69F567064}.Release|x64.ActiveCfg = Release|x64
		{2501B290-45D5-49D8-A6F4-3E17F06B954C}.Debug|Win32.ActiveCfg = Debug|Win32
		{2501B290-45D5-49D8-A6F4-3E17F06B954C}.Debug|Win32.Build.0 = Debug|Win32
		{2501B290-45D5-49D8-A6F4-3E17F06B954C}.Debug|x64.ActiveCfg = Debug|x64
		{2501B290-45D5-49D8-A6F4-3E17F06B954C}.Release|Win32.ActiveCfg = Release|Win32
		{2501B290-45D5-49D8-A6F4-3E17F06B954C}.Release|Win32.Build.0 = Release|Win32
		{2501B290-45D5-49D8-A6F4-3E17F06B954C}.Release|x64.ActiveCfg = Release|x64
		{7B495095-FBFD-427A-A4FC-AE49CAD7091B}.Debug|Win32.ActiveCfg = Debug|Win32
		{7B495095-FBFD-427A-A4FC-AE49CAD7091B}.Debug|Win32.Build.0 = Debug|Win32
		{7B495095-FBFD-427A-A4FC-AE49CAD7091B}.Debug|x64.ActiveCfg = Debug|x64
		{7B495095-FBFD-427A-A4FC-AE49CAD7091B}.Release|Win32.ActiveCfg = Release|Win32
		{7B495095-FBFD-427A-A4FC-AE49CAD7091B}.Release|Win32.Build.0 = Release|Win32
		{7B495095-FBFD-427A-A4FC-AE49CAD7091B}.Release|x64.ActiveCfg = Release|x64
		{C877ED4A-CEC9-4A4A-85B1-9872E604D52A}.Debug|Win32.ActiveCfg = Debug|Win32
		{C877ED4A-CEC9-4A4A-85B1-9872E604D52A}.Debug|Win32.Build.0 = Debug|Win32
		{C877ED4A-CEC9-4A4A-85B1-9872E604D52A}.Debug|x64.ActiveCfg = Debug|x64
		{C877ED4A-CEC9-4A4A-85B1-9872E604D52A}.Release|Win32.ActiveCfg = Release|Win32
		{C877ED4A-CEC9-4A4A-85B1-9872E604D52A}.Release|Win32.Build.0 = Release|Win32
		{C877ED4A-CEC9-4A4A-85B1-9872E604D52A}.Release|x64.ActiveCfg = Release|x64
		{038558A1-03FA-4B3D-9E3F-1D2D2460E5B0}.Debug|Win32.ActiveCfg = Debug|Win32
		{038558A1-03FA-4B3D-9E3F-1D2D2460E5B0}.Debug|Win32.Build.0 = Debug|Win32
		{038558A1-03FA-4B3D-9E3F-1D2D2460E5B0}.Debug|x64.ActiveCfg = Debug|x64
		{038558A1-03FA-4B3D-9E3F-1D2D2460E5B0}.Release|Win32.ActiveCfg = Release|Win32
		{038558A1-03FA-4B3D-9E3F-1D2D2460E5B0}.Release|Win32.Build.0 = Release|Win32
		{038558A1-03FA-4B3D-9E3F-1D2D2460E5B0}.Release|x64.ActiveCfg = Release|x64
		{038558A1-03FA-4B3D-9E3F-1D2D2460E5B0}.Release|x64.Build.0 = Release|x64
		{D653BF7F-A34D-46CC-A020-5B7D9E8D2608}.Debug|Win32.ActiveCfg = Debug|Win32
		{D653BF7F-A34D-46CC-A020-5B7D9E8D2608}.Debug|Win32.Build.0 = Debug|Win32
		{D653BF7F-A34D-46CC-A020-5B7D9E8D2608}.Debug|x64.ActiveCfg = Debug|x64
		{D653BF7F-A34D-46CC-A020-5B7D9E8D2608}.Debug|x64.Build.0 = Debug|x64
		{D653BF7F-A34D-46CC-A020-5B7D9E8D2608}.Release|Win32.ActiveCfg = Release|Win32
		{D653BF7F-A34D-46CC-A020-5B7D9E8D2608}.Release|Win32.Build.0 = Release|Win32
		{D653BF7F-A34D-46CC-A020-5B7D9E8D2608}.Release|x64.ActiveCfg = Release|x64
		{D653BF7F-A34D-46CC-A020-5B7D9E8D2608}.Release|x64.Build.0 = Release|x64
		{24301A55-9D88-4605-8C2A-FC4E0DC063AD}.Debug|Win32.ActiveCfg = Debug|Win32
		{24301A55-9D88-4605-8C2A-FC4E0DC063AD}.Debug|Win32.Build.0 = Debug|Win32
		{24301A55-9D88-4605-8C2A-FC4E0DC063AD}.Debug|x64.ActiveCfg = Debug|x64
		{24301A55-9D88-4605-8C2A-FC4E0DC063AD}.Release|Win32.ActiveCfg = Release|Win32
		{24301A55-9D88-4605-8C2A-FC4E0DC063AD}.Release|Win32.Build.0 = Release|Win32
		{24301A55-9D88-4605-8C2A-FC4E0DC063AD}.Release|x64.ActiveCfg = Release|x64
		{0277FF43-0E51-4E60-BFA7-3A4B0C36099C}.Debug|Win32.ActiveCfg = Debug|Win32
		{0277FF43-0E51-4E60-BFA7-3A4B0C36099C}.Debug|Win32.Build.0 = Debug|Win32
		{0277FF43-0E51-4E60-BFA7-3A4B0C36099C}.Debug|x64.ActiveCfg = Debug|x64
		{0277FF43-0E51-4E60-BFA7-3A4B0C36099C}.Debug|x64.Build.0 = Debug|x64
		{0277FF43-0E51-4E60-BFA7-3A4B0C36099C}.Release|Win32.ActiveCfg = Release|Win32
		{0277FF43-0E51-4E60-BFA7-3A4B0C36099C}.Release|Win32.Build.0 = Release|Win32
		{0277FF43-0E51-4E60-BFA7-3A4B0C36099C}.Release|x64.ActiveCfg = Release|x64
		{0277FF43-0E51-4E60-BFA7-3A4B0C36099C}.Release|x64.Build.0 = Release|x64
		{AEA192B2-F664-4AA7-97FD-03BC45B76A2E}.Debug|Win32.ActiveCfg = Debug|Win32
		{AEA192B2-F664-4AA7-97FD-03BC45B76A2E}.Debug|Win32.Build.0 = Debug|Win32
		{AEA192B2-F664-4AA7-97FD-03BC45B76A2E}.Debug|x64.ActiveCfg = Debug|x64
		{AEA192B2-F664-4AA7-97FD-03BC45B76A2E}.Debug|x64.Build.0 = Debug|x64
		{AEA192B2-F664-4AA7-97FD-03BC45B76A2E}.Release|Win32.ActiveCfg = Release|Win32
		{AEA192B2-F664-4AA7-97FD-03BC45B76A2E}.Release|Win32.Build.0 = Release|Win32
		{AEA192B2-F664-4AA7-97FD-03BC45B76A2E}.Release|x64.ActiveCfg = Release|x64
		{AEA192B2-F664-4AA7-97FD-03BC45B76A2E}.Release|x64.Build.0 = Release|x64
		{EAF23C9F-7568-4540-B814-220D963CD486}.Debug|Win32.ActiveCfg = Debug|Win32
		{EAF23C9F-7568-4540-B814-220D963CD486}.Debug|Win32.Build.0 = Debug|Win32
		{EAF23C9F-7568-4540-B814-220D963CD486}.Debug|x64.ActiveCfg = Debug|x64
		{EAF23C9F-7568-4540-B814-220D963CD486}.Debug|x64.Build.0 = Debug|x64
		{EAF23C9F-7568-4540-B814-220D963CD486}.Release|Win32.ActiveCfg = Release|Win32
		{EAF23C9F-7568-4540-B814-220D963CD486}.Release|Win32.Build.0 = Release|Win32
		{EAF23C9F-7568-4540-B814-220D963CD486}.Release|x64.ActiveCfg = Release|x64
		{EAF23C9F-7568-4540-B814-220D963CD486}.Release|x64.Build.0 = Release|x64
		{6093C76C-CFEB-4C16-93FD-FAD65CE7C38F}.Debug|Win32.ActiveCfg = Debug|Win32
		{6093C76C-CFEB-4C16-93FD-FAD65CE7C38F}.Debug|Win32.Build.0 = Debug|Win32
		{6093C76C-CFEB-4C16-93FD-FAD65CE7C38F}.Debug|x64.ActiveCfg = Debug|x64
		{6093C76C-CFEB-4C16-93FD-FAD65CE7C38F}.Debug|x64.Build.0 = Debug|x64
		{6093C76C-CFEB-4C16-93FD-FAD65CE7C38F}.Release|Win32.ActiveCfg = Release|Win32
		{6093C76C-CFEB-4C16-93FD-FAD65CE7C38F}.Release|Win32.Build.0 = Release|Win32
		{6093C76C-CFEB-4C16-93FD-FAD65CE7C38F}.Release|x64.ActiveCfg = Release|x64
		{6093C76C-CFEB-4C16-93FD-FAD65CE7C38F}.Release|x64.Build.0 = Release|x64
		{33532707-74D7-4913-A579-DF0A2CDCD1D3}.Debug|Win32.ActiveCfg = Debug|Win32
		{33532707-74D7-4913-A579-DF0A2CDCD1D3}.Debug|Win32.Build.0 = Debug|Win32
		{33532707-74D7-4913-A579-DF0A2CDCD1D3}.Debug|x64.ActiveCfg = Debug|x64
		{33532707-74D7-4913-A579-DF0A2CDCD1D3}.Release|Win32.ActiveCfg = Release|Win32
		{33532707-74D7-4913-A579-DF0A2CDCD1D3}.Release|Win32.Build.0 = Release|Win32
		{33532707-74D7-4913-A579-DF0A2CDCD1D3}.Release|x64.ActiveCfg = Release|x64
		{87C93DD4-3A36-4F30-A07B-00F654F484B3}.Debug|Win32.ActiveCfg = Debug|Win32
		{87C93DD4-3A36-4F30-A07B-00F654F484B3}.Debug|Win32.Build.0 = Debug|Win32
		{87C93DD4-3A36-4F30-A07B-00F654F484B3}.Debug|x64.ActiveCfg = Debug|x64
		{87C93DD4-3A36-4F30-A07B-00F654F484B3}.Release|Win32.ActiveCfg = Release|Win32
		{87C93DD4-3A36-4F30-A07B-00F654F484B3}.Release|Win32.Build.0 = Release|Win32
		{87C93DD4-3A36-4F30-A07B-00F654F484B3}.Release|x64.ActiveCfg = Release|x64
		{77604A98-55A7-47AF-9721-E1D1578FB800}.Debug|Win32.ActiveCfg = Debug|Win32
		{77604A98-55A7-47AF-9721-E1D1578FB800}.Debug|Win32.Build.0 = Debug|Win32
		{77604A98-55A7-47AF-9721-E1D1578FB800}.Debug|x64.ActiveCfg = Debug|x64
		{77604A98-55A7-47AF-9721-E1D1578FB800}.Release|Win32.ActiveCfg = Release|Win32
		{77604A98-55A7-47AF-9721-E1D1578FB800}.Release|Win32.Build.0 = Release|Win32
		{77604A98-55A7-47AF-9721-E1D1578FB800}.Release|x64.ActiveCfg = Release|x64
		{A6BE43AA-995E-49EE-8299-DE1FE0149D04}.Debug|Win32.ActiveCfg = Debug|Win32
		{A6BE43AA-995E-49EE-8299-DE1FE0149D04}.Debug|Win32.Build.0 = Debug|Win32
		{A6BE43AA-995E-49EE-8299-DE1FE0149D04}.Debug|x64.ActiveCfg = Debug|x64
		{A6BE43AA-995E-49EE-8299-DE1FE0149D04}.Release|Win32.ActiveCfg = Release|Win32
		{A6BE43AA-995E-49EE-8299-DE1FE0149D04}.Release|Win32.Build.0 = Release|Win32
		{A6BE43AA-995E-49EE-8299-DE1FE0149D04}.Release|x64.ActiveCfg = Release|x64
		{9A21819A-BBF4-484F-A3E5-615F692E0585}.Debug|Win32.ActiveCfg = Debug|Win32
		{9A21819A-BBF4-484F-A3E5-615F692E0585}.Debug|Win32.Build.0 = Debug|Win32
		{9A21819A-BBF4-484F-A3E5-615F692E0585}.Debug|x64.ActiveCfg = Debug|x64
		{9A21819A-BBF4-484F-A3E5-615F692E0585}.Release|Win32.ActiveCfg = Release|Win32
		{9A21819A-BBF4-484F-A3E5-615F692E0585}.Release|Win32.Build.0 = Release|Win32
		{9A21819A-BBF4-484F-A3E5-615F692E0585}.Release|x64.ActiveCfg = Release|x64
		{E08E25BB-746C-4944-9646-3D92E40A14F7}.Debug|Win32.ActiveCfg = Debug|Win32
		{E08E25BB-746C-4944-9646-3D92E40A14F7}.Debug|Win32.Build.0 = Debug|Win32
		{E08E25BB-746C-4944-9646-3D92E40A14F7}.Debug|x64.ActiveCfg = Debug|x64
		{E08E25BB-746C-4944-9646-3D92E40A14F7}.Debug|x64.Build.0 = Debug|x64
		{E08E25BB-746C-4944-9646-3D92E40A14F7}.Release|Win32.ActiveCfg = Release|Win32
		{E08E25BB-746C-4944-9646-3D92E40A14F7}.Release|Win32.Build.0 = Release|Win32
		{E08E25BB-746C-4944-9646-3D92E40A14F7}.Release|x64.ActiveCfg = Release|x64
		{E08E25BB-746C-4944-9646-3D92E40A14F7}.Release|x64.Build.0 = Release|x64
		{0191161E-4F35-4E4A-96CA-A62F20C1704F}.Debug|Win32.ActiveCfg = Debug|Win32
		{0191161E-4F35-4E4A-96CA-A62F20C1704F}.Debug|Win32.Build.0 = Debug|Win32
		{0191161E-4F35-4E4A-96CA-A62F20C1704F}.Debug|x64.ActiveCfg = Debug|x64
		{0191161E-4F35-4E4A-96CA-A62F20C1704F}.Debug|x64.Build.0 = Debug|x64
		{0191161E-4F35-4E4A-96CA-A62F20C1704F}.Release|Win32.ActiveCfg = Release|Win32
		{0191161E-4F35-4E4A-96CA-A62F20C1704F}.Release|Win32.Build.0 = Release|Win32
		{0191161E-4F35-4E4A-96CA-A62F20C1704F}.Release|x64.ActiveCfg = Release|x64
		{0191161E-4F35-4E4A-96CA-A62F20C1704F}.Release|x64.Build.0 = Release|x64
		{C9F4FF3E-AC4F-4799-B930-6BA149D58FE3}.Debug|Win32.ActiveCfg = Debug|Win32
		{C9F4FF3E-AC4F-4799-B930-6BA149D58FE3}.Debug|Win32.Build.0 = Debug|Win32
		{C9F4FF3E-AC4F-4799-B930-6BA149D58FE3}.Debug|x64.ActiveCfg = Debug|x64
		{C9F4FF3E-AC4F-4799-B930-6BA149D58FE3}.Release|Win32.ActiveCfg = Release|Win32
		{C9F4FF3E-AC4F-4799-B930-6BA149D58FE3}.Release|Win32.Build.0 = Release|Win32
		{C9F4FF3E-AC4F-4799-B930-6BA149D58FE3}.Release|x64.ActiveCfg = Release|x64
		{31FEA106-E963-4F38-B23D-4E227C7200CA}.Debug|Win32.ActiveCfg = Debug|Win32
		{31FEA106-E963-4F38-B23D-4E227C7200CA}.Debug|Win32.Build.0 = Debug|Win32
		{31FEA106-E963-4F38-B23D-4E227C7200CA}.Debug|x64.ActiveCfg = Debug|x64
		{31FEA106-E963-4F38-B23D-4E227C7200CA}.Debug|x64.Build.0 = Debug|x64
		{31FEA106-E963-4F38-B23D-4E227C7200CA}.Release|Win32.ActiveCfg = Release|Win32
		{31FEA106-E963-4F38-B23D-4E227C7200CA}.Release|Win32.Build.0 = Release|Win32
		{31FEA106-E963-4F38-B23D-4E227C7200CA}.Release|x64.ActiveCfg = Release|x64
		{31FEA106-E963-4F38-B23D-4E227C7200CA}.Release|x64.Build.0 = Release|x64
		{AC5DD791-6787-4663-8184-1DB8D87A3C58}.Debug|Win32.ActiveCfg = Debug|Win32
		{AC5DD791-6787-4663-8184-1DB8D87A3C58}.Debug|Win32.Build.0 = Debug|Win32
		{AC5DD791-6787-4663-8184-1DB8D87A3C58}.Debug|x64.ActiveCfg = Debug|x64
		{AC5DD791-6787-4663-8184-1DB8D87A3C58}.Debug|x64.Build.0 = Debug|x64
		{AC5DD791-6787-4663-8184-1DB8D87A3C58}.Release|Win32.ActiveCfg = Release|Win32
		{AC5DD791-6787-4663-8184-1DB8D87A3C58}.Release|Win32.Build.0 = Release|Win32
		{AC5DD791-6787-4663-8184-1DB8D87A3C58}.Release|x64.ActiveCfg = Release|x64
		{AC5DD791-6787-4663-8184-1DB8D87A3C58}.Release|x64.Build.0 = Release|x64
		{54680D15-9E42-4CE9-A96A-51F3DFD33724}.Debug|Win32.ActiveCfg = Debug|Win32
		{54680D15-9E42-4CE9-A96A-51F3DFD33724}.Debug|Win32.Build.0 = Debug|Win32
		{54680D15-9E42-4CE9-A96A-51F3DFD33724}.Debug|x64.ActiveCfg = Debug|x64
		{54680D15-9E42-4CE9-A96A-51F3DFD33724}.Debug|x64.Build.0 = Debug|x64
		{54680D15-9E42-4CE9-A96A-51F3DFD33724}.Release|Win32.ActiveCfg = Release|Win32
		{54680D15-9E42-4CE9-A96A-51F3DFD33724}.Release|Win32.Build.0 = Release|Win32
		{54680D15-9E42-4CE9-A96A-51F3DFD33724}.Release|x64.ActiveCfg = Release|x64
		{54680D15-9E42-4CE9-A96A-51F3DFD33724}.Release|x64.Build.0 = Release|x64
		{457BAF10-1AF6-4F77-9B0F-BE98F1C1F50B}.Debug|Win32.ActiveCfg = Debug|Win32
		{457BAF10-1AF6-4F77-9B0F-BE98F1C1F50B}.Debug|Win32.Build.0 = Debug|Win32
		{457BAF10-1AF6-4F77-9B0F-BE98F1C1F50B}.Debug|x64.ActiveCfg = Debug|x64
		{457BAF10-1AF6-4F77-9B0F-BE98F1C1F50B}.Debug|x64.Build.0 = Debug|x64
		{457BAF10-1AF6-4F77-9B0F-BE98F1C1F50B}.Release|Win32.ActiveCfg = Release|Win32
		{457BAF10-1AF6-4F77-9B0F-BE98F1C1F50B}.Release|Win32.Build.0 = Release|Win32
		{457BAF10-1AF6-4F77-9B0F-BE98F1C1F50B}.Release|x64.ActiveCfg = Release|x64
		{457BAF10-1AF6-4F77-9B0F-BE98F1C1F50B}.Release|x64.Build.0 = Release|x64
	EndGlobalSection
	GlobalSection(SolutionProperties) = preSolution
		HideSolutionNode = FALSE
	EndGlobalSection
EndGlobal
