
Microsoft Visual Studio Solution File, Format Version 12.00
# Visual Studio 15
VisualStudioVersion = 15.0.27428.1
MinimumVisualStudioVersion = 10.0.40219.1
Project("{8BC9CEB8-8B4A-11D0-8D11-00A0C91BC942}") = "KNNMapping", "KNNMapping\KNNMapping.vcxproj", "{038558A1-03FA-4B3D-9E3F-1D2D2460E5B0}"
EndProject
Project("{8BC9CEB8-8B4A-11D0-8D11-00A0C91BC942}") = "ImageCalculator", "ImageCalculator\ImageCalculator.vcxproj", "{D653BF7F-A34D-46CC-A020-5B7D9E8D2608}"
EndProject
Project("{8BC9CEB8-8B4A-11D0-8D11-00A0C91BC942}") = "PointsExtractor", "PointsExtractor\PointsExtractor.vcxproj", "{AEA192B2-F664-4AA7-97FD-03BC45B76A2E}"
EndProject
Project("{8BC9CEB8-8B4A-11D0-8D11-00A0C91BC942}") = "DisturbanceAnalyser", "DisturbanceAnalyser\DisturbanceAnalyser.vcxproj", "{E08E25BB-746C-4944-9646-3D92E40A14F7}"
EndProject
Project("{8BC9CEB8-8B4A-11D0-8D11-00A0C91BC942}") = "Basic", "..\wbs\msvc\Basic.vcxproj", "{31FEA106-E963-4F38-B23D-4E227C7200CA}"
EndProject
Project("{8BC9CEB8-8B4A-11D0-8D11-00A0C91BC942}") = "Geomatic", "..\wbs\msvc\Geomatic.vcxproj", "{AC5DD791-6787-4663-8184-1DB8D87A3C58}"
EndProject
Project("{8BC9CEB8-8B4A-11D0-8D11-00A0C91BC942}") = "Landsat2RGB", "Landsat2RGB\Landsat2RGB.vcxproj", "{54680D15-9E42-4CE9-A96A-51F3DFD33724}"
EndProject
Project("{8BC9CEB8-8B4A-11D0-8D11-00A0C91BC942}") = "MergeImages", "MergeImages\MergeImages.vcxproj.vcxproj", "{457BAF10-1AF6-4F77-9B0F-BE98F1C1F50B}"
EndProject
Project("{8BC9CEB8-8B4A-11D0-8D11-00A0C91BC942}") = "LANDSATRegression", "LANDSATRegression\LANDSATRegression.vcxproj", "{C9F4FF3E-AC4F-4799-B930-6BA149D58FE3}"
EndProject
Project("{8BC9CEB8-8B4A-11D0-8D11-00A0C91BC942}") = "Segmentation", "Segmentation\Segmentation.vcxproj", "{2BB62680-3690-47D2-A857-A0B3F5B47D98}"
EndProject
Project("{8BC9CEB8-8B4A-11D0-8D11-00A0C91BC942}") = "RangerImages", "ranger\msvc\RangerImage.vcxproj", "{F79944DB-6B07-4AD6-BB56-80CE8DE00F4A}"
EndProject
Project("{8BC9CEB8-8B4A-11D0-8D11-00A0C91BC942}") = "MedianImage", "MedianImage\MedianImage.vcxproj", "{A6BE43AA-995E-49EE-8299-DE1FE0149D04}"
EndProject
Project("{8BC9CEB8-8B4A-11D0-8D11-00A0C91BC942}") = "LandsatWarp", "LandsatWarp\LandsatWarp.vcxproj", "{9A21819A-BBF4-484F-A3E5-615F692E0585}"
EndProject
Project("{8BC9CEB8-8B4A-11D0-8D11-00A0C91BC942}") = "BreaksImages", "BreaksImage\BreaksImage.vcxproj", "{3222209D-1B5E-48D5-91FE-63E35F21B835}"
EndProject
Project("{8BC9CEB8-8B4A-11D0-8D11-00A0C91BC942}") = "PointsReduction", "PointReduction\PointReduction.vcxproj", "{E7D59301-8F0F-47B6-945D-2394A91CAE0C}"
EndProject
Project("{8BC9CEB8-8B4A-11D0-8D11-00A0C91BC942}") = "Sieve", "Sieve\Sieve.vcxproj", "{5D54BA03-9BA7-4C4E-83EC-B38FAD1DEAC9}"
EndProject
Project("{8BC9CEB8-8B4A-11D0-8D11-00A0C91BC942}") = "Ranger", "ranger\msvc\Ranger.vcxproj", "{0467DFF3-FFB4-450F-A1E4-7170CC79C181}"
EndProject
Project("{8BC9CEB8-8B4A-11D0-8D11-00A0C91BC942}") = "gdal_LandsatIndices", "gdal-landsat-indices-plugin\msvc\gdal_LandsatIndices.vcxproj", "{A1C48209-737B-42F2-AB92-5B1AA7ADDDAB}"
EndProject
Project("{8BC9CEB8-8B4A-11D0-8D11-00A0C91BC942}") = "CloudCleaner", "CloudCleaner\CloudCleaner.vcxproj", "{14AEB40E-DBC1-47F0-8871-F523B0F4992D}"
EndProject
Project("{8BC9CEB8-8B4A-11D0-8D11-00A0C91BC942}") = "RangerLib", "..\wbs\msvc\RangerLib.vcxproj", "{EFC46CE3-08E3-4C5F-B33E-C127677C7E5B}"
EndProject
Project("{8BC9CEB8-8B4A-11D0-8D11-00A0C91BC942}") = "LandsatIndices", "LandsatIndices\LandsatIndices.vcxproj", "{994FAB32-7FE1-414D-9522-415BB58DCEEA}"
EndProject
Project("{8BC9CEB8-8B4A-11D0-8D11-00A0C91BC942}") = "ExtractGribs", "ExtractGribs\ExtractGribs.vcxproj", "{DD0625DD-C766-475E-8C2B-A238A2907331}"
EndProject
Project("{8BC9CEB8-8B4A-11D0-8D11-00A0C91BC942}") = "TrainingCreator", "TrainingCreator\TrainingCreator.vcxproj", "{A7086AC5-8C2F-4269-98DE-FE08C7C0CFF1}"
EndProject
Project("{8BC9CEB8-8B4A-11D0-8D11-00A0C91BC942}") = "CubistImage", "CubistImage\CubistImage.vcxproj", "{E2983491-BEB0-4960-9159-40424F755EB9}"
EndProject
Project("{8BC9CEB8-8B4A-11D0-8D11-00A0C91BC942}") = "Cubist", "Cubist\Cubist.vcxproj", "{2BC495AE-898B-4AFE-A192-C9E10079915D}"
EndProject
Project("{8BC9CEB8-8B4A-11D0-8D11-00A0C91BC942}") = "See5", "See5\See5.vcxproj", "{17971165-2E1E-4D0C-9EEC-5CF6634F5A2A}"
EndProject
Project("{8BC9CEB8-8B4A-11D0-8D11-00A0C91BC942}") = "See5Images", "See5Image\See5Image.vcxproj", "{3595F964-4847-49A6-A92B-78F2F7D1F6C1}"
EndProject
Project("{8BC9CEB8-8B4A-11D0-8D11-00A0C91BC942}") = "DisturbanceAnalyserII", "DisturbanceAnalyserII\DisturbanceAnalyserII.vcxproj", "{F615F0D4-79C4-402B-B24B-D517DBADC17B}"
EndProject
Project("{8BC9CEB8-8B4A-11D0-8D11-00A0C91BC942}") = "FireSeverity", "FireSeverity\FireSeverity.vcxproj", "{67D45C84-3518-4133-90F9-DEF675EE1CB9}"
EndProject
Project("{8BC9CEB8-8B4A-11D0-8D11-00A0C91BC942}") = "ConvertNetCDF2GeoTIFF", "ConvertNetCDF2GeoTIFF\ConvertNetCDF2GeoTIFF.vcxproj", "{77B4439A-D052-4D3A-9C7D-4CB54F4233E6}"
EndProject
Project("{8BC9CEB8-8B4A-11D0-8D11-00A0C91BC942}") = "MODIS2RGB", "MODIS2RGB\MODIS2RGB.vcxproj", "{E26E1B9F-4A17-426F-9935-59B9545DF6D0}"
EndProject
Project("{8BC9CEB8-8B4A-11D0-8D11-00A0C91BC942}") = "MODIS_HDF_2_GEOTIFF", "MODIS_HDF_2_GEOTIFF\MODIS_HDF_2_GEOTIFF.vcxproj", "{0146CCBD-B36B-4C03-AEA5-B18A86250CEB}"
EndProject
Project("{8BC9CEB8-8B4A-11D0-8D11-00A0C91BC942}") = "MODISIndices", "MODISIndices\MODISIndices.vcxproj", "{38DAC07B-078C-46EC-AA71-7026CFAC2480}"
EndProject
Project("{8BC9CEB8-8B4A-11D0-8D11-00A0C91BC942}") = "MODISBuildVRT", "MODISBuildVRT\MODISBuildVRT.vcxproj", "{1275F570-B4D3-4E47-97B3-D7E337E88641}"
EndProject
Project("{8BC9CEB8-8B4A-11D0-8D11-00A0C91BC942}") = "PointsExtractorLayer", "PointsExtractorLayer\PointsExtractorLayer.vcxproj", "{D3A06F27-CA76-4EC3-B0D8-2CCC5C9085B4}"
EndProject
Global
	GlobalSection(SolutionConfigurationPlatforms) = preSolution
		Debug|Win32 = Debug|Win32
		Debug|x64 = Debug|x64
		Release|Win32 = Release|Win32
		Release|x64 = Release|x64
	EndGlobalSection
	GlobalSection(ProjectConfigurationPlatforms) = postSolution
		{038558A1-03FA-4B3D-9E3F-1D2D2460E5B0}.Debug|Win32.ActiveCfg = Debug|Win32
		{038558A1-03FA-4B3D-9E3F-1D2D2460E5B0}.Debug|Win32.Build.0 = Debug|Win32
		{038558A1-03FA-4B3D-9E3F-1D2D2460E5B0}.Debug|x64.ActiveCfg = Debug|x64
		{038558A1-03FA-4B3D-9E3F-1D2D2460E5B0}.Debug|x64.Build.0 = Debug|x64
		{038558A1-03FA-4B3D-9E3F-1D2D2460E5B0}.Release|Win32.ActiveCfg = Release|Win32
		{038558A1-03FA-4B3D-9E3F-1D2D2460E5B0}.Release|Win32.Build.0 = Release|Win32
		{038558A1-03FA-4B3D-9E3F-1D2D2460E5B0}.Release|x64.ActiveCfg = Release|x64
		{038558A1-03FA-4B3D-9E3F-1D2D2460E5B0}.Release|x64.Build.0 = Release|x64
		{D653BF7F-A34D-46CC-A020-5B7D9E8D2608}.Debug|Win32.ActiveCfg = Debug|Win32
		{D653BF7F-A34D-46CC-A020-5B7D9E8D2608}.Debug|Win32.Build.0 = Debug|Win32
		{D653BF7F-A34D-46CC-A020-5B7D9E8D2608}.Debug|x64.ActiveCfg = Debug|x64
		{D653BF7F-A34D-46CC-A020-5B7D9E8D2608}.Debug|x64.Build.0 = Debug|x64
		{D653BF7F-A34D-46CC-A020-5B7D9E8D2608}.Release|Win32.ActiveCfg = Release|Win32
		{D653BF7F-A34D-46CC-A020-5B7D9E8D2608}.Release|Win32.Build.0 = Release|Win32
		{D653BF7F-A34D-46CC-A020-5B7D9E8D2608}.Release|x64.ActiveCfg = Release|x64
		{D653BF7F-A34D-46CC-A020-5B7D9E8D2608}.Release|x64.Build.0 = Release|x64
		{AEA192B2-F664-4AA7-97FD-03BC45B76A2E}.Debug|Win32.ActiveCfg = Debug|Win32
		{AEA192B2-F664-4AA7-97FD-03BC45B76A2E}.Debug|Win32.Build.0 = Debug|Win32
		{AEA192B2-F664-4AA7-97FD-03BC45B76A2E}.Debug|x64.ActiveCfg = Debug|x64
		{AEA192B2-F664-4AA7-97FD-03BC45B76A2E}.Debug|x64.Build.0 = Debug|x64
		{AEA192B2-F664-4AA7-97FD-03BC45B76A2E}.Release|Win32.ActiveCfg = Release|Win32
		{AEA192B2-F664-4AA7-97FD-03BC45B76A2E}.Release|Win32.Build.0 = Release|Win32
		{AEA192B2-F664-4AA7-97FD-03BC45B76A2E}.Release|x64.ActiveCfg = Release|x64
		{AEA192B2-F664-4AA7-97FD-03BC45B76A2E}.Release|x64.Build.0 = Release|x64
		{E08E25BB-746C-4944-9646-3D92E40A14F7}.Debug|Win32.ActiveCfg = Debug|Win32
		{E08E25BB-746C-4944-9646-3D92E40A14F7}.Debug|Win32.Build.0 = Debug|Win32
		{E08E25BB-746C-4944-9646-3D92E40A14F7}.Debug|x64.ActiveCfg = Debug|x64
		{E08E25BB-746C-4944-9646-3D92E40A14F7}.Debug|x64.Build.0 = Debug|x64
		{E08E25BB-746C-4944-9646-3D92E40A14F7}.Release|Win32.ActiveCfg = Release|Win32
		{E08E25BB-746C-4944-9646-3D92E40A14F7}.Release|Win32.Build.0 = Release|Win32
		{E08E25BB-746C-4944-9646-3D92E40A14F7}.Release|x64.ActiveCfg = Release|x64
		{E08E25BB-746C-4944-9646-3D92E40A14F7}.Release|x64.Build.0 = Release|x64
		{31FEA106-E963-4F38-B23D-4E227C7200CA}.Debug|Win32.ActiveCfg = Debug|Win32
		{31FEA106-E963-4F38-B23D-4E227C7200CA}.Debug|Win32.Build.0 = Debug|Win32
		{31FEA106-E963-4F38-B23D-4E227C7200CA}.Debug|x64.ActiveCfg = Debug|x64
		{31FEA106-E963-4F38-B23D-4E227C7200CA}.Debug|x64.Build.0 = Debug|x64
		{31FEA106-E963-4F38-B23D-4E227C7200CA}.Release|Win32.ActiveCfg = Release|Win32
		{31FEA106-E963-4F38-B23D-4E227C7200CA}.Release|Win32.Build.0 = Release|Win32
		{31FEA106-E963-4F38-B23D-4E227C7200CA}.Release|x64.ActiveCfg = Release|x64
		{31FEA106-E963-4F38-B23D-4E227C7200CA}.Release|x64.Build.0 = Release|x64
		{AC5DD791-6787-4663-8184-1DB8D87A3C58}.Debug|Win32.ActiveCfg = Debug|Win32
		{AC5DD791-6787-4663-8184-1DB8D87A3C58}.Debug|Win32.Build.0 = Debug|Win32
		{AC5DD791-6787-4663-8184-1DB8D87A3C58}.Debug|x64.ActiveCfg = Debug|x64
		{AC5DD791-6787-4663-8184-1DB8D87A3C58}.Debug|x64.Build.0 = Debug|x64
		{AC5DD791-6787-4663-8184-1DB8D87A3C58}.Release|Win32.ActiveCfg = Release|Win32
		{AC5DD791-6787-4663-8184-1DB8D87A3C58}.Release|Win32.Build.0 = Release|Win32
		{AC5DD791-6787-4663-8184-1DB8D87A3C58}.Release|x64.ActiveCfg = Release|x64
		{AC5DD791-6787-4663-8184-1DB8D87A3C58}.Release|x64.Build.0 = Release|x64
		{54680D15-9E42-4CE9-A96A-51F3DFD33724}.Debug|Win32.ActiveCfg = Debug|Win32
		{54680D15-9E42-4CE9-A96A-51F3DFD33724}.Debug|Win32.Build.0 = Debug|Win32
		{54680D15-9E42-4CE9-A96A-51F3DFD33724}.Debug|x64.ActiveCfg = Debug|x64
		{54680D15-9E42-4CE9-A96A-51F3DFD33724}.Debug|x64.Build.0 = Debug|x64
		{54680D15-9E42-4CE9-A96A-51F3DFD33724}.Release|Win32.ActiveCfg = Release|Win32
		{54680D15-9E42-4CE9-A96A-51F3DFD33724}.Release|Win32.Build.0 = Release|Win32
		{54680D15-9E42-4CE9-A96A-51F3DFD33724}.Release|x64.ActiveCfg = Release|x64
		{54680D15-9E42-4CE9-A96A-51F3DFD33724}.Release|x64.Build.0 = Release|x64
		{457BAF10-1AF6-4F77-9B0F-BE98F1C1F50B}.Debug|Win32.ActiveCfg = Debug|Win32
		{457BAF10-1AF6-4F77-9B0F-BE98F1C1F50B}.Debug|Win32.Build.0 = Debug|Win32
		{457BAF10-1AF6-4F77-9B0F-BE98F1C1F50B}.Debug|x64.ActiveCfg = Debug|x64
		{457BAF10-1AF6-4F77-9B0F-BE98F1C1F50B}.Debug|x64.Build.0 = Debug|x64
		{457BAF10-1AF6-4F77-9B0F-BE98F1C1F50B}.Release|Win32.ActiveCfg = Release|Win32
		{457BAF10-1AF6-4F77-9B0F-BE98F1C1F50B}.Release|Win32.Build.0 = Release|Win32
		{457BAF10-1AF6-4F77-9B0F-BE98F1C1F50B}.Release|x64.ActiveCfg = Release|x64
		{457BAF10-1AF6-4F77-9B0F-BE98F1C1F50B}.Release|x64.Build.0 = Release|x64
		{C9F4FF3E-AC4F-4799-B930-6BA149D58FE3}.Debug|Win32.ActiveCfg = Debug|Win32
		{C9F4FF3E-AC4F-4799-B930-6BA149D58FE3}.Debug|Win32.Build.0 = Debug|Win32
		{C9F4FF3E-AC4F-4799-B930-6BA149D58FE3}.Debug|x64.ActiveCfg = Debug|x64
		{C9F4FF3E-AC4F-4799-B930-6BA149D58FE3}.Debug|x64.Build.0 = Debug|x64
		{C9F4FF3E-AC4F-4799-B930-6BA149D58FE3}.Release|Win32.ActiveCfg = Release|Win32
		{C9F4FF3E-AC4F-4799-B930-6BA149D58FE3}.Release|Win32.Build.0 = Release|Win32
		{C9F4FF3E-AC4F-4799-B930-6BA149D58FE3}.Release|x64.ActiveCfg = Release|x64
		{C9F4FF3E-AC4F-4799-B930-6BA149D58FE3}.Release|x64.Build.0 = Release|x64
		{2BB62680-3690-47D2-A857-A0B3F5B47D98}.Debug|Win32.ActiveCfg = Debug|Win32
		{2BB62680-3690-47D2-A857-A0B3F5B47D98}.Debug|Win32.Build.0 = Debug|Win32
		{2BB62680-3690-47D2-A857-A0B3F5B47D98}.Debug|x64.ActiveCfg = Debug|x64
		{2BB62680-3690-47D2-A857-A0B3F5B47D98}.Debug|x64.Build.0 = Debug|x64
		{2BB62680-3690-47D2-A857-A0B3F5B47D98}.Release|Win32.ActiveCfg = Release|Win32
		{2BB62680-3690-47D2-A857-A0B3F5B47D98}.Release|Win32.Build.0 = Release|Win32
		{2BB62680-3690-47D2-A857-A0B3F5B47D98}.Release|x64.ActiveCfg = Release|x64
		{2BB62680-3690-47D2-A857-A0B3F5B47D98}.Release|x64.Build.0 = Release|x64
		{F79944DB-6B07-4AD6-BB56-80CE8DE00F4A}.Debug|Win32.ActiveCfg = Debug|Win32
		{F79944DB-6B07-4AD6-BB56-80CE8DE00F4A}.Debug|Win32.Build.0 = Debug|Win32
		{F79944DB-6B07-4AD6-BB56-80CE8DE00F4A}.Debug|x64.ActiveCfg = Debug|x64
		{F79944DB-6B07-4AD6-BB56-80CE8DE00F4A}.Debug|x64.Build.0 = Debug|x64
		{F79944DB-6B07-4AD6-BB56-80CE8DE00F4A}.Release|Win32.ActiveCfg = Release|Win32
		{F79944DB-6B07-4AD6-BB56-80CE8DE00F4A}.Release|Win32.Build.0 = Release|Win32
		{F79944DB-6B07-4AD6-BB56-80CE8DE00F4A}.Release|x64.ActiveCfg = Release|x64
		{F79944DB-6B07-4AD6-BB56-80CE8DE00F4A}.Release|x64.Build.0 = Release|x64
		{A6BE43AA-995E-49EE-8299-DE1FE0149D04}.Debug|Win32.ActiveCfg = Debug|Win32
		{A6BE43AA-995E-49EE-8299-DE1FE0149D04}.Debug|Win32.Build.0 = Debug|Win32
		{A6BE43AA-995E-49EE-8299-DE1FE0149D04}.Debug|x64.ActiveCfg = Debug|x64
		{A6BE43AA-995E-49EE-8299-DE1FE0149D04}.Debug|x64.Build.0 = Debug|x64
		{A6BE43AA-995E-49EE-8299-DE1FE0149D04}.Release|Win32.ActiveCfg = Release|Win32
		{A6BE43AA-995E-49EE-8299-DE1FE0149D04}.Release|Win32.Build.0 = Release|Win32
		{A6BE43AA-995E-49EE-8299-DE1FE0149D04}.Release|x64.ActiveCfg = Release|x64
		{A6BE43AA-995E-49EE-8299-DE1FE0149D04}.Release|x64.Build.0 = Release|x64
		{9A21819A-BBF4-484F-A3E5-615F692E0585}.Debug|Win32.ActiveCfg = Debug|Win32
		{9A21819A-BBF4-484F-A3E5-615F692E0585}.Debug|Win32.Build.0 = Debug|Win32
		{9A21819A-BBF4-484F-A3E5-615F692E0585}.Debug|x64.ActiveCfg = Debug|x64
		{9A21819A-BBF4-484F-A3E5-615F692E0585}.Debug|x64.Build.0 = Debug|x64
		{9A21819A-BBF4-484F-A3E5-615F692E0585}.Release|Win32.ActiveCfg = Release|Win32
		{9A21819A-BBF4-484F-A3E5-615F692E0585}.Release|Win32.Build.0 = Release|Win32
		{9A21819A-BBF4-484F-A3E5-615F692E0585}.Release|x64.ActiveCfg = Release|x64
		{9A21819A-BBF4-484F-A3E5-615F692E0585}.Release|x64.Build.0 = Release|x64
		{3222209D-1B5E-48D5-91FE-63E35F21B835}.Debug|Win32.ActiveCfg = Debug|Win32
		{3222209D-1B5E-48D5-91FE-63E35F21B835}.Debug|Win32.Build.0 = Debug|Win32
		{3222209D-1B5E-48D5-91FE-63E35F21B835}.Debug|x64.ActiveCfg = Debug|x64
		{3222209D-1B5E-48D5-91FE-63E35F21B835}.Debug|x64.Build.0 = Debug|x64
		{3222209D-1B5E-48D5-91FE-63E35F21B835}.Release|Win32.ActiveCfg = Release|Win32
		{3222209D-1B5E-48D5-91FE-63E35F21B835}.Release|Win32.Build.0 = Release|Win32
		{3222209D-1B5E-48D5-91FE-63E35F21B835}.Release|x64.ActiveCfg = Release|x64
		{3222209D-1B5E-48D5-91FE-63E35F21B835}.Release|x64.Build.0 = Release|x64
		{E7D59301-8F0F-47B6-945D-2394A91CAE0C}.Debug|Win32.ActiveCfg = Debug|Win32
		{E7D59301-8F0F-47B6-945D-2394A91CAE0C}.Debug|Win32.Build.0 = Debug|Win32
		{E7D59301-8F0F-47B6-945D-2394A91CAE0C}.Debug|x64.ActiveCfg = Debug|x64
		{E7D59301-8F0F-47B6-945D-2394A91CAE0C}.Debug|x64.Build.0 = Debug|x64
		{E7D59301-8F0F-47B6-945D-2394A91CAE0C}.Release|Win32.ActiveCfg = Release|Win32
		{E7D59301-8F0F-47B6-945D-2394A91CAE0C}.Release|Win32.Build.0 = Release|Win32
		{E7D59301-8F0F-47B6-945D-2394A91CAE0C}.Release|x64.ActiveCfg = Release|x64
		{E7D59301-8F0F-47B6-945D-2394A91CAE0C}.Release|x64.Build.0 = Release|x64
		{5D54BA03-9BA7-4C4E-83EC-B38FAD1DEAC9}.Debug|Win32.ActiveCfg = Debug|Win32
		{5D54BA03-9BA7-4C4E-83EC-B38FAD1DEAC9}.Debug|Win32.Build.0 = Debug|Win32
		{5D54BA03-9BA7-4C4E-83EC-B38FAD1DEAC9}.Debug|x64.ActiveCfg = Debug|x64
		{5D54BA03-9BA7-4C4E-83EC-B38FAD1DEAC9}.Debug|x64.Build.0 = Debug|x64
		{5D54BA03-9BA7-4C4E-83EC-B38FAD1DEAC9}.Release|Win32.ActiveCfg = Release|Win32
		{5D54BA03-9BA7-4C4E-83EC-B38FAD1DEAC9}.Release|Win32.Build.0 = Release|Win32
		{5D54BA03-9BA7-4C4E-83EC-B38FAD1DEAC9}.Release|x64.ActiveCfg = Release|x64
		{5D54BA03-9BA7-4C4E-83EC-B38FAD1DEAC9}.Release|x64.Build.0 = Release|x64
		{0467DFF3-FFB4-450F-A1E4-7170CC79C181}.Debug|Win32.ActiveCfg = Debug|Win32
		{0467DFF3-FFB4-450F-A1E4-7170CC79C181}.Debug|Win32.Build.0 = Debug|Win32
		{0467DFF3-FFB4-450F-A1E4-7170CC79C181}.Debug|x64.ActiveCfg = Debug|x64
		{0467DFF3-FFB4-450F-A1E4-7170CC79C181}.Debug|x64.Build.0 = Debug|x64
		{0467DFF3-FFB4-450F-A1E4-7170CC79C181}.Release|Win32.ActiveCfg = Release|Win32
		{0467DFF3-FFB4-450F-A1E4-7170CC79C181}.Release|Win32.Build.0 = Release|Win32
		{0467DFF3-FFB4-450F-A1E4-7170CC79C181}.Release|x64.ActiveCfg = Release|x64
		{0467DFF3-FFB4-450F-A1E4-7170CC79C181}.Release|x64.Build.0 = Release|x64
		{A1C48209-737B-42F2-AB92-5B1AA7ADDDAB}.Debug|Win32.ActiveCfg = Debug|Win32
		{A1C48209-737B-42F2-AB92-5B1AA7ADDDAB}.Debug|Win32.Build.0 = Debug|Win32
		{A1C48209-737B-42F2-AB92-5B1AA7ADDDAB}.Debug|x64.ActiveCfg = Debug|x64
		{A1C48209-737B-42F2-AB92-5B1AA7ADDDAB}.Debug|x64.Build.0 = Debug|x64
		{A1C48209-737B-42F2-AB92-5B1AA7ADDDAB}.Release|Win32.ActiveCfg = Release|Win32
		{A1C48209-737B-42F2-AB92-5B1AA7ADDDAB}.Release|Win32.Build.0 = Release|Win32
		{A1C48209-737B-42F2-AB92-5B1AA7ADDDAB}.Release|x64.ActiveCfg = Release|x64
		{A1C48209-737B-42F2-AB92-5B1AA7ADDDAB}.Release|x64.Build.0 = Release|x64
		{14AEB40E-DBC1-47F0-8871-F523B0F4992D}.Debug|Win32.ActiveCfg = Debug|Win32
		{14AEB40E-DBC1-47F0-8871-F523B0F4992D}.Debug|Win32.Build.0 = Debug|Win32
		{14AEB40E-DBC1-47F0-8871-F523B0F4992D}.Debug|x64.ActiveCfg = Debug|x64
		{14AEB40E-DBC1-47F0-8871-F523B0F4992D}.Debug|x64.Build.0 = Debug|x64
		{14AEB40E-DBC1-47F0-8871-F523B0F4992D}.Release|Win32.ActiveCfg = Release|Win32
		{14AEB40E-DBC1-47F0-8871-F523B0F4992D}.Release|Win32.Build.0 = Release|Win32
		{14AEB40E-DBC1-47F0-8871-F523B0F4992D}.Release|x64.ActiveCfg = Release|x64
		{14AEB40E-DBC1-47F0-8871-F523B0F4992D}.Release|x64.Build.0 = Release|x64
		{EFC46CE3-08E3-4C5F-B33E-C127677C7E5B}.Debug|Win32.ActiveCfg = Debug|Win32
		{EFC46CE3-08E3-4C5F-B33E-C127677C7E5B}.Debug|Win32.Build.0 = Debug|Win32
		{EFC46CE3-08E3-4C5F-B33E-C127677C7E5B}.Debug|x64.ActiveCfg = Debug|x64
		{EFC46CE3-08E3-4C5F-B33E-C127677C7E5B}.Debug|x64.Build.0 = Debug|x64
		{EFC46CE3-08E3-4C5F-B33E-C127677C7E5B}.Release|Win32.ActiveCfg = Release|Win32
		{EFC46CE3-08E3-4C5F-B33E-C127677C7E5B}.Release|Win32.Build.0 = Release|Win32
		{EFC46CE3-08E3-4C5F-B33E-C127677C7E5B}.Release|x64.ActiveCfg = Release|x64
		{EFC46CE3-08E3-4C5F-B33E-C127677C7E5B}.Release|x64.Build.0 = Release|x64
		{994FAB32-7FE1-414D-9522-415BB58DCEEA}.Debug|Win32.ActiveCfg = Debug|Win32
		{994FAB32-7FE1-414D-9522-415BB58DCEEA}.Debug|Win32.Build.0 = Debug|Win32
		{994FAB32-7FE1-414D-9522-415BB58DCEEA}.Debug|x64.ActiveCfg = Debug|x64
		{994FAB32-7FE1-414D-9522-415BB58DCEEA}.Debug|x64.Build.0 = Debug|x64
		{994FAB32-7FE1-414D-9522-415BB58DCEEA}.Release|Win32.ActiveCfg = Release|Win32
		{994FAB32-7FE1-414D-9522-415BB58DCEEA}.Release|Win32.Build.0 = Release|Win32
		{994FAB32-7FE1-414D-9522-415BB58DCEEA}.Release|x64.ActiveCfg = Release|x64
		{994FAB32-7FE1-414D-9522-415BB58DCEEA}.Release|x64.Build.0 = Release|x64
		{DD0625DD-C766-475E-8C2B-A238A2907331}.Debug|Win32.ActiveCfg = Debug|Win32
		{DD0625DD-C766-475E-8C2B-A238A2907331}.Debug|Win32.Build.0 = Debug|Win32
		{DD0625DD-C766-475E-8C2B-A238A2907331}.Debug|x64.ActiveCfg = Debug|x64
		{DD0625DD-C766-475E-8C2B-A238A2907331}.Debug|x64.Build.0 = Debug|x64
		{DD0625DD-C766-475E-8C2B-A238A2907331}.Release|Win32.ActiveCfg = Release|Win32
		{DD0625DD-C766-475E-8C2B-A238A2907331}.Release|Win32.Build.0 = Release|Win32
		{DD0625DD-C766-475E-8C2B-A238A2907331}.Release|x64.ActiveCfg = Release|x64
		{DD0625DD-C766-475E-8C2B-A238A2907331}.Release|x64.Build.0 = Release|x64
		{A7086AC5-8C2F-4269-98DE-FE08C7C0CFF1}.Debug|Win32.ActiveCfg = Debug|Win32
		{A7086AC5-8C2F-4269-98DE-FE08C7C0CFF1}.Debug|Win32.Build.0 = Debug|Win32
		{A7086AC5-8C2F-4269-98DE-FE08C7C0CFF1}.Debug|x64.ActiveCfg = Debug|x64
		{A7086AC5-8C2F-4269-98DE-FE08C7C0CFF1}.Debug|x64.Build.0 = Debug|x64
		{A7086AC5-8C2F-4269-98DE-FE08C7C0CFF1}.Release|Win32.ActiveCfg = Release|Win32
		{A7086AC5-8C2F-4269-98DE-FE08C7C0CFF1}.Release|Win32.Build.0 = Release|Win32
		{A7086AC5-8C2F-4269-98DE-FE08C7C0CFF1}.Release|x64.ActiveCfg = Release|x64
		{A7086AC5-8C2F-4269-98DE-FE08C7C0CFF1}.Release|x64.Build.0 = Release|x64
		{E2983491-BEB0-4960-9159-40424F755EB9}.Debug|Win32.ActiveCfg = Debug|Win32
		{E2983491-BEB0-4960-9159-40424F755EB9}.Debug|Win32.Build.0 = Debug|Win32
		{E2983491-BEB0-4960-9159-40424F755EB9}.Debug|x64.ActiveCfg = Debug|x64
		{E2983491-BEB0-4960-9159-40424F755EB9}.Debug|x64.Build.0 = Debug|x64
		{E2983491-BEB0-4960-9159-40424F755EB9}.Release|Win32.ActiveCfg = Release|Win32
		{E2983491-BEB0-4960-9159-40424F755EB9}.Release|Win32.Build.0 = Release|Win32
		{E2983491-BEB0-4960-9159-40424F755EB9}.Release|x64.ActiveCfg = Release|x64
		{E2983491-BEB0-4960-9159-40424F755EB9}.Release|x64.Build.0 = Release|x64
		{2BC495AE-898B-4AFE-A192-C9E10079915D}.Debug|Win32.ActiveCfg = Debug|Win32
		{2BC495AE-898B-4AFE-A192-C9E10079915D}.Debug|Win32.Build.0 = Debug|Win32
		{2BC495AE-898B-4AFE-A192-C9E10079915D}.Debug|x64.ActiveCfg = Debug|x64
		{2BC495AE-898B-4AFE-A192-C9E10079915D}.Debug|x64.Build.0 = Debug|x64
		{2BC495AE-898B-4AFE-A192-C9E10079915D}.Release|Win32.ActiveCfg = Release|Win32
		{2BC495AE-898B-4AFE-A192-C9E10079915D}.Release|Win32.Build.0 = Release|Win32
		{2BC495AE-898B-4AFE-A192-C9E10079915D}.Release|x64.ActiveCfg = Release|x64
		{2BC495AE-898B-4AFE-A192-C9E10079915D}.Release|x64.Build.0 = Release|x64
		{17971165-2E1E-4D0C-9EEC-5CF6634F5A2A}.Debug|Win32.ActiveCfg = Debug|Win32
		{17971165-2E1E-4D0C-9EEC-5CF6634F5A2A}.Debug|Win32.Build.0 = Debug|Win32
		{17971165-2E1E-4D0C-9EEC-5CF6634F5A2A}.Debug|x64.ActiveCfg = Debug|x64
		{17971165-2E1E-4D0C-9EEC-5CF6634F5A2A}.Debug|x64.Build.0 = Debug|x64
		{17971165-2E1E-4D0C-9EEC-5CF6634F5A2A}.Release|Win32.ActiveCfg = Release|Win32
		{17971165-2E1E-4D0C-9EEC-5CF6634F5A2A}.Release|Win32.Build.0 = Release|Win32
		{17971165-2E1E-4D0C-9EEC-5CF6634F5A2A}.Release|x64.ActiveCfg = Release|x64
		{17971165-2E1E-4D0C-9EEC-5CF6634F5A2A}.Release|x64.Build.0 = Release|x64
		{3595F964-4847-49A6-A92B-78F2F7D1F6C1}.Debug|Win32.ActiveCfg = Debug|Win32
		{3595F964-4847-49A6-A92B-78F2F7D1F6C1}.Debug|Win32.Build.0 = Debug|Win32
		{3595F964-4847-49A6-A92B-78F2F7D1F6C1}.Debug|x64.ActiveCfg = Debug|x64
		{3595F964-4847-49A6-A92B-78F2F7D1F6C1}.Debug|x64.Build.0 = Debug|x64
		{3595F964-4847-49A6-A92B-78F2F7D1F6C1}.Release|Win32.ActiveCfg = Release|Win32
		{3595F964-4847-49A6-A92B-78F2F7D1F6C1}.Release|Win32.Build.0 = Release|Win32
		{3595F964-4847-49A6-A92B-78F2F7D1F6C1}.Release|x64.ActiveCfg = Release|x64
		{3595F964-4847-49A6-A92B-78F2F7D1F6C1}.Release|x64.Build.0 = Release|x64
		{F615F0D4-79C4-402B-B24B-D517DBADC17B}.Debug|Win32.ActiveCfg = Debug|Win32
		{F615F0D4-79C4-402B-B24B-D517DBADC17B}.Debug|Win32.Build.0 = Debug|Win32
		{F615F0D4-79C4-402B-B24B-D517DBADC17B}.Debug|x64.ActiveCfg = Debug|x64
		{F615F0D4-79C4-402B-B24B-D517DBADC17B}.Debug|x64.Build.0 = Debug|x64
		{F615F0D4-79C4-402B-B24B-D517DBADC17B}.Release|Win32.ActiveCfg = Release|Win32
		{F615F0D4-79C4-402B-B24B-D517DBADC17B}.Release|Win32.Build.0 = Release|Win32
		{F615F0D4-79C4-402B-B24B-D517DBADC17B}.Release|x64.ActiveCfg = Release|x64
		{F615F0D4-79C4-402B-B24B-D517DBADC17B}.Release|x64.Build.0 = Release|x64
		{67D45C84-3518-4133-90F9-DEF675EE1CB9}.Debug|Win32.ActiveCfg = Debug|Win32
		{67D45C84-3518-4133-90F9-DEF675EE1CB9}.Debug|Win32.Build.0 = Debug|Win32
		{67D45C84-3518-4133-90F9-DEF675EE1CB9}.Debug|x64.ActiveCfg = Debug|x64
		{67D45C84-3518-4133-90F9-DEF675EE1CB9}.Debug|x64.Build.0 = Debug|x64
		{67D45C84-3518-4133-90F9-DEF675EE1CB9}.Release|Win32.ActiveCfg = Release|Win32
		{67D45C84-3518-4133-90F9-DEF675EE1CB9}.Release|Win32.Build.0 = Release|Win32
		{67D45C84-3518-4133-90F9-DEF675EE1CB9}.Release|x64.ActiveCfg = Release|x64
		{67D45C84-3518-4133-90F9-DEF675EE1CB9}.Release|x64.Build.0 = Release|x64
		{77B4439A-D052-4D3A-9C7D-4CB54F4233E6}.Debug|Win32.ActiveCfg = Debug|Win32
		{77B4439A-D052-4D3A-9C7D-4CB54F4233E6}.Debug|Win32.Build.0 = Debug|Win32
		{77B4439A-D052-4D3A-9C7D-4CB54F4233E6}.Debug|x64.ActiveCfg = Debug|x64
		{77B4439A-D052-4D3A-9C7D-4CB54F4233E6}.Debug|x64.Build.0 = Debug|x64
		{77B4439A-D052-4D3A-9C7D-4CB54F4233E6}.Release|Win32.ActiveCfg = Release|Win32
		{77B4439A-D052-4D3A-9C7D-4CB54F4233E6}.Release|Win32.Build.0 = Release|Win32
		{77B4439A-D052-4D3A-9C7D-4CB54F4233E6}.Release|x64.ActiveCfg = Release|x64
		{77B4439A-D052-4D3A-9C7D-4CB54F4233E6}.Release|x64.Build.0 = Release|x64
		{E26E1B9F-4A17-426F-9935-59B9545DF6D0}.Debug|Win32.ActiveCfg = Debug|Win32
		{E26E1B9F-4A17-426F-9935-59B9545DF6D0}.Debug|Win32.Build.0 = Debug|Win32
		{E26E1B9F-4A17-426F-9935-59B9545DF6D0}.Debug|x64.ActiveCfg = Debug|x64
		{E26E1B9F-4A17-426F-9935-59B9545DF6D0}.Debug|x64.Build.0 = Debug|x64
		{E26E1B9F-4A17-426F-9935-59B9545DF6D0}.Release|Win32.ActiveCfg = Release|Win32
		{E26E1B9F-4A17-426F-9935-59B9545DF6D0}.Release|Win32.Build.0 = Release|Win32
		{E26E1B9F-4A17-426F-9935-59B9545DF6D0}.Release|x64.ActiveCfg = Release|x64
		{E26E1B9F-4A17-426F-9935-59B9545DF6D0}.Release|x64.Build.0 = Release|x64
		{0146CCBD-B36B-4C03-AEA5-B18A86250CEB}.Debug|Win32.ActiveCfg = Debug|Win32
		{0146CCBD-B36B-4C03-AEA5-B18A86250CEB}.Debug|Win32.Build.0 = Debug|Win32
		{0146CCBD-B36B-4C03-AEA5-B18A86250CEB}.Debug|x64.ActiveCfg = Debug|x64
		{0146CCBD-B36B-4C03-AEA5-B18A86250CEB}.Debug|x64.Build.0 = Debug|x64
		{0146CCBD-B36B-4C03-AEA5-B18A86250CEB}.Release|Win32.ActiveCfg = Release|Win32
		{0146CCBD-B36B-4C03-AEA5-B18A86250CEB}.Release|Win32.Build.0 = Release|Win32
		{0146CCBD-B36B-4C03-AEA5-B18A86250CEB}.Release|x64.ActiveCfg = Release|x64
		{0146CCBD-B36B-4C03-AEA5-B18A86250CEB}.Release|x64.Build.0 = Release|x64
		{38DAC07B-078C-46EC-AA71-7026CFAC2480}.Debug|Win32.ActiveCfg = Debug|Win32
		{38DAC07B-078C-46EC-AA71-7026CFAC2480}.Debug|Win32.Build.0 = Debug|Win32
		{38DAC07B-078C-46EC-AA71-7026CFAC2480}.Debug|x64.ActiveCfg = Debug|x64
		{38DAC07B-078C-46EC-AA71-7026CFAC2480}.Debug|x64.Build.0 = Debug|x64
		{38DAC07B-078C-46EC-AA71-7026CFAC2480}.Release|Win32.ActiveCfg = Release|Win32
		{38DAC07B-078C-46EC-AA71-7026CFAC2480}.Release|Win32.Build.0 = Release|Win32
		{38DAC07B-078C-46EC-AA71-7026CFAC2480}.Release|x64.ActiveCfg = Release|x64
		{38DAC07B-078C-46EC-AA71-7026CFAC2480}.Release|x64.Build.0 = Release|x64
		{1275F570-B4D3-4E47-97B3-D7E337E88641}.Debug|Win32.ActiveCfg = Debug|Win32
		{1275F570-B4D3-4E47-97B3-D7E337E88641}.Debug|Win32.Build.0 = Debug|Win32
		{1275F570-B4D3-4E47-97B3-D7E337E88641}.Debug|x64.ActiveCfg = Debug|x64
		{1275F570-B4D3-4E47-97B3-D7E337E88641}.Debug|x64.Build.0 = Debug|x64
		{1275F570-B4D3-4E47-97B3-D7E337E88641}.Release|Win32.ActiveCfg = Release|Win32
		{1275F570-B4D3-4E47-97B3-D7E337E88641}.Release|Win32.Build.0 = Release|Win32
		{1275F570-B4D3-4E47-97B3-D7E337E88641}.Release|x64.ActiveCfg = Release|x64
		{1275F570-B4D3-4E47-97B3-D7E337E88641}.Release|x64.Build.0 = Release|x64
		{D3A06F27-CA76-4EC3-B0D8-2CCC5C9085B4}.Debug|Win32.ActiveCfg = Debug|Win32
		{D3A06F27-CA76-4EC3-B0D8-2CCC5C9085B4}.Debug|Win32.Build.0 = Debug|Win32
		{D3A06F27-CA76-4EC3-B0D8-2CCC5C9085B4}.Debug|x64.ActiveCfg = Debug|x64
		{D3A06F27-CA76-4EC3-B0D8-2CCC5C9085B4}.Release|Win32.ActiveCfg = Release|Win32
		{D3A06F27-CA76-4EC3-B0D8-2CCC5C9085B4}.Release|Win32.Build.0 = Release|Win32
		{D3A06F27-CA76-4EC3-B0D8-2CCC5C9085B4}.Release|x64.ActiveCfg = Release|x64
	EndGlobalSection
	GlobalSection(SolutionProperties) = preSolution
		HideSolutionNode = FALSE
	EndGlobalSection
	GlobalSection(ExtensibilityGlobals) = postSolution
		SolutionGuid = {D4B56D8C-F803-4333-B1BC-D0FD09281046}
	EndGlobalSection
EndGlobal
