<?xml version="1.0" encoding="utf-8"?>
<Project ToolsVersion="4.0" xmlns="http://schemas.microsoft.com/developer/msbuild/2003">
  <ItemGroup>
    <Filter Include="Source Files">
      <UniqueIdentifier>{4FC737F1-C7A5-4376-A066-2A32D752A2FF}</UniqueIdentifier>
      <Extensions>cpp;c;cc;cxx;def;odl;idl;hpj;bat;asm;asmx</Extensions>
    </Filter>
    <Filter Include="Header Files">
      <UniqueIdentifier>{93995380-89BD-4b04-88EB-625FBE52EBFB}</UniqueIdentifier>
      <Extensions>h;hh;hpp;hxx;hm;inl;inc;ipp;xsd</Extensions>
    </Filter>
    <Filter Include="Resource Files">
      <UniqueIdentifier>{67DA6AB6-F800-4c08-8B7A-83BB121AAD01}</UniqueIdentifier>
      <Extensions>rc;ico;cur;bmp;dlg;rc2;rct;bin;rgs;gif;jpg;jpeg;jpe;resx;tiff;tif;png;wav;mfcribbon-ms</Extensions>
    </Filter>
  </ItemGroup>
  <ItemGroup>
    <ClInclude Include="pch.h">
      <Filter>Header Files</Filter>
    </ClInclude>
  </ItemGroup>
  <ItemGroup>
    <ClCompile Include="construct.c">
      <Filter>Source Files</Filter>
    </ClCompile>
    <ClCompile Include="contin.c">
      <Filter>Source Files</Filter>
    </ClCompile>
    <ClCompile Include="cubist.c">
      <Filter>Source Files</Filter>
    </ClCompile>
    <ClCompile Include="discr.c">
      <Filter>Source Files</Filter>
    </ClCompile>
    <ClCompile Include="formrules.c">
      <Filter>Source Files</Filter>
    </ClCompile>
    <ClCompile Include="formtree.c">
      <Filter>Source Files</Filter>
    </ClCompile>
    <ClCompile Include="getdata.c">
      <Filter>Source Files</Filter>
    </ClCompile>
    <ClCompile Include="getnames.c">
      <Filter>Source Files</Filter>
    </ClCompile>
    <ClCompile Include="global.c">
      <Filter>Source Files</Filter>
    </ClCompile>
    <ClCompile Include="implicitatt.c">
      <Filter>Source Files</Filter>
    </ClCompile>
    <ClCompile Include="instance.c">
      <Filter>Source Files</Filter>
    </ClCompile>
    <ClCompile Include="modelfiles.c">
      <Filter>Source Files</Filter>
    </ClCompile>
    <ClCompile Include="predict.c">
      <Filter>Source Files</Filter>
    </ClCompile>
    <ClCompile Include="prunetree.c">
      <Filter>Source Files</Filter>
    </ClCompile>
    <ClCompile Include="regress.c">
      <Filter>Source Files</Filter>
    </ClCompile>
    <ClCompile Include="rules.c">
      <Filter>Source Files</Filter>
    </ClCompile>
    <ClCompile Include="sort.c">
      <Filter>Source Files</Filter>
    </ClCompile>
    <ClCompile Include="stats.c">
      <Filter>Source Files</Filter>
    </ClCompile>
    <ClCompile Include="trees.c">
      <Filter>Source Files</Filter>
    </ClCompile>
    <ClCompile Include="update.c">
      <Filter>Source Files</Filter>
    </ClCompile>
    <ClCompile Include="utility.c">
      <Filter>Source Files</Filter>
    </ClCompile>
    <ClCompile Include="xval.c">
      <Filter>Source Files</Filter>
    </ClCompile>
  </ItemGroup>
  <ItemGroup>
    <None Include="defns.h">
      <Filter>Source Files</Filter>
    </None>
    <None Include="extern.h">
      <Filter>Source Files</Filter>
    </None>
    <None Include="text.h">
      <Filter>Source Files</Filter>
    </None>
  </ItemGroup>
  <ItemGroup>
    <Text Include="gpl.txt">
      <Filter>Source Files</Filter>
    </Text>
  </ItemGroup>
</Project>