<?xml version="1.0" encoding="utf-8"?>
<Project ToolsVersion="4.0" xmlns="http://schemas.microsoft.com/developer/msbuild/2003">
  <ItemGroup>
    <Filter Include="Source Files">
      <UniqueIdentifier>{da5827b4-a928-4c03-b5d0-3adbcd9ddd9c}</UniqueIdentifier>
      <Extensions>cpp;h;def</Extensions>
    </Filter>
  </ItemGroup>
  <ItemGroup>
    <ClCompile Include="FWI-Model.cpp">
      <Filter>Source Files</Filter>
    </ClCompile>
    <ClCompile Include="FWI.cpp">
      <Filter>Source Files</Filter>
    </ClCompile>
  </ItemGroup>
  <ItemGroup>
    <ClInclude Include="FWI-Model.h">
      <Filter>Source Files</Filter>
    </ClInclude>
    <ClInclude Include="FWI.h">
      <Filter>Source Files</Filter>
    </ClInclude>
  </ItemGroup>
</Project>