<?xml version="1.0" encoding="utf-8"?>
<Project ToolsVersion="4.0" xmlns="http://schemas.microsoft.com/developer/msbuild/2003">
  <ItemGroup>
    <Filter Include="Source Files">
      <UniqueIdentifier>{4FC737F1-C7A5-4376-A066-2A32D752A2FF}</UniqueIdentifier>
      <Extensions>cpp;c;cc;cxx;c++;cppm;ixx;def;odl;idl;hpj;bat;asm;asmx</Extensions>
    </Filter>
    <Filter Include="Resource Files">
      <UniqueIdentifier>{67DA6AB6-F800-4c08-8B7A-83BB121AAD01}</UniqueIdentifier>
      <Extensions>rc;ico;cur;bmp;dlg;rc2;rct;bin;rgs;gif;jpg;jpeg;jpe;resx;tiff;tif;png;wav;mfcribbon-ms</Extensions>
    </Filter>
    <Filter Include="basic">
      <UniqueIdentifier>{bca80ccb-8d95-448b-9e7b-d6ac6b4bf3b9}</UniqueIdentifier>
    </Filter>
    <Filter Include="external">
      <UniqueIdentifier>{5191e0cd-1e27-48d0-8a56-4821c95b4605}</UniqueIdentifier>
    </Filter>
    <Filter Include="geomatic">
      <UniqueIdentifier>{95c0dcd3-b2f6-46ae-b65c-2d10fab29e4d}</UniqueIdentifier>
    </Filter>
  </ItemGroup>
  <ItemGroup>
    <None Include="packages.config" />
  </ItemGroup>
  <ItemGroup>
    <ClCompile Include="..\Horizon.cpp">
      <Filter>Source Files</Filter>
    </ClCompile>
    <ClCompile Include="..\_horizon_comp.cpp">
      <Filter>Source Files</Filter>
    </ClCompile>
    <ClCompile Include="..\HorizonImage.cpp">
      <Filter>Source Files</Filter>
    </ClCompile>
    <ClCompile Include="..\..\basic\GeoBasic.cpp">
      <Filter>basic</Filter>
    </ClCompile>
    <ClCompile Include="..\..\basic\Statistic.cpp">
      <Filter>basic</Filter>
    </ClCompile>
    <ClCompile Include="..\..\basic\UtilMath.cpp">
      <Filter>basic</Filter>
    </ClCompile>
    <ClCompile Include="..\..\basic\UtilStd.cpp">
      <Filter>basic</Filter>
    </ClCompile>
    <ClCompile Include="..\..\external\ERMsg\Ererreur.cpp">
      <Filter>external</Filter>
    </ClCompile>
    <ClCompile Include="..\..\external\ERMsg\Erexcept.cpp">
      <Filter>external</Filter>
    </ClCompile>
    <ClCompile Include="..\..\external\ERMsg\Syenvmsg.cpp">
      <Filter>external</Filter>
    </ClCompile>
    <ClCompile Include="..\..\external\ERMsg\Symessag.cpp">
      <Filter>external</Filter>
    </ClCompile>
    <ClCompile Include="..\..\geomatic\GDALDatasetEx.cpp">
      <Filter>geomatic</Filter>
    </ClCompile>
    <ClCompile Include="..\..\geomatic\LandsatDataset2.cpp">
      <Filter>geomatic</Filter>
    </ClCompile>
    <ClCompile Include="..\..\geomatic\LandTrendCore.cpp">
      <Filter>geomatic</Filter>
    </ClCompile>
    <ClCompile Include="..\..\geomatic\LandTrendUtil.cpp">
      <Filter>geomatic</Filter>
    </ClCompile>
    <ClCompile Include="..\..\geomatic\UtilGDAL.cpp">
      <Filter>geomatic</Filter>
    </ClCompile>
    <ClCompile Include="..\..\external\pugixml\pugixml.cpp">
      <Filter>external</Filter>
    </ClCompile>
    <ClCompile Include="..\..\external\mpfit\mpfit.cpp">
      <Filter>external</Filter>
    </ClCompile>
    <ClCompile Include="..\HorizonApp.cpp">
      <Filter>Source Files</Filter>
    </ClCompile>
    <ClCompile Include="..\horizon_comp.cpp">
      <Filter>Source Files</Filter>
    </ClCompile>
  </ItemGroup>
  <ItemGroup>
    <ClInclude Include="..\_horizon_comp.h">
      <Filter>Source Files</Filter>
    </ClInclude>
    <ClInclude Include="..\HorizonImage.h">
      <Filter>Source Files</Filter>
    </ClInclude>
    <ClInclude Include="..\Horizon.h">
      <Filter>Source Files</Filter>
    </ClInclude>
    <ClInclude Include="..\..\basic\GeoBasic.h">
      <Filter>basic</Filter>
    </ClInclude>
    <ClInclude Include="..\..\basic\OpenMP.h">
      <Filter>basic</Filter>
    </ClInclude>
    <ClInclude Include="..\..\basic\Statistic.h">
      <Filter>basic</Filter>
    </ClInclude>
    <ClInclude Include="..\..\basic\UtilMath.h">
      <Filter>basic</Filter>
    </ClInclude>
    <ClInclude Include="..\..\basic\UtilStd.h">
      <Filter>basic</Filter>
    </ClInclude>
    <ClInclude Include="..\..\external\ERMsg\Ererreur.h">
      <Filter>external</Filter>
    </ClInclude>
    <ClInclude Include="..\..\external\ERMsg\Erexcept.h">
      <Filter>external</Filter>
    </ClInclude>
    <ClInclude Include="..\..\external\ERMsg\ERMsg.h">
      <Filter>external</Filter>
    </ClInclude>
    <ClInclude Include="..\..\external\ERMsg\Sycptref.h">
      <Filter>external</Filter>
    </ClInclude>
    <ClInclude Include="..\..\external\ERMsg\Sycptref.hpp">
      <Filter>external</Filter>
    </ClInclude>
    <ClInclude Include="..\..\external\ERMsg\Syenvmsg.h">
      <Filter>external</Filter>
    </ClInclude>
    <ClInclude Include="..\..\external\ERMsg\Symessag.h">
      <Filter>external</Filter>
    </ClInclude>
    <ClInclude Include="..\..\geomatic\GDAL.h">
      <Filter>geomatic</Filter>
    </ClInclude>
    <ClInclude Include="..\..\geomatic\GDALDatasetEx.h">
      <Filter>geomatic</Filter>
    </ClInclude>
    <ClInclude Include="..\..\geomatic\LandsatDataset2.h">
      <Filter>geomatic</Filter>
    </ClInclude>
    <ClInclude Include="..\..\geomatic\LandTrendCore.h">
      <Filter>geomatic</Filter>
    </ClInclude>
    <ClInclude Include="..\..\geomatic\LandTrendUtil.h">
      <Filter>geomatic</Filter>
    </ClInclude>
    <ClInclude Include="..\..\geomatic\UtilGDAL.h">
      <Filter>geomatic</Filter>
    </ClInclude>
    <ClInclude Include="..\..\external\pugixml\pugiconfig.hpp">
      <Filter>external</Filter>
    </ClInclude>
    <ClInclude Include="..\..\external\pugixml\pugixml.hpp">
      <Filter>external</Filter>
    </ClInclude>
    <ClInclude Include="..\..\external\mpfit\mpfit.h">
      <Filter>external</Filter>
    </ClInclude>
    <ClInclude Include="..\horizon_comp.h">
      <Filter>Source Files</Filter>
    </ClInclude>
  </ItemGroup>
</Project>