
Microsoft Visual Studio Solution File, Format Version 12.00
# Visual Studio 2013
VisualStudioVersion = 12.0.31101.0
MinimumVisualStudioVersion = 10.0.40219.1
Project("{8BC9CEB8-8B4A-11D0-8D11-00A0C91BC942}") = "MatchStation", "MatchStation.vcxproj", "{5A0E502B-3761-4DDB-AB21-B8D6276CDD91}"
EndProject
Project("{8BC9CEB8-8B4A-11D0-8D11-00A0C91BC942}") = "MatchStationFrc", "MatchStationFrc.vcxproj", "{DFEB78CC-7812-4E50-AB73-002D5F63871A}"
EndProject
Global
	GlobalSection(SolutionConfigurationPlatforms) = preSolution
		Debug|Win32 = Debug|Win32
		Debug|x64 = Debug|x64
		Release|Win32 = Release|Win32
		Release|x64 = Release|x64
		UGDbgMFCDLL Unicode|Win32 = UGDbgMFCDLL Unicode|Win32
		UGDbgMFCDLL Unicode|x64 = UGDbgMFCDLL Unicode|x64
		UGDbgMFCDLL|Win32 = UGDbgMFCDLL|Win32
		UGDbgMFCDLL|x64 = UGDbgMFCDLL|x64
		UGDbgMFCStatic Unicode|Win32 = UGDbgMFCStatic Unicode|Win32
		UGDbgMFCStatic Unicode|x64 = UGDbgMFCStatic Unicode|x64
		UGDbgMFCStatic|Win32 = UGDbgMFCStatic|Win32
		UGDbgMFCStatic|x64 = UGDbgMFCStatic|x64
		UGDbgOleMFCDLL Unicode|Win32 = UGDbgOleMFCDLL Unicode|Win32
		UGDbgOleMFCDLL Unicode|x64 = UGDbgOleMFCDLL Unicode|x64
		UGDbgOleMFCDLL|Win32 = UGDbgOleMFCDLL|Win32
		UGDbgOleMFCDLL|x64 = UGDbgOleMFCDLL|x64
		UGDbgOleMFCStatic Unicode|Win32 = UGDbgOleMFCStatic Unicode|Win32
		UGDbgOleMFCStatic Unicode|x64 = UGDbgOleMFCStatic Unicode|x64
		UGDbgOleMFCStatic|Win32 = UGDbgOleMFCStatic|Win32
		UGDbgOleMFCStatic|x64 = UGDbgOleMFCStatic|x64
		UGRelMFCDLL Unicode|Win32 = UGRelMFCDLL Unicode|Win32
		UGRelMFCDLL Unicode|x64 = UGRelMFCDLL Unicode|x64
		UGRelMFCDLL|Win32 = UGRelMFCDLL|Win32
		UGRelMFCDLL|x64 = UGRelMFCDLL|x64
		UGRelMFCStatic Unicode|Win32 = UGRelMFCStatic Unicode|Win32
		UGRelMFCStatic Unicode|x64 = UGRelMFCStatic Unicode|x64
		UGRelMFCStatic|Win32 = UGRelMFCStatic|Win32
		UGRelMFCStatic|x64 = UGRelMFCStatic|x64
		UGRelOleMFCDLL Unicode|Win32 = UGRelOleMFCDLL Unicode|Win32
		UGRelOleMFCDLL Unicode|x64 = UGRelOleMFCDLL Unicode|x64
		UGRelOleMFCDLL|Win32 = UGRelOleMFCDLL|Win32
		UGRelOleMFCDLL|x64 = UGRelOleMFCDLL|x64
		UGRelOleMFCStatic Unicode|Win32 = UGRelOleMFCStatic Unicode|Win32
		UGRelOleMFCStatic Unicode|x64 = UGRelOleMFCStatic Unicode|x64
		UGRelOleMFCStatic|Win32 = UGRelOleMFCStatic|Win32
		UGRelOleMFCStatic|x64 = UGRelOleMFCStatic|x64
	EndGlobalSection
	GlobalSection(ProjectConfigurationPlatforms) = postSolution
		{5A0E502B-3761-4DDB-AB21-B8D6276CDD91}.Debug|Win32.ActiveCfg = Debug|Win32
		{5A0E502B-3761-4DDB-AB21-B8D6276CDD91}.Debug|Win32.Build.0 = Debug|Win32
		{5A0E502B-3761-4DDB-AB21-B8D6276CDD91}.Debug|x64.ActiveCfg = Debug|x64
		{5A0E502B-3761-4DDB-AB21-B8D6276CDD91}.Debug|x64.Build.0 = Debug|x64
		{5A0E502B-3761-4DDB-AB21-B8D6276CDD91}.Release|Win32.ActiveCfg = Release|Win32
		{5A0E502B-3761-4DDB-AB21-B8D6276CDD91}.Release|Win32.Build.0 = Release|Win32
		{5A0E502B-3761-4DDB-AB21-B8D6276CDD91}.Release|x64.ActiveCfg = Release|x64
		{5A0E502B-3761-4DDB-AB21-B8D6276CDD91}.Release|x64.Build.0 = Release|x64
		{5A0E502B-3761-4DDB-AB21-B8D6276CDD91}.UGDbgMFCDLL Unicode|Win32.ActiveCfg = Release|Win32
		{5A0E502B-3761-4DDB-AB21-B8D6276CDD91}.UGDbgMFCDLL Unicode|Win32.Build.0 = Release|Win32
		{5A0E502B-3761-4DDB-AB21-B8D6276CDD91}.UGDbgMFCDLL Unicode|x64.ActiveCfg = Release|x64
		{5A0E502B-3761-4DDB-AB21-B8D6276CDD91}.UGDbgMFCDLL Unicode|x64.Build.0 = Release|x64
		{5A0E502B-3761-4DDB-AB21-B8D6276CDD91}.UGDbgMFCDLL|Win32.ActiveCfg = Release|Win32
		{5A0E502B-3761-4DDB-AB21-B8D6276CDD91}.UGDbgMFCDLL|Win32.Build.0 = Release|Win32
		{5A0E502B-3761-4DDB-AB21-B8D6276CDD91}.UGDbgMFCDLL|x64.ActiveCfg = Release|x64
		{5A0E502B-3761-4DDB-AB21-B8D6276CDD91}.UGDbgMFCDLL|x64.Build.0 = Release|x64
		{5A0E502B-3761-4DDB-AB21-B8D6276CDD91}.UGDbgMFCStatic Unicode|Win32.ActiveCfg = Release|Win32
		{5A0E502B-3761-4DDB-AB21-B8D6276CDD91}.UGDbgMFCStatic Unicode|Win32.Build.0 = Release|Win32
		{5A0E502B-3761-4DDB-AB21-B8D6276CDD91}.UGDbgMFCStatic Unicode|x64.ActiveCfg = Release|x64
		{5A0E502B-3761-4DDB-AB21-B8D6276CDD91}.UGDbgMFCStatic Unicode|x64.Build.0 = Release|x64
		{5A0E502B-3761-4DDB-AB21-B8D6276CDD91}.UGDbgMFCStatic|Win32.ActiveCfg = Release|Win32
		{5A0E502B-3761-4DDB-AB21-B8D6276CDD91}.UGDbgMFCStatic|Win32.Build.0 = Release|Win32
		{5A0E502B-3761-4DDB-AB21-B8D6276CDD91}.UGDbgMFCStatic|x64.ActiveCfg = Release|x64
		{5A0E502B-3761-4DDB-AB21-B8D6276CDD91}.UGDbgMFCStatic|x64.Build.0 = Release|x64
		{5A0E502B-3761-4DDB-AB21-B8D6276CDD91}.UGDbgOleMFCDLL Unicode|Win32.ActiveCfg = Release|Win32
		{5A0E502B-3761-4DDB-AB21-B8D6276CDD91}.UGDbgOleMFCDLL Unicode|Win32.Build.0 = Release|Win32
		{5A0E502B-3761-4DDB-AB21-B8D6276CDD91}.UGDbgOleMFCDLL Unicode|x64.ActiveCfg = Release|x64
		{5A0E502B-3761-4DDB-AB21-B8D6276CDD91}.UGDbgOleMFCDLL Unicode|x64.Build.0 = Release|x64
		{5A0E502B-3761-4DDB-AB21-B8D6276CDD91}.UGDbgOleMFCDLL|Win32.ActiveCfg = Release|Win32
		{5A0E502B-3761-4DDB-AB21-B8D6276CDD91}.UGDbgOleMFCDLL|Win32.Build.0 = Release|Win32
		{5A0E502B-3761-4DDB-AB21-B8D6276CDD91}.UGDbgOleMFCDLL|x64.ActiveCfg = Release|x64
		{5A0E502B-3761-4DDB-AB21-B8D6276CDD91}.UGDbgOleMFCDLL|x64.Build.0 = Release|x64
		{5A0E502B-3761-4DDB-AB21-B8D6276CDD91}.UGDbgOleMFCStatic Unicode|Win32.ActiveCfg = Release|Win32
		{5A0E502B-3761-4DDB-AB21-B8D6276CDD91}.UGDbgOleMFCStatic Unicode|Win32.Build.0 = Release|Win32
		{5A0E502B-3761-4DDB-AB21-B8D6276CDD91}.UGDbgOleMFCStatic Unicode|x64.ActiveCfg = Release|x64
		{5A0E502B-3761-4DDB-AB21-B8D6276CDD91}.UGDbgOleMFCStatic Unicode|x64.Build.0 = Release|x64
		{5A0E502B-3761-4DDB-AB21-B8D6276CDD91}.UGDbgOleMFCStatic|Win32.ActiveCfg = Release|Win32
		{5A0E502B-3761-4DDB-AB21-B8D6276CDD91}.UGDbgOleMFCStatic|Win32.Build.0 = Release|Win32
		{5A0E502B-3761-4DDB-AB21-B8D6276CDD91}.UGDbgOleMFCStatic|x64.ActiveCfg = Release|x64
		{5A0E502B-3761-4DDB-AB21-B8D6276CDD91}.UGDbgOleMFCStatic|x64.Build.0 = Release|x64
		{5A0E502B-3761-4DDB-AB21-B8D6276CDD91}.UGRelMFCDLL Unicode|Win32.ActiveCfg = Release|Win32
		{5A0E502B-3761-4DDB-AB21-B8D6276CDD91}.UGRelMFCDLL Unicode|Win32.Build.0 = Release|Win32
		{5A0E502B-3761-4DDB-AB21-B8D6276CDD91}.UGRelMFCDLL Unicode|x64.ActiveCfg = Release|x64
		{5A0E502B-3761-4DDB-AB21-B8D6276CDD91}.UGRelMFCDLL Unicode|x64.Build.0 = Release|x64
		{5A0E502B-3761-4DDB-AB21-B8D6276CDD91}.UGRelMFCDLL|Win32.ActiveCfg = Release|Win32
		{5A0E502B-3761-4DDB-AB21-B8D6276CDD91}.UGRelMFCDLL|Win32.Build.0 = Release|Win32
		{5A0E502B-3761-4DDB-AB21-B8D6276CDD91}.UGRelMFCDLL|x64.ActiveCfg = Release|x64
		{5A0E502B-3761-4DDB-AB21-B8D6276CDD91}.UGRelMFCDLL|x64.Build.0 = Release|x64
		{5A0E502B-3761-4DDB-AB21-B8D6276CDD91}.UGRelMFCStatic Unicode|Win32.ActiveCfg = Release|Win32
		{5A0E502B-3761-4DDB-AB21-B8D6276CDD91}.UGRelMFCStatic Unicode|Win32.Build.0 = Release|Win32
		{5A0E502B-3761-4DDB-AB21-B8D6276CDD91}.UGRelMFCStatic Unicode|x64.ActiveCfg = Release|x64
		{5A0E502B-3761-4DDB-AB21-B8D6276CDD91}.UGRelMFCStatic Unicode|x64.Build.0 = Release|x64
		{5A0E502B-3761-4DDB-AB21-B8D6276CDD91}.UGRelMFCStatic|Win32.ActiveCfg = Release|Win32
		{5A0E502B-3761-4DDB-AB21-B8D6276CDD91}.UGRelMFCStatic|Win32.Build.0 = Release|Win32
		{5A0E502B-3761-4DDB-AB21-B8D6276CDD91}.UGRelMFCStatic|x64.ActiveCfg = Release|x64
		{5A0E502B-3761-4DDB-AB21-B8D6276CDD91}.UGRelMFCStatic|x64.Build.0 = Release|x64
		{5A0E502B-3761-4DDB-AB21-B8D6276CDD91}.UGRelOleMFCDLL Unicode|Win32.ActiveCfg = Release|Win32
		{5A0E502B-3761-4DDB-AB21-B8D6276CDD91}.UGRelOleMFCDLL Unicode|Win32.Build.0 = Release|Win32
		{5A0E502B-3761-4DDB-AB21-B8D6276CDD91}.UGRelOleMFCDLL Unicode|x64.ActiveCfg = Release|x64
		{5A0E502B-3761-4DDB-AB21-B8D6276CDD91}.UGRelOleMFCDLL Unicode|x64.Build.0 = Release|x64
		{5A0E502B-3761-4DDB-AB21-B8D6276CDD91}.UGRelOleMFCDLL|Win32.ActiveCfg = Release|Win32
		{5A0E502B-3761-4DDB-AB21-B8D6276CDD91}.UGRelOleMFCDLL|Win32.Build.0 = Release|Win32
		{5A0E502B-3761-4DDB-AB21-B8D6276CDD91}.UGRelOleMFCDLL|x64.ActiveCfg = Release|x64
		{5A0E502B-3761-4DDB-AB21-B8D6276CDD91}.UGRelOleMFCDLL|x64.Build.0 = Release|x64
		{5A0E502B-3761-4DDB-AB21-B8D6276CDD91}.UGRelOleMFCStatic Unicode|Win32.ActiveCfg = Release|Win32
		{5A0E502B-3761-4DDB-AB21-B8D6276CDD91}.UGRelOleMFCStatic Unicode|Win32.Build.0 = Release|Win32
		{5A0E502B-3761-4DDB-AB21-B8D6276CDD91}.UGRelOleMFCStatic Unicode|x64.ActiveCfg = Release|x64
		{5A0E502B-3761-4DDB-AB21-B8D6276CDD91}.UGRelOleMFCStatic Unicode|x64.Build.0 = Release|x64
		{5A0E502B-3761-4DDB-AB21-B8D6276CDD91}.UGRelOleMFCStatic|Win32.ActiveCfg = Release|Win32
		{5A0E502B-3761-4DDB-AB21-B8D6276CDD91}.UGRelOleMFCStatic|Win32.Build.0 = Release|Win32
		{5A0E502B-3761-4DDB-AB21-B8D6276CDD91}.UGRelOleMFCStatic|x64.ActiveCfg = Release|x64
		{5A0E502B-3761-4DDB-AB21-B8D6276CDD91}.UGRelOleMFCStatic|x64.Build.0 = Release|x64
		{DFEB78CC-7812-4E50-AB73-002D5F63871A}.Debug|Win32.ActiveCfg = Debug|Win32
		{DFEB78CC-7812-4E50-AB73-002D5F63871A}.Debug|Win32.Build.0 = Debug|Win32
		{DFEB78CC-7812-4E50-AB73-002D5F63871A}.Debug|x64.ActiveCfg = Debug|x64
		{DFEB78CC-7812-4E50-AB73-002D5F63871A}.Debug|x64.Build.0 = Debug|x64
		{DFEB78CC-7812-4E50-AB73-002D5F63871A}.Release|Win32.ActiveCfg = Release|Win32
		{DFEB78CC-7812-4E50-AB73-002D5F63871A}.Release|Win32.Build.0 = Release|Win32
		{DFEB78CC-7812-4E50-AB73-002D5F63871A}.Release|x64.ActiveCfg = Release|x64
		{DFEB78CC-7812-4E50-AB73-002D5F63871A}.Release|x64.Build.0 = Release|x64
		{DFEB78CC-7812-4E50-AB73-002D5F63871A}.UGDbgMFCDLL Unicode|Win32.ActiveCfg = Release|Win32
		{DFEB78CC-7812-4E50-AB73-002D5F63871A}.UGDbgMFCDLL Unicode|Win32.Build.0 = Release|Win32
		{DFEB78CC-7812-4E50-AB73-002D5F63871A}.UGDbgMFCDLL Unicode|x64.ActiveCfg = Release|x64
		{DFEB78CC-7812-4E50-AB73-002D5F63871A}.UGDbgMFCDLL Unicode|x64.Build.0 = Release|x64
		{DFEB78CC-7812-4E50-AB73-002D5F63871A}.UGDbgMFCDLL|Win32.ActiveCfg = Release|Win32
		{DFEB78CC-7812-4E50-AB73-002D5F63871A}.UGDbgMFCDLL|Win32.Build.0 = Release|Win32
		{DFEB78CC-7812-4E50-AB73-002D5F63871A}.UGDbgMFCDLL|x64.ActiveCfg = Release|x64
		{DFEB78CC-7812-4E50-AB73-002D5F63871A}.UGDbgMFCDLL|x64.Build.0 = Release|x64
		{DFEB78CC-7812-4E50-AB73-002D5F63871A}.UGDbgMFCStatic Unicode|Win32.ActiveCfg = Release|Win32
		{DFEB78CC-7812-4E50-AB73-002D5F63871A}.UGDbgMFCStatic Unicode|Win32.Build.0 = Release|Win32
		{DFEB78CC-7812-4E50-AB73-002D5F63871A}.UGDbgMFCStatic Unicode|x64.ActiveCfg = Release|x64
		{DFEB78CC-7812-4E50-AB73-002D5F63871A}.UGDbgMFCStatic Unicode|x64.Build.0 = Release|x64
		{DFEB78CC-7812-4E50-AB73-002D5F63871A}.UGDbgMFCStatic|Win32.ActiveCfg = Release|Win32
		{DFEB78CC-7812-4E50-AB73-002D5F63871A}.UGDbgMFCStatic|Win32.Build.0 = Release|Win32
		{DFEB78CC-7812-4E50-AB73-002D5F63871A}.UGDbgMFCStatic|x64.ActiveCfg = Release|x64
		{DFEB78CC-7812-4E50-AB73-002D5F63871A}.UGDbgMFCStatic|x64.Build.0 = Release|x64
		{DFEB78CC-7812-4E50-AB73-002D5F63871A}.UGDbgOleMFCDLL Unicode|Win32.ActiveCfg = Release|Win32
		{DFEB78CC-7812-4E50-AB73-002D5F63871A}.UGDbgOleMFCDLL Unicode|Win32.Build.0 = Release|Win32
		{DFEB78CC-7812-4E50-AB73-002D5F63871A}.UGDbgOleMFCDLL Unicode|x64.ActiveCfg = Release|x64
		{DFEB78CC-7812-4E50-AB73-002D5F63871A}.UGDbgOleMFCDLL Unicode|x64.Build.0 = Release|x64
		{DFEB78CC-7812-4E50-AB73-002D5F63871A}.UGDbgOleMFCDLL|Win32.ActiveCfg = Release|Win32
		{DFEB78CC-7812-4E50-AB73-002D5F63871A}.UGDbgOleMFCDLL|Win32.Build.0 = Release|Win32
		{DFEB78CC-7812-4E50-AB73-002D5F63871A}.UGDbgOleMFCDLL|x64.ActiveCfg = Release|x64
		{DFEB78CC-7812-4E50-AB73-002D5F63871A}.UGDbgOleMFCDLL|x64.Build.0 = Release|x64
		{DFEB78CC-7812-4E50-AB73-002D5F63871A}.UGDbgOleMFCStatic Unicode|Win32.ActiveCfg = Release|Win32
		{DFEB78CC-7812-4E50-AB73-002D5F63871A}.UGDbgOleMFCStatic Unicode|Win32.Build.0 = Release|Win32
		{DFEB78CC-7812-4E50-AB73-002D5F63871A}.UGDbgOleMFCStatic Unicode|x64.ActiveCfg = Release|x64
		{DFEB78CC-7812-4E50-AB73-002D5F63871A}.UGDbgOleMFCStatic Unicode|x64.Build.0 = Release|x64
		{DFEB78CC-7812-4E50-AB73-002D5F63871A}.UGDbgOleMFCStatic|Win32.ActiveCfg = Release|Win32
		{DFEB78CC-7812-4E50-AB73-002D5F63871A}.UGDbgOleMFCStatic|Win32.Build.0 = Release|Win32
		{DFEB78CC-7812-4E50-AB73-002D5F63871A}.UGDbgOleMFCStatic|x64.ActiveCfg = Release|x64
		{DFEB78CC-7812-4E50-AB73-002D5F63871A}.UGDbgOleMFCStatic|x64.Build.0 = Release|x64
		{DFEB78CC-7812-4E50-AB73-002D5F63871A}.UGRelMFCDLL Unicode|Win32.ActiveCfg = Release|Win32
		{DFEB78CC-7812-4E50-AB73-002D5F63871A}.UGRelMFCDLL Unicode|Win32.Build.0 = Release|Win32
		{DFEB78CC-7812-4E50-AB73-002D5F63871A}.UGRelMFCDLL Unicode|x64.ActiveCfg = Release|x64
		{DFEB78CC-7812-4E50-AB73-002D5F63871A}.UGRelMFCDLL Unicode|x64.Build.0 = Release|x64
		{DFEB78CC-7812-4E50-AB73-002D5F63871A}.UGRelMFCDLL|Win32.ActiveCfg = Release|Win32
		{DFEB78CC-7812-4E50-AB73-002D5F63871A}.UGRelMFCDLL|Win32.Build.0 = Release|Win32
		{DFEB78CC-7812-4E50-AB73-002D5F63871A}.UGRelMFCDLL|x64.ActiveCfg = Release|x64
		{DFEB78CC-7812-4E50-AB73-002D5F63871A}.UGRelMFCDLL|x64.Build.0 = Release|x64
		{DFEB78CC-7812-4E50-AB73-002D5F63871A}.UGRelMFCStatic Unicode|Win32.ActiveCfg = Release|Win32
		{DFEB78CC-7812-4E50-AB73-002D5F63871A}.UGRelMFCStatic Unicode|Win32.Build.0 = Release|Win32
		{DFEB78CC-7812-4E50-AB73-002D5F63871A}.UGRelMFCStatic Unicode|x64.ActiveCfg = Release|x64
		{DFEB78CC-7812-4E50-AB73-002D5F63871A}.UGRelMFCStatic Unicode|x64.Build.0 = Release|x64
		{DFEB78CC-7812-4E50-AB73-002D5F63871A}.UGRelMFCStatic|Win32.ActiveCfg = Release|Win32
		{DFEB78CC-7812-4E50-AB73-002D5F63871A}.UGRelMFCStatic|Win32.Build.0 = Release|Win32
		{DFEB78CC-7812-4E50-AB73-002D5F63871A}.UGRelMFCStatic|x64.ActiveCfg = Release|x64
		{DFEB78CC-7812-4E50-AB73-002D5F63871A}.UGRelMFCStatic|x64.Build.0 = Release|x64
		{DFEB78CC-7812-4E50-AB73-002D5F63871A}.UGRelOleMFCDLL Unicode|Win32.ActiveCfg = Release|Win32
		{DFEB78CC-7812-4E50-AB73-002D5F63871A}.UGRelOleMFCDLL Unicode|Win32.Build.0 = Release|Win32
		{DFEB78CC-7812-4E50-AB73-002D5F63871A}.UGRelOleMFCDLL Unicode|x64.ActiveCfg = Release|x64
		{DFEB78CC-7812-4E50-AB73-002D5F63871A}.UGRelOleMFCDLL Unicode|x64.Build.0 = Release|x64
		{DFEB78CC-7812-4E50-AB73-002D5F63871A}.UGRelOleMFCDLL|Win32.ActiveCfg = Release|Win32
		{DFEB78CC-7812-4E50-AB73-002D5F63871A}.UGRelOleMFCDLL|Win32.Build.0 = Release|Win32
		{DFEB78CC-7812-4E50-AB73-002D5F63871A}.UGRelOleMFCDLL|x64.ActiveCfg = Release|x64
		{DFEB78CC-7812-4E50-AB73-002D5F63871A}.UGRelOleMFCDLL|x64.Build.0 = Release|x64
		{DFEB78CC-7812-4E50-AB73-002D5F63871A}.UGRelOleMFCStatic Unicode|Win32.ActiveCfg = Release|Win32
		{DFEB78CC-7812-4E50-AB73-002D5F63871A}.UGRelOleMFCStatic Unicode|Win32.Build.0 = Release|Win32
		{DFEB78CC-7812-4E50-AB73-002D5F63871A}.UGRelOleMFCStatic Unicode|x64.ActiveCfg = Release|x64
		{DFEB78CC-7812-4E50-AB73-002D5F63871A}.UGRelOleMFCStatic Unicode|x64.Build.0 = Release|x64
		{DFEB78CC-7812-4E50-AB73-002D5F63871A}.UGRelOleMFCStatic|Win32.ActiveCfg = Release|Win32
		{DFEB78CC-7812-4E50-AB73-002D5F63871A}.UGRelOleMFCStatic|Win32.Build.0 = Release|Win32
		{DFEB78CC-7812-4E50-AB73-002D5F63871A}.UGRelOleMFCStatic|x64.ActiveCfg = Release|x64
		{DFEB78CC-7812-4E50-AB73-002D5F63871A}.UGRelOleMFCStatic|x64.Build.0 = Release|x64
	EndGlobalSection
	GlobalSection(SolutionProperties) = preSolution
		HideSolutionNode = FALSE
	EndGlobalSection
EndGlobal
