
Microsoft Visual Studio Solution File, Format Version 12.00
# Visual Studio 2013
VisualStudioVersion = 12.0.31101.0
MinimumVisualStudioVersion = 10.0.40219.1
Project("{8BC9CEB8-8B4A-11D0-8D11-00A0C91BC942}") = "BioSIM11", "BioSIM.vcxproj", "{B3F4DE99-36F5-42EF-86AD-067565582CCC}"
	ProjectSection(ProjectDependencies) = postProject
		{31FEA106-E963-4F38-B23D-4E227C7200CA} = {31FEA106-E963-4F38-B23D-4E227C7200CA}
		{09197469-7164-460C-8925-185D087F7FE5} = {09197469-7164-460C-8925-185D087F7FE5}
		{10ADF16A-32E2-423C-A953-D04248A0A0EE} = {10ADF16A-32E2-423C-A953-D04248A0A0EE}
		{4B930370-8BF8-4E89-A3E7-0741999F8EE5} = {4B930370-8BF8-4E89-A3E7-0741999F8EE5}
		{DD3A2586-EF87-438E-9304-33FB8179A04C} = {DD3A2586-EF87-438E-9304-33FB8179A04C}
		{AC5DD791-6787-4663-8184-1DB8D87A3C58} = {AC5DD791-6787-4663-8184-1DB8D87A3C58}
		{728E70B2-A650-4729-BB8C-0D4FC5905C9B} = {728E70B2-A650-4729-BB8C-0D4FC5905C9B}
	EndProjectSection
EndProject
Project("{8BC9CEB8-8B4A-11D0-8D11-00A0C91BC942}") = "BioSIM11Frc", "BioSIMFrc.vcxproj", "{82054FBD-DD32-4D39-A7B7-FB9E215BF34B}"
	ProjectSection(ProjectDependencies) = postProject
		{10ADF16A-32E2-423C-A953-D04248A0A0EE} = {10ADF16A-32E2-423C-A953-D04248A0A0EE}
		{728E70B2-A650-4729-BB8C-0D4FC5905C9B} = {728E70B2-A650-4729-BB8C-0D4FC5905C9B}
	EndProjectSection
EndProject
Project("{8BC9CEB8-8B4A-11D0-8D11-00A0C91BC942}") = "Basic", "..\..\wbs\msvc\Basic.vcxproj", "{31FEA106-E963-4F38-B23D-4E227C7200CA}"
EndProject
Project("{8BC9CEB8-8B4A-11D0-8D11-00A0C91BC942}") = "ModelBase", "..\..\wbs\msvc\ModelBase.vcxproj", "{DD3A2586-EF87-438E-9304-33FB8179A04C}"
EndProject
Project("{8BC9CEB8-8B4A-11D0-8D11-00A0C91BC942}") = "Simulation", "..\..\wbs\msvc\Simulation.vcxproj", "{4B930370-8BF8-4E89-A3E7-0741999F8EE5}"
EndProject
Project("{8BC9CEB8-8B4A-11D0-8D11-00A0C91BC942}") = "Geomatic", "..\..\wbs\msvc\Geomatic.vcxproj", "{AC5DD791-6787-4663-8184-1DB8D87A3C58}"
EndProject
Project("{8BC9CEB8-8B4A-11D0-8D11-00A0C91BC942}") = "FileManager", "..\..\wbs\msvc\FileManager.vcxproj", "{09197469-7164-460C-8925-185D087F7FE5}"
EndProject
Project("{8BC9CEB8-8B4A-11D0-8D11-00A0C91BC942}") = "wbs", "..\..\wbs\msvc\WeatherBaseSimulation.vcxproj", "{728E70B2-A650-4729-BB8C-0D4FC5905C9B}"
EndProject
Project("{2150E333-8FDC-42A3-9474-1A3956D46DE8}") = "UI", "UI", "{DB2560E7-8309-4CA3-A774-2408E85678AB}"
EndProject
Project("{2150E333-8FDC-42A3-9474-1A3956D46DE8}") = "engine", "engine", "{972DF664-C2A8-4147-8EBC-FA39AD66B2B5}"
EndProject
Project("{8BC9CEB8-8B4A-11D0-8D11-00A0C91BC942}") = "wbsUI", "..\..\wbs\msvc\UI.vcxproj", "{10ADF16A-32E2-423C-A953-D04248A0A0EE}"
EndProject
Global
	GlobalSection(SolutionConfigurationPlatforms) = preSolution
		Debug|Win32 = Debug|Win32
		Debug|x64 = Debug|x64
		Release|Win32 = Release|Win32
		Release|x64 = Release|x64
		UGDbgMFCDLL Unicode|Win32 = UGDbgMFCDLL Unicode|Win32
		UGDbgMFCDLL Unicode|x64 = UGDbgMFCDLL Unicode|x64
		UGDbgMFCDLL|Win32 = UGDbgMFCDLL|Win32
		UGDbgMFCDLL|x64 = UGDbgMFCDLL|x64
		UGDbgMFCStatic Unicode|Win32 = UGDbgMFCStatic Unicode|Win32
		UGDbgMFCStatic Unicode|x64 = UGDbgMFCStatic Unicode|x64
		UGDbgMFCStatic|Win32 = UGDbgMFCStatic|Win32
		UGDbgMFCStatic|x64 = UGDbgMFCStatic|x64
		UGDbgOleMFCDLL Unicode|Win32 = UGDbgOleMFCDLL Unicode|Win32
		UGDbgOleMFCDLL Unicode|x64 = UGDbgOleMFCDLL Unicode|x64
		UGDbgOleMFCDLL|Win32 = UGDbgOleMFCDLL|Win32
		UGDbgOleMFCDLL|x64 = UGDbgOleMFCDLL|x64
		UGDbgOleMFCStatic Unicode|Win32 = UGDbgOleMFCStatic Unicode|Win32
		UGDbgOleMFCStatic Unicode|x64 = UGDbgOleMFCStatic Unicode|x64
		UGDbgOleMFCStatic|Win32 = UGDbgOleMFCStatic|Win32
		UGDbgOleMFCStatic|x64 = UGDbgOleMFCStatic|x64
		UGRelMFCDLL Unicode|Win32 = UGRelMFCDLL Unicode|Win32
		UGRelMFCDLL Unicode|x64 = UGRelMFCDLL Unicode|x64
		UGRelMFCDLL|Win32 = UGRelMFCDLL|Win32
		UGRelMFCDLL|x64 = UGRelMFCDLL|x64
		UGRelMFCStatic Unicode|Win32 = UGRelMFCStatic Unicode|Win32
		UGRelMFCStatic Unicode|x64 = UGRelMFCStatic Unicode|x64
		UGRelMFCStatic|Win32 = UGRelMFCStatic|Win32
		UGRelMFCStatic|x64 = UGRelMFCStatic|x64
		UGRelOleMFCDLL Unicode|Win32 = UGRelOleMFCDLL Unicode|Win32
		UGRelOleMFCDLL Unicode|x64 = UGRelOleMFCDLL Unicode|x64
		UGRelOleMFCDLL|Win32 = UGRelOleMFCDLL|Win32
		UGRelOleMFCDLL|x64 = UGRelOleMFCDLL|x64
		UGRelOleMFCStatic Unicode|Win32 = UGRelOleMFCStatic Unicode|Win32
		UGRelOleMFCStatic Unicode|x64 = UGRelOleMFCStatic Unicode|x64
		UGRelOleMFCStatic|Win32 = UGRelOleMFCStatic|Win32
		UGRelOleMFCStatic|x64 = UGRelOleMFCStatic|x64
	EndGlobalSection
	GlobalSection(ProjectConfigurationPlatforms) = postSolution
		{B3F4DE99-36F5-42EF-86AD-067565582CCC}.Debug|Win32.ActiveCfg = Debug|Win32
		{B3F4DE99-36F5-42EF-86AD-067565582CCC}.Debug|Win32.Build.0 = Debug|Win32
		{B3F4DE99-36F5-42EF-86AD-067565582CCC}.Debug|x64.ActiveCfg = Debug|x64
		{B3F4DE99-36F5-42EF-86AD-067565582CCC}.Debug|x64.Build.0 = Debug|x64
		{B3F4DE99-36F5-42EF-86AD-067565582CCC}.Release|Win32.ActiveCfg = Release|Win32
		{B3F4DE99-36F5-42EF-86AD-067565582CCC}.Release|Win32.Build.0 = Release|Win32
		{B3F4DE99-36F5-42EF-86AD-067565582CCC}.Release|x64.ActiveCfg = Release|x64
		{B3F4DE99-36F5-42EF-86AD-067565582CCC}.Release|x64.Build.0 = Release|x64
		{B3F4DE99-36F5-42EF-86AD-067565582CCC}.UGDbgMFCDLL Unicode|Win32.ActiveCfg = Release|Win32
		{B3F4DE99-36F5-42EF-86AD-067565582CCC}.UGDbgMFCDLL Unicode|Win32.Build.0 = Release|Win32
		{B3F4DE99-36F5-42EF-86AD-067565582CCC}.UGDbgMFCDLL Unicode|x64.ActiveCfg = Release|x64
		{B3F4DE99-36F5-42EF-86AD-067565582CCC}.UGDbgMFCDLL Unicode|x64.Build.0 = Release|x64
		{B3F4DE99-36F5-42EF-86AD-067565582CCC}.UGDbgMFCDLL|Win32.ActiveCfg = Release|Win32
		{B3F4DE99-36F5-42EF-86AD-067565582CCC}.UGDbgMFCDLL|Win32.Build.0 = Release|Win32
		{B3F4DE99-36F5-42EF-86AD-067565582CCC}.UGDbgMFCDLL|x64.ActiveCfg = Release|x64
		{B3F4DE99-36F5-42EF-86AD-067565582CCC}.UGDbgMFCDLL|x64.Build.0 = Release|x64
		{B3F4DE99-36F5-42EF-86AD-067565582CCC}.UGDbgMFCStatic Unicode|Win32.ActiveCfg = Release|Win32
		{B3F4DE99-36F5-42EF-86AD-067565582CCC}.UGDbgMFCStatic Unicode|Win32.Build.0 = Release|Win32
		{B3F4DE99-36F5-42EF-86AD-067565582CCC}.UGDbgMFCStatic Unicode|x64.ActiveCfg = Release|x64
		{B3F4DE99-36F5-42EF-86AD-067565582CCC}.UGDbgMFCStatic Unicode|x64.Build.0 = Release|x64
		{B3F4DE99-36F5-42EF-86AD-067565582CCC}.UGDbgMFCStatic|Win32.ActiveCfg = Release|Win32
		{B3F4DE99-36F5-42EF-86AD-067565582CCC}.UGDbgMFCStatic|Win32.Build.0 = Release|Win32
		{B3F4DE99-36F5-42EF-86AD-067565582CCC}.UGDbgMFCStatic|x64.ActiveCfg = Release|x64
		{B3F4DE99-36F5-42EF-86AD-067565582CCC}.UGDbgMFCStatic|x64.Build.0 = Release|x64
		{B3F4DE99-36F5-42EF-86AD-067565582CCC}.UGDbgOleMFCDLL Unicode|Win32.ActiveCfg = Release|Win32
		{B3F4DE99-36F5-42EF-86AD-067565582CCC}.UGDbgOleMFCDLL Unicode|Win32.Build.0 = Release|Win32
		{B3F4DE99-36F5-42EF-86AD-067565582CCC}.UGDbgOleMFCDLL Unicode|x64.ActiveCfg = Release|x64
		{B3F4DE99-36F5-42EF-86AD-067565582CCC}.UGDbgOleMFCDLL Unicode|x64.Build.0 = Release|x64
		{B3F4DE99-36F5-42EF-86AD-067565582CCC}.UGDbgOleMFCDLL|Win32.ActiveCfg = Release|Win32
		{B3F4DE99-36F5-42EF-86AD-067565582CCC}.UGDbgOleMFCDLL|Win32.Build.0 = Release|Win32
		{B3F4DE99-36F5-42EF-86AD-067565582CCC}.UGDbgOleMFCDLL|x64.ActiveCfg = Release|x64
		{B3F4DE99-36F5-42EF-86AD-067565582CCC}.UGDbgOleMFCDLL|x64.Build.0 = Release|x64
		{B3F4DE99-36F5-42EF-86AD-067565582CCC}.UGDbgOleMFCStatic Unicode|Win32.ActiveCfg = Release|Win32
		{B3F4DE99-36F5-42EF-86AD-067565582CCC}.UGDbgOleMFCStatic Unicode|Win32.Build.0 = Release|Win32
		{B3F4DE99-36F5-42EF-86AD-067565582CCC}.UGDbgOleMFCStatic Unicode|x64.ActiveCfg = Release|x64
		{B3F4DE99-36F5-42EF-86AD-067565582CCC}.UGDbgOleMFCStatic Unicode|x64.Build.0 = Release|x64
		{B3F4DE99-36F5-42EF-86AD-067565582CCC}.UGDbgOleMFCStatic|Win32.ActiveCfg = Release|Win32
		{B3F4DE99-36F5-42EF-86AD-067565582CCC}.UGDbgOleMFCStatic|Win32.Build.0 = Release|Win32
		{B3F4DE99-36F5-42EF-86AD-067565582CCC}.UGDbgOleMFCStatic|x64.ActiveCfg = Release|x64
		{B3F4DE99-36F5-42EF-86AD-067565582CCC}.UGDbgOleMFCStatic|x64.Build.0 = Release|x64
		{B3F4DE99-36F5-42EF-86AD-067565582CCC}.UGRelMFCDLL Unicode|Win32.ActiveCfg = Release|Win32
		{B3F4DE99-36F5-42EF-86AD-067565582CCC}.UGRelMFCDLL Unicode|Win32.Build.0 = Release|Win32
		{B3F4DE99-36F5-42EF-86AD-067565582CCC}.UGRelMFCDLL Unicode|x64.ActiveCfg = Release|x64
		{B3F4DE99-36F5-42EF-86AD-067565582CCC}.UGRelMFCDLL Unicode|x64.Build.0 = Release|x64
		{B3F4DE99-36F5-42EF-86AD-067565582CCC}.UGRelMFCDLL|Win32.ActiveCfg = Release|Win32
		{B3F4DE99-36F5-42EF-86AD-067565582CCC}.UGRelMFCDLL|Win32.Build.0 = Release|Win32
		{B3F4DE99-36F5-42EF-86AD-067565582CCC}.UGRelMFCDLL|x64.ActiveCfg = Release|x64
		{B3F4DE99-36F5-42EF-86AD-067565582CCC}.UGRelMFCDLL|x64.Build.0 = Release|x64
		{B3F4DE99-36F5-42EF-86AD-067565582CCC}.UGRelMFCStatic Unicode|Win32.ActiveCfg = Release|Win32
		{B3F4DE99-36F5-42EF-86AD-067565582CCC}.UGRelMFCStatic Unicode|Win32.Build.0 = Release|Win32
		{B3F4DE99-36F5-42EF-86AD-067565582CCC}.UGRelMFCStatic Unicode|x64.ActiveCfg = Release|x64
		{B3F4DE99-36F5-42EF-86AD-067565582CCC}.UGRelMFCStatic Unicode|x64.Build.0 = Release|x64
		{B3F4DE99-36F5-42EF-86AD-067565582CCC}.UGRelMFCStatic|Win32.ActiveCfg = Release|Win32
		{B3F4DE99-36F5-42EF-86AD-067565582CCC}.UGRelMFCStatic|Win32.Build.0 = Release|Win32
		{B3F4DE99-36F5-42EF-86AD-067565582CCC}.UGRelMFCStatic|x64.ActiveCfg = Release|x64
		{B3F4DE99-36F5-42EF-86AD-067565582CCC}.UGRelMFCStatic|x64.Build.0 = Release|x64
		{B3F4DE99-36F5-42EF-86AD-067565582CCC}.UGRelOleMFCDLL Unicode|Win32.ActiveCfg = Release|Win32
		{B3F4DE99-36F5-42EF-86AD-067565582CCC}.UGRelOleMFCDLL Unicode|Win32.Build.0 = Release|Win32
		{B3F4DE99-36F5-42EF-86AD-067565582CCC}.UGRelOleMFCDLL Unicode|x64.ActiveCfg = Release|x64
		{B3F4DE99-36F5-42EF-86AD-067565582CCC}.UGRelOleMFCDLL Unicode|x64.Build.0 = Release|x64
		{B3F4DE99-36F5-42EF-86AD-067565582CCC}.UGRelOleMFCDLL|Win32.ActiveCfg = Release|Win32
		{B3F4DE99-36F5-42EF-86AD-067565582CCC}.UGRelOleMFCDLL|Win32.Build.0 = Release|Win32
		{B3F4DE99-36F5-42EF-86AD-067565582CCC}.UGRelOleMFCDLL|x64.ActiveCfg = Release|x64
		{B3F4DE99-36F5-42EF-86AD-067565582CCC}.UGRelOleMFCDLL|x64.Build.0 = Release|x64
		{B3F4DE99-36F5-42EF-86AD-067565582CCC}.UGRelOleMFCStatic Unicode|Win32.ActiveCfg = Release|Win32
		{B3F4DE99-36F5-42EF-86AD-067565582CCC}.UGRelOleMFCStatic Unicode|Win32.Build.0 = Release|Win32
		{B3F4DE99-36F5-42EF-86AD-067565582CCC}.UGRelOleMFCStatic Unicode|x64.ActiveCfg = Release|x64
		{B3F4DE99-36F5-42EF-86AD-067565582CCC}.UGRelOleMFCStatic Unicode|x64.Build.0 = Release|x64
		{B3F4DE99-36F5-42EF-86AD-067565582CCC}.UGRelOleMFCStatic|Win32.ActiveCfg = Release|Win32
		{B3F4DE99-36F5-42EF-86AD-067565582CCC}.UGRelOleMFCStatic|Win32.Build.0 = Release|Win32
		{B3F4DE99-36F5-42EF-86AD-067565582CCC}.UGRelOleMFCStatic|x64.ActiveCfg = Release|x64
		{B3F4DE99-36F5-42EF-86AD-067565582CCC}.UGRelOleMFCStatic|x64.Build.0 = Release|x64
		{82054FBD-DD32-4D39-A7B7-FB9E215BF34B}.Debug|Win32.ActiveCfg = Debug|Win32
		{82054FBD-DD32-4D39-A7B7-FB9E215BF34B}.Debug|Win32.Build.0 = Debug|Win32
		{82054FBD-DD32-4D39-A7B7-FB9E215BF34B}.Debug|x64.ActiveCfg = Debug|x64
		{82054FBD-DD32-4D39-A7B7-FB9E215BF34B}.Debug|x64.Build.0 = Debug|x64
		{82054FBD-DD32-4D39-A7B7-FB9E215BF34B}.Release|Win32.ActiveCfg = Release|Win32
		{82054FBD-DD32-4D39-A7B7-FB9E215BF34B}.Release|Win32.Build.0 = Release|Win32
		{82054FBD-DD32-4D39-A7B7-FB9E215BF34B}.Release|x64.ActiveCfg = Release|x64
		{82054FBD-DD32-4D39-A7B7-FB9E215BF34B}.Release|x64.Build.0 = Release|x64
		{82054FBD-DD32-4D39-A7B7-FB9E215BF34B}.UGDbgMFCDLL Unicode|Win32.ActiveCfg = Release|Win32
		{82054FBD-DD32-4D39-A7B7-FB9E215BF34B}.UGDbgMFCDLL Unicode|Win32.Build.0 = Release|Win32
		{82054FBD-DD32-4D39-A7B7-FB9E215BF34B}.UGDbgMFCDLL Unicode|x64.ActiveCfg = Release|Win32
		{82054FBD-DD32-4D39-A7B7-FB9E215BF34B}.UGDbgMFCDLL|Win32.ActiveCfg = Release|Win32
		{82054FBD-DD32-4D39-A7B7-FB9E215BF34B}.UGDbgMFCDLL|Win32.Build.0 = Release|Win32
		{82054FBD-DD32-4D39-A7B7-FB9E215BF34B}.UGDbgMFCDLL|x64.ActiveCfg = Release|Win32
		{82054FBD-DD32-4D39-A7B7-FB9E215BF34B}.UGDbgMFCStatic Unicode|Win32.ActiveCfg = Release|Win32
		{82054FBD-DD32-4D39-A7B7-FB9E215BF34B}.UGDbgMFCStatic Unicode|Win32.Build.0 = Release|Win32
		{82054FBD-DD32-4D39-A7B7-FB9E215BF34B}.UGDbgMFCStatic Unicode|x64.ActiveCfg = Release|Win32
		{82054FBD-DD32-4D39-A7B7-FB9E215BF34B}.UGDbgMFCStatic|Win32.ActiveCfg = Release|Win32
		{82054FBD-DD32-4D39-A7B7-FB9E215BF34B}.UGDbgMFCStatic|Win32.Build.0 = Release|Win32
		{82054FBD-DD32-4D39-A7B7-FB9E215BF34B}.UGDbgMFCStatic|x64.ActiveCfg = Release|Win32
		{82054FBD-DD32-4D39-A7B7-FB9E215BF34B}.UGDbgOleMFCDLL Unicode|Win32.ActiveCfg = Release|Win32
		{82054FBD-DD32-4D39-A7B7-FB9E215BF34B}.UGDbgOleMFCDLL Unicode|Win32.Build.0 = Release|Win32
		{82054FBD-DD32-4D39-A7B7-FB9E215BF34B}.UGDbgOleMFCDLL Unicode|x64.ActiveCfg = Release|Win32
		{82054FBD-DD32-4D39-A7B7-FB9E215BF34B}.UGDbgOleMFCDLL|Win32.ActiveCfg = Release|Win32
		{82054FBD-DD32-4D39-A7B7-FB9E215BF34B}.UGDbgOleMFCDLL|Win32.Build.0 = Release|Win32
		{82054FBD-DD32-4D39-A7B7-FB9E215BF34B}.UGDbgOleMFCDLL|x64.ActiveCfg = Release|Win32
		{82054FBD-DD32-4D39-A7B7-FB9E215BF34B}.UGDbgOleMFCStatic Unicode|Win32.ActiveCfg = Release|Win32
		{82054FBD-DD32-4D39-A7B7-FB9E215BF34B}.UGDbgOleMFCStatic Unicode|Win32.Build.0 = Release|Win32
		{82054FBD-DD32-4D39-A7B7-FB9E215BF34B}.UGDbgOleMFCStatic Unicode|x64.ActiveCfg = Release|Win32
		{82054FBD-DD32-4D39-A7B7-FB9E215BF34B}.UGDbgOleMFCStatic|Win32.ActiveCfg = Release|Win32
		{82054FBD-DD32-4D39-A7B7-FB9E215BF34B}.UGDbgOleMFCStatic|Win32.Build.0 = Release|Win32
		{82054FBD-DD32-4D39-A7B7-FB9E215BF34B}.UGDbgOleMFCStatic|x64.ActiveCfg = Release|Win32
		{82054FBD-DD32-4D39-A7B7-FB9E215BF34B}.UGRelMFCDLL Unicode|Win32.ActiveCfg = Release|Win32
		{82054FBD-DD32-4D39-A7B7-FB9E215BF34B}.UGRelMFCDLL Unicode|Win32.Build.0 = Release|Win32
		{82054FBD-DD32-4D39-A7B7-FB9E215BF34B}.UGRelMFCDLL Unicode|x64.ActiveCfg = Release|Win32
		{82054FBD-DD32-4D39-A7B7-FB9E215BF34B}.UGRelMFCDLL|Win32.ActiveCfg = Release|Win32
		{82054FBD-DD32-4D39-A7B7-FB9E215BF34B}.UGRelMFCDLL|Win32.Build.0 = Release|Win32
		{82054FBD-DD32-4D39-A7B7-FB9E215BF34B}.UGRelMFCDLL|x64.ActiveCfg = Release|Win32
		{82054FBD-DD32-4D39-A7B7-FB9E215BF34B}.UGRelMFCStatic Unicode|Win32.ActiveCfg = Release|Win32
		{82054FBD-DD32-4D39-A7B7-FB9E215BF34B}.UGRelMFCStatic Unicode|Win32.Build.0 = Release|Win32
		{82054FBD-DD32-4D39-A7B7-FB9E215BF34B}.UGRelMFCStatic Unicode|x64.ActiveCfg = Release|Win32
		{82054FBD-DD32-4D39-A7B7-FB9E215BF34B}.UGRelMFCStatic|Win32.ActiveCfg = Release|Win32
		{82054FBD-DD32-4D39-A7B7-FB9E215BF34B}.UGRelMFCStatic|Win32.Build.0 = Release|Win32
		{82054FBD-DD32-4D39-A7B7-FB9E215BF34B}.UGRelMFCStatic|x64.ActiveCfg = Release|Win32
		{82054FBD-DD32-4D39-A7B7-FB9E215BF34B}.UGRelOleMFCDLL Unicode|Win32.ActiveCfg = Release|Win32
		{82054FBD-DD32-4D39-A7B7-FB9E215BF34B}.UGRelOleMFCDLL Unicode|Win32.Build.0 = Release|Win32
		{82054FBD-DD32-4D39-A7B7-FB9E215BF34B}.UGRelOleMFCDLL Unicode|x64.ActiveCfg = Release|Win32
		{82054FBD-DD32-4D39-A7B7-FB9E215BF34B}.UGRelOleMFCDLL|Win32.ActiveCfg = Release|Win32
		{82054FBD-DD32-4D39-A7B7-FB9E215BF34B}.UGRelOleMFCDLL|Win32.Build.0 = Release|Win32
		{82054FBD-DD32-4D39-A7B7-FB9E215BF34B}.UGRelOleMFCDLL|x64.ActiveCfg = Release|Win32
		{82054FBD-DD32-4D39-A7B7-FB9E215BF34B}.UGRelOleMFCStatic Unicode|Win32.ActiveCfg = Release|Win32
		{82054FBD-DD32-4D39-A7B7-FB9E215BF34B}.UGRelOleMFCStatic Unicode|Win32.Build.0 = Release|Win32
		{82054FBD-DD32-4D39-A7B7-FB9E215BF34B}.UGRelOleMFCStatic Unicode|x64.ActiveCfg = Release|Win32
		{82054FBD-DD32-4D39-A7B7-FB9E215BF34B}.UGRelOleMFCStatic|Win32.ActiveCfg = Release|Win32
		{82054FBD-DD32-4D39-A7B7-FB9E215BF34B}.UGRelOleMFCStatic|Win32.Build.0 = Release|Win32
		{82054FBD-DD32-4D39-A7B7-FB9E215BF34B}.UGRelOleMFCStatic|x64.ActiveCfg = Release|Win32
		{31FEA106-E963-4F38-B23D-4E227C7200CA}.Debug|Win32.ActiveCfg = Debug|Win32
		{31FEA106-E963-4F38-B23D-4E227C7200CA}.Debug|Win32.Build.0 = Debug|Win32
		{31FEA106-E963-4F38-B23D-4E227C7200CA}.Debug|x64.ActiveCfg = Debug|x64
		{31FEA106-E963-4F38-B23D-4E227C7200CA}.Debug|x64.Build.0 = Debug|x64
		{31FEA106-E963-4F38-B23D-4E227C7200CA}.Release|Win32.ActiveCfg = Release|Win32
		{31FEA106-E963-4F38-B23D-4E227C7200CA}.Release|Win32.Build.0 = Release|Win32
		{31FEA106-E963-4F38-B23D-4E227C7200CA}.Release|x64.ActiveCfg = Release|x64
		{31FEA106-E963-4F38-B23D-4E227C7200CA}.Release|x64.Build.0 = Release|x64
		{31FEA106-E963-4F38-B23D-4E227C7200CA}.UGDbgMFCDLL Unicode|Win32.ActiveCfg = Release|Win32
		{31FEA106-E963-4F38-B23D-4E227C7200CA}.UGDbgMFCDLL Unicode|Win32.Build.0 = Release|Win32
		{31FEA106-E963-4F38-B23D-4E227C7200CA}.UGDbgMFCDLL Unicode|x64.ActiveCfg = Release|x64
		{31FEA106-E963-4F38-B23D-4E227C7200CA}.UGDbgMFCDLL Unicode|x64.Build.0 = Release|x64
		{31FEA106-E963-4F38-B23D-4E227C7200CA}.UGDbgMFCDLL|Win32.ActiveCfg = Release|Win32
		{31FEA106-E963-4F38-B23D-4E227C7200CA}.UGDbgMFCDLL|Win32.Build.0 = Release|Win32
		{31FEA106-E963-4F38-B23D-4E227C7200CA}.UGDbgMFCDLL|x64.ActiveCfg = Release|x64
		{31FEA106-E963-4F38-B23D-4E227C7200CA}.UGDbgMFCDLL|x64.Build.0 = Release|x64
		{31FEA106-E963-4F38-B23D-4E227C7200CA}.UGDbgMFCStatic Unicode|Win32.ActiveCfg = Release|Win32
		{31FEA106-E963-4F38-B23D-4E227C7200CA}.UGDbgMFCStatic Unicode|Win32.Build.0 = Release|Win32
		{31FEA106-E963-4F38-B23D-4E227C7200CA}.UGDbgMFCStatic Unicode|x64.ActiveCfg = Release|x64
		{31FEA106-E963-4F38-B23D-4E227C7200CA}.UGDbgMFCStatic Unicode|x64.Build.0 = Release|x64
		{31FEA106-E963-4F38-B23D-4E227C7200CA}.UGDbgMFCStatic|Win32.ActiveCfg = Release|Win32
		{31FEA106-E963-4F38-B23D-4E227C7200CA}.UGDbgMFCStatic|Win32.Build.0 = Release|Win32
		{31FEA106-E963-4F38-B23D-4E227C7200CA}.UGDbgMFCStatic|x64.ActiveCfg = Release|x64
		{31FEA106-E963-4F38-B23D-4E227C7200CA}.UGDbgMFCStatic|x64.Build.0 = Release|x64
		{31FEA106-E963-4F38-B23D-4E227C7200CA}.UGDbgOleMFCDLL Unicode|Win32.ActiveCfg = Release|Win32
		{31FEA106-E963-4F38-B23D-4E227C7200CA}.UGDbgOleMFCDLL Unicode|Win32.Build.0 = Release|Win32
		{31FEA106-E963-4F38-B23D-4E227C7200CA}.UGDbgOleMFCDLL Unicode|x64.ActiveCfg = Release|x64
		{31FEA106-E963-4F38-B23D-4E227C7200CA}.UGDbgOleMFCDLL Unicode|x64.Build.0 = Release|x64
		{31FEA106-E963-4F38-B23D-4E227C7200CA}.UGDbgOleMFCDLL|Win32.ActiveCfg = Release|Win32
		{31FEA106-E963-4F38-B23D-4E227C7200CA}.UGDbgOleMFCDLL|Win32.Build.0 = Release|Win32
		{31FEA106-E963-4F38-B23D-4E227C7200CA}.UGDbgOleMFCDLL|x64.ActiveCfg = Release|x64
		{31FEA106-E963-4F38-B23D-4E227C7200CA}.UGDbgOleMFCDLL|x64.Build.0 = Release|x64
		{31FEA106-E963-4F38-B23D-4E227C7200CA}.UGDbgOleMFCStatic Unicode|Win32.ActiveCfg = Release|Win32
		{31FEA106-E963-4F38-B23D-4E227C7200CA}.UGDbgOleMFCStatic Unicode|Win32.Build.0 = Release|Win32
		{31FEA106-E963-4F38-B23D-4E227C7200CA}.UGDbgOleMFCStatic Unicode|x64.ActiveCfg = Release|x64
		{31FEA106-E963-4F38-B23D-4E227C7200CA}.UGDbgOleMFCStatic Unicode|x64.Build.0 = Release|x64
		{31FEA106-E963-4F38-B23D-4E227C7200CA}.UGDbgOleMFCStatic|Win32.ActiveCfg = Release|Win32
		{31FEA106-E963-4F38-B23D-4E227C7200CA}.UGDbgOleMFCStatic|Win32.Build.0 = Release|Win32
		{31FEA106-E963-4F38-B23D-4E227C7200CA}.UGDbgOleMFCStatic|x64.ActiveCfg = Release|x64
		{31FEA106-E963-4F38-B23D-4E227C7200CA}.UGDbgOleMFCStatic|x64.Build.0 = Release|x64
		{31FEA106-E963-4F38-B23D-4E227C7200CA}.UGRelMFCDLL Unicode|Win32.ActiveCfg = Release|Win32
		{31FEA106-E963-4F38-B23D-4E227C7200CA}.UGRelMFCDLL Unicode|Win32.Build.0 = Release|Win32
		{31FEA106-E963-4F38-B23D-4E227C7200CA}.UGRelMFCDLL Unicode|x64.ActiveCfg = Release|x64
		{31FEA106-E963-4F38-B23D-4E227C7200CA}.UGRelMFCDLL Unicode|x64.Build.0 = Release|x64
		{31FEA106-E963-4F38-B23D-4E227C7200CA}.UGRelMFCDLL|Win32.ActiveCfg = Release|Win32
		{31FEA106-E963-4F38-B23D-4E227C7200CA}.UGRelMFCDLL|Win32.Build.0 = Release|Win32
		{31FEA106-E963-4F38-B23D-4E227C7200CA}.UGRelMFCDLL|x64.ActiveCfg = Release|x64
		{31FEA106-E963-4F38-B23D-4E227C7200CA}.UGRelMFCDLL|x64.Build.0 = Release|x64
		{31FEA106-E963-4F38-B23D-4E227C7200CA}.UGRelMFCStatic Unicode|Win32.ActiveCfg = Release|Win32
		{31FEA106-E963-4F38-B23D-4E227C7200CA}.UGRelMFCStatic Unicode|Win32.Build.0 = Release|Win32
		{31FEA106-E963-4F38-B23D-4E227C7200CA}.UGRelMFCStatic Unicode|x64.ActiveCfg = Release|x64
		{31FEA106-E963-4F38-B23D-4E227C7200CA}.UGRelMFCStatic Unicode|x64.Build.0 = Release|x64
		{31FEA106-E963-4F38-B23D-4E227C7200CA}.UGRelMFCStatic|Win32.ActiveCfg = Release|Win32
		{31FEA106-E963-4F38-B23D-4E227C7200CA}.UGRelMFCStatic|Win32.Build.0 = Release|Win32
		{31FEA106-E963-4F38-B23D-4E227C7200CA}.UGRelMFCStatic|x64.ActiveCfg = Release|x64
		{31FEA106-E963-4F38-B23D-4E227C7200CA}.UGRelMFCStatic|x64.Build.0 = Release|x64
		{31FEA106-E963-4F38-B23D-4E227C7200CA}.UGRelOleMFCDLL Unicode|Win32.ActiveCfg = Release|Win32
		{31FEA106-E963-4F38-B23D-4E227C7200CA}.UGRelOleMFCDLL Unicode|Win32.Build.0 = Release|Win32
		{31FEA106-E963-4F38-B23D-4E227C7200CA}.UGRelOleMFCDLL Unicode|x64.ActiveCfg = Release|x64
		{31FEA106-E963-4F38-B23D-4E227C7200CA}.UGRelOleMFCDLL Unicode|x64.Build.0 = Release|x64
		{31FEA106-E963-4F38-B23D-4E227C7200CA}.UGRelOleMFCDLL|Win32.ActiveCfg = Release|Win32
		{31FEA106-E963-4F38-B23D-4E227C7200CA}.UGRelOleMFCDLL|Win32.Build.0 = Release|Win32
		{31FEA106-E963-4F38-B23D-4E227C7200CA}.UGRelOleMFCDLL|x64.ActiveCfg = Release|x64
		{31FEA106-E963-4F38-B23D-4E227C7200CA}.UGRelOleMFCDLL|x64.Build.0 = Release|x64
		{31FEA106-E963-4F38-B23D-4E227C7200CA}.UGRelOleMFCStatic Unicode|Win32.ActiveCfg = Release|Win32
		{31FEA106-E963-4F38-B23D-4E227C7200CA}.UGRelOleMFCStatic Unicode|Win32.Build.0 = Release|Win32
		{31FEA106-E963-4F38-B23D-4E227C7200CA}.UGRelOleMFCStatic Unicode|x64.ActiveCfg = Release|x64
		{31FEA106-E963-4F38-B23D-4E227C7200CA}.UGRelOleMFCStatic Unicode|x64.Build.0 = Release|x64
		{31FEA106-E963-4F38-B23D-4E227C7200CA}.UGRelOleMFCStatic|Win32.ActiveCfg = Release|Win32
		{31FEA106-E963-4F38-B23D-4E227C7200CA}.UGRelOleMFCStatic|Win32.Build.0 = Release|Win32
		{31FEA106-E963-4F38-B23D-4E227C7200CA}.UGRelOleMFCStatic|x64.ActiveCfg = Release|x64
		{31FEA106-E963-4F38-B23D-4E227C7200CA}.UGRelOleMFCStatic|x64.Build.0 = Release|x64
		{DD3A2586-EF87-438E-9304-33FB8179A04C}.Debug|Win32.ActiveCfg = Debug|Win32
		{DD3A2586-EF87-438E-9304-33FB8179A04C}.Debug|Win32.Build.0 = Debug|Win32
		{DD3A2586-EF87-438E-9304-33FB8179A04C}.Debug|x64.ActiveCfg = Debug|x64
		{DD3A2586-EF87-438E-9304-33FB8179A04C}.Debug|x64.Build.0 = Debug|x64
		{DD3A2586-EF87-438E-9304-33FB8179A04C}.Release|Win32.ActiveCfg = Release|Win32
		{DD3A2586-EF87-438E-9304-33FB8179A04C}.Release|Win32.Build.0 = Release|Win32
		{DD3A2586-EF87-438E-9304-33FB8179A04C}.Release|x64.ActiveCfg = Release|x64
		{DD3A2586-EF87-438E-9304-33FB8179A04C}.Release|x64.Build.0 = Release|x64
		{DD3A2586-EF87-438E-9304-33FB8179A04C}.UGDbgMFCDLL Unicode|Win32.ActiveCfg = Release|Win32
		{DD3A2586-EF87-438E-9304-33FB8179A04C}.UGDbgMFCDLL Unicode|Win32.Build.0 = Release|Win32
		{DD3A2586-EF87-438E-9304-33FB8179A04C}.UGDbgMFCDLL Unicode|x64.ActiveCfg = Release|x64
		{DD3A2586-EF87-438E-9304-33FB8179A04C}.UGDbgMFCDLL Unicode|x64.Build.0 = Release|x64
		{DD3A2586-EF87-438E-9304-33FB8179A04C}.UGDbgMFCDLL|Win32.ActiveCfg = Release|Win32
		{DD3A2586-EF87-438E-9304-33FB8179A04C}.UGDbgMFCDLL|Win32.Build.0 = Release|Win32
		{DD3A2586-EF87-438E-9304-33FB8179A04C}.UGDbgMFCDLL|x64.ActiveCfg = Release|x64
		{DD3A2586-EF87-438E-9304-33FB8179A04C}.UGDbgMFCDLL|x64.Build.0 = Release|x64
		{DD3A2586-EF87-438E-9304-33FB8179A04C}.UGDbgMFCStatic Unicode|Win32.ActiveCfg = Release|Win32
		{DD3A2586-EF87-438E-9304-33FB8179A04C}.UGDbgMFCStatic Unicode|Win32.Build.0 = Release|Win32
		{DD3A2586-EF87-438E-9304-33FB8179A04C}.UGDbgMFCStatic Unicode|x64.ActiveCfg = Release|x64
		{DD3A2586-EF87-438E-9304-33FB8179A04C}.UGDbgMFCStatic Unicode|x64.Build.0 = Release|x64
		{DD3A2586-EF87-438E-9304-33FB8179A04C}.UGDbgMFCStatic|Win32.ActiveCfg = Release|Win32
		{DD3A2586-EF87-438E-9304-33FB8179A04C}.UGDbgMFCStatic|Win32.Build.0 = Release|Win32
		{DD3A2586-EF87-438E-9304-33FB8179A04C}.UGDbgMFCStatic|x64.ActiveCfg = Release|x64
		{DD3A2586-EF87-438E-9304-33FB8179A04C}.UGDbgMFCStatic|x64.Build.0 = Release|x64
		{DD3A2586-EF87-438E-9304-33FB8179A04C}.UGDbgOleMFCDLL Unicode|Win32.ActiveCfg = Release|Win32
		{DD3A2586-EF87-438E-9304-33FB8179A04C}.UGDbgOleMFCDLL Unicode|Win32.Build.0 = Release|Win32
		{DD3A2586-EF87-438E-9304-33FB8179A04C}.UGDbgOleMFCDLL Unicode|x64.ActiveCfg = Release|x64
		{DD3A2586-EF87-438E-9304-33FB8179A04C}.UGDbgOleMFCDLL Unicode|x64.Build.0 = Release|x64
		{DD3A2586-EF87-438E-9304-33FB8179A04C}.UGDbgOleMFCDLL|Win32.ActiveCfg = Release|Win32
		{DD3A2586-EF87-438E-9304-33FB8179A04C}.UGDbgOleMFCDLL|Win32.Build.0 = Release|Win32
		{DD3A2586-EF87-438E-9304-33FB8179A04C}.UGDbgOleMFCDLL|x64.ActiveCfg = Release|x64
		{DD3A2586-EF87-438E-9304-33FB8179A04C}.UGDbgOleMFCDLL|x64.Build.0 = Release|x64
		{DD3A2586-EF87-438E-9304-33FB8179A04C}.UGDbgOleMFCStatic Unicode|Win32.ActiveCfg = Release|Win32
		{DD3A2586-EF87-438E-9304-33FB8179A04C}.UGDbgOleMFCStatic Unicode|Win32.Build.0 = Release|Win32
		{DD3A2586-EF87-438E-9304-33FB8179A04C}.UGDbgOleMFCStatic Unicode|x64.ActiveCfg = Release|x64
		{DD3A2586-EF87-438E-9304-33FB8179A04C}.UGDbgOleMFCStatic Unicode|x64.Build.0 = Release|x64
		{DD3A2586-EF87-438E-9304-33FB8179A04C}.UGDbgOleMFCStatic|Win32.ActiveCfg = Release|Win32
		{DD3A2586-EF87-438E-9304-33FB8179A04C}.UGDbgOleMFCStatic|Win32.Build.0 = Release|Win32
		{DD3A2586-EF87-438E-9304-33FB8179A04C}.UGDbgOleMFCStatic|x64.ActiveCfg = Release|x64
		{DD3A2586-EF87-438E-9304-33FB8179A04C}.UGDbgOleMFCStatic|x64.Build.0 = Release|x64
		{DD3A2586-EF87-438E-9304-33FB8179A04C}.UGRelMFCDLL Unicode|Win32.ActiveCfg = Release|Win32
		{DD3A2586-EF87-438E-9304-33FB8179A04C}.UGRelMFCDLL Unicode|Win32.Build.0 = Release|Win32
		{DD3A2586-EF87-438E-9304-33FB8179A04C}.UGRelMFCDLL Unicode|x64.ActiveCfg = Release|x64
		{DD3A2586-EF87-438E-9304-33FB8179A04C}.UGRelMFCDLL Unicode|x64.Build.0 = Release|x64
		{DD3A2586-EF87-438E-9304-33FB8179A04C}.UGRelMFCDLL|Win32.ActiveCfg = Release|Win32
		{DD3A2586-EF87-438E-9304-33FB8179A04C}.UGRelMFCDLL|Win32.Build.0 = Release|Win32
		{DD3A2586-EF87-438E-9304-33FB8179A04C}.UGRelMFCDLL|x64.ActiveCfg = Release|x64
		{DD3A2586-EF87-438E-9304-33FB8179A04C}.UGRelMFCDLL|x64.Build.0 = Release|x64
		{DD3A2586-EF87-438E-9304-33FB8179A04C}.UGRelMFCStatic Unicode|Win32.ActiveCfg = Release|Win32
		{DD3A2586-EF87-438E-9304-33FB8179A04C}.UGRelMFCStatic Unicode|Win32.Build.0 = Release|Win32
		{DD3A2586-EF87-438E-9304-33FB8179A04C}.UGRelMFCStatic Unicode|x64.ActiveCfg = Release|x64
		{DD3A2586-EF87-438E-9304-33FB8179A04C}.UGRelMFCStatic Unicode|x64.Build.0 = Release|x64
		{DD3A2586-EF87-438E-9304-33FB8179A04C}.UGRelMFCStatic|Win32.ActiveCfg = Release|Win32
		{DD3A2586-EF87-438E-9304-33FB8179A04C}.UGRelMFCStatic|Win32.Build.0 = Release|Win32
		{DD3A2586-EF87-438E-9304-33FB8179A04C}.UGRelMFCStatic|x64.ActiveCfg = Release|x64
		{DD3A2586-EF87-438E-9304-33FB8179A04C}.UGRelMFCStatic|x64.Build.0 = Release|x64
		{DD3A2586-EF87-438E-9304-33FB8179A04C}.UGRelOleMFCDLL Unicode|Win32.ActiveCfg = Release|Win32
		{DD3A2586-EF87-438E-9304-33FB8179A04C}.UGRelOleMFCDLL Unicode|Win32.Build.0 = Release|Win32
		{DD3A2586-EF87-438E-9304-33FB8179A04C}.UGRelOleMFCDLL Unicode|x64.ActiveCfg = Release|x64
		{DD3A2586-EF87-438E-9304-33FB8179A04C}.UGRelOleMFCDLL Unicode|x64.Build.0 = Release|x64
		{DD3A2586-EF87-438E-9304-33FB8179A04C}.UGRelOleMFCDLL|Win32.ActiveCfg = Release|Win32
		{DD3A2586-EF87-438E-9304-33FB8179A04C}.UGRelOleMFCDLL|Win32.Build.0 = Release|Win32
		{DD3A2586-EF87-438E-9304-33FB8179A04C}.UGRelOleMFCDLL|x64.ActiveCfg = Release|x64
		{DD3A2586-EF87-438E-9304-33FB8179A04C}.UGRelOleMFCDLL|x64.Build.0 = Release|x64
		{DD3A2586-EF87-438E-9304-33FB8179A04C}.UGRelOleMFCStatic Unicode|Win32.ActiveCfg = Release|Win32
		{DD3A2586-EF87-438E-9304-33FB8179A04C}.UGRelOleMFCStatic Unicode|Win32.Build.0 = Release|Win32
		{DD3A2586-EF87-438E-9304-33FB8179A04C}.UGRelOleMFCStatic Unicode|x64.ActiveCfg = Release|x64
		{DD3A2586-EF87-438E-9304-33FB8179A04C}.UGRelOleMFCStatic Unicode|x64.Build.0 = Release|x64
		{DD3A2586-EF87-438E-9304-33FB8179A04C}.UGRelOleMFCStatic|Win32.ActiveCfg = Release|Win32
		{DD3A2586-EF87-438E-9304-33FB8179A04C}.UGRelOleMFCStatic|Win32.Build.0 = Release|Win32
		{DD3A2586-EF87-438E-9304-33FB8179A04C}.UGRelOleMFCStatic|x64.ActiveCfg = Release|x64
		{DD3A2586-EF87-438E-9304-33FB8179A04C}.UGRelOleMFCStatic|x64.Build.0 = Release|x64
		{4B930370-8BF8-4E89-A3E7-0741999F8EE5}.Debug|Win32.ActiveCfg = Debug|Win32
		{4B930370-8BF8-4E89-A3E7-0741999F8EE5}.Debug|Win32.Build.0 = Debug|Win32
		{4B930370-8BF8-4E89-A3E7-0741999F8EE5}.Debug|x64.ActiveCfg = Debug|x64
		{4B930370-8BF8-4E89-A3E7-0741999F8EE5}.Debug|x64.Build.0 = Debug|x64
		{4B930370-8BF8-4E89-A3E7-0741999F8EE5}.Release|Win32.ActiveCfg = Release|Win32
		{4B930370-8BF8-4E89-A3E7-0741999F8EE5}.Release|Win32.Build.0 = Release|Win32
		{4B930370-8BF8-4E89-A3E7-0741999F8EE5}.Release|x64.ActiveCfg = Release|x64
		{4B930370-8BF8-4E89-A3E7-0741999F8EE5}.Release|x64.Build.0 = Release|x64
		{4B930370-8BF8-4E89-A3E7-0741999F8EE5}.UGDbgMFCDLL Unicode|Win32.ActiveCfg = Release|Win32
		{4B930370-8BF8-4E89-A3E7-0741999F8EE5}.UGDbgMFCDLL Unicode|Win32.Build.0 = Release|Win32
		{4B930370-8BF8-4E89-A3E7-0741999F8EE5}.UGDbgMFCDLL Unicode|x64.ActiveCfg = Release|x64
		{4B930370-8BF8-4E89-A3E7-0741999F8EE5}.UGDbgMFCDLL Unicode|x64.Build.0 = Release|x64
		{4B930370-8BF8-4E89-A3E7-0741999F8EE5}.UGDbgMFCDLL|Win32.ActiveCfg = Release|Win32
		{4B930370-8BF8-4E89-A3E7-0741999F8EE5}.UGDbgMFCDLL|Win32.Build.0 = Release|Win32
		{4B930370-8BF8-4E89-A3E7-0741999F8EE5}.UGDbgMFCDLL|x64.ActiveCfg = Release|x64
		{4B930370-8BF8-4E89-A3E7-0741999F8EE5}.UGDbgMFCDLL|x64.Build.0 = Release|x64
		{4B930370-8BF8-4E89-A3E7-0741999F8EE5}.UGDbgMFCStatic Unicode|Win32.ActiveCfg = Release|Win32
		{4B930370-8BF8-4E89-A3E7-0741999F8EE5}.UGDbgMFCStatic Unicode|Win32.Build.0 = Release|Win32
		{4B930370-8BF8-4E89-A3E7-0741999F8EE5}.UGDbgMFCStatic Unicode|x64.ActiveCfg = Release|x64
		{4B930370-8BF8-4E89-A3E7-0741999F8EE5}.UGDbgMFCStatic Unicode|x64.Build.0 = Release|x64
		{4B930370-8BF8-4E89-A3E7-0741999F8EE5}.UGDbgMFCStatic|Win32.ActiveCfg = Release|Win32
		{4B930370-8BF8-4E89-A3E7-0741999F8EE5}.UGDbgMFCStatic|Win32.Build.0 = Release|Win32
		{4B930370-8BF8-4E89-A3E7-0741999F8EE5}.UGDbgMFCStatic|x64.ActiveCfg = Release|x64
		{4B930370-8BF8-4E89-A3E7-0741999F8EE5}.UGDbgMFCStatic|x64.Build.0 = Release|x64
		{4B930370-8BF8-4E89-A3E7-0741999F8EE5}.UGDbgOleMFCDLL Unicode|Win32.ActiveCfg = Release|Win32
		{4B930370-8BF8-4E89-A3E7-0741999F8EE5}.UGDbgOleMFCDLL Unicode|Win32.Build.0 = Release|Win32
		{4B930370-8BF8-4E89-A3E7-0741999F8EE5}.UGDbgOleMFCDLL Unicode|x64.ActiveCfg = Release|x64
		{4B930370-8BF8-4E89-A3E7-0741999F8EE5}.UGDbgOleMFCDLL Unicode|x64.Build.0 = Release|x64
		{4B930370-8BF8-4E89-A3E7-0741999F8EE5}.UGDbgOleMFCDLL|Win32.ActiveCfg = Release|Win32
		{4B930370-8BF8-4E89-A3E7-0741999F8EE5}.UGDbgOleMFCDLL|Win32.Build.0 = Release|Win32
		{4B930370-8BF8-4E89-A3E7-0741999F8EE5}.UGDbgOleMFCDLL|x64.ActiveCfg = Release|x64
		{4B930370-8BF8-4E89-A3E7-0741999F8EE5}.UGDbgOleMFCDLL|x64.Build.0 = Release|x64
		{4B930370-8BF8-4E89-A3E7-0741999F8EE5}.UGDbgOleMFCStatic Unicode|Win32.ActiveCfg = Release|Win32
		{4B930370-8BF8-4E89-A3E7-0741999F8EE5}.UGDbgOleMFCStatic Unicode|Win32.Build.0 = Release|Win32
		{4B930370-8BF8-4E89-A3E7-0741999F8EE5}.UGDbgOleMFCStatic Unicode|x64.ActiveCfg = Release|x64
		{4B930370-8BF8-4E89-A3E7-0741999F8EE5}.UGDbgOleMFCStatic Unicode|x64.Build.0 = Release|x64
		{4B930370-8BF8-4E89-A3E7-0741999F8EE5}.UGDbgOleMFCStatic|Win32.ActiveCfg = Release|Win32
		{4B930370-8BF8-4E89-A3E7-0741999F8EE5}.UGDbgOleMFCStatic|Win32.Build.0 = Release|Win32
		{4B930370-8BF8-4E89-A3E7-0741999F8EE5}.UGDbgOleMFCStatic|x64.ActiveCfg = Release|x64
		{4B930370-8BF8-4E89-A3E7-0741999F8EE5}.UGDbgOleMFCStatic|x64.Build.0 = Release|x64
		{4B930370-8BF8-4E89-A3E7-0741999F8EE5}.UGRelMFCDLL Unicode|Win32.ActiveCfg = Release|Win32
		{4B930370-8BF8-4E89-A3E7-0741999F8EE5}.UGRelMFCDLL Unicode|Win32.Build.0 = Release|Win32
		{4B930370-8BF8-4E89-A3E7-0741999F8EE5}.UGRelMFCDLL Unicode|x64.ActiveCfg = Release|x64
		{4B930370-8BF8-4E89-A3E7-0741999F8EE5}.UGRelMFCDLL Unicode|x64.Build.0 = Release|x64
		{4B930370-8BF8-4E89-A3E7-0741999F8EE5}.UGRelMFCDLL|Win32.ActiveCfg = Release|Win32
		{4B930370-8BF8-4E89-A3E7-0741999F8EE5}.UGRelMFCDLL|Win32.Build.0 = Release|Win32
		{4B930370-8BF8-4E89-A3E7-0741999F8EE5}.UGRelMFCDLL|x64.ActiveCfg = Release|x64
		{4B930370-8BF8-4E89-A3E7-0741999F8EE5}.UGRelMFCDLL|x64.Build.0 = Release|x64
		{4B930370-8BF8-4E89-A3E7-0741999F8EE5}.UGRelMFCStatic Unicode|Win32.ActiveCfg = Release|Win32
		{4B930370-8BF8-4E89-A3E7-0741999F8EE5}.UGRelMFCStatic Unicode|Win32.Build.0 = Release|Win32
		{4B930370-8BF8-4E89-A3E7-0741999F8EE5}.UGRelMFCStatic Unicode|x64.ActiveCfg = Release|x64
		{4B930370-8BF8-4E89-A3E7-0741999F8EE5}.UGRelMFCStatic Unicode|x64.Build.0 = Release|x64
		{4B930370-8BF8-4E89-A3E7-0741999F8EE5}.UGRelMFCStatic|Win32.ActiveCfg = Release|Win32
		{4B930370-8BF8-4E89-A3E7-0741999F8EE5}.UGRelMFCStatic|Win32.Build.0 = Release|Win32
		{4B930370-8BF8-4E89-A3E7-0741999F8EE5}.UGRelMFCStatic|x64.ActiveCfg = Release|x64
		{4B930370-8BF8-4E89-A3E7-0741999F8EE5}.UGRelMFCStatic|x64.Build.0 = Release|x64
		{4B930370-8BF8-4E89-A3E7-0741999F8EE5}.UGRelOleMFCDLL Unicode|Win32.ActiveCfg = Release|Win32
		{4B930370-8BF8-4E89-A3E7-0741999F8EE5}.UGRelOleMFCDLL Unicode|Win32.Build.0 = Release|Win32
		{4B930370-8BF8-4E89-A3E7-0741999F8EE5}.UGRelOleMFCDLL Unicode|x64.ActiveCfg = Release|x64
		{4B930370-8BF8-4E89-A3E7-0741999F8EE5}.UGRelOleMFCDLL Unicode|x64.Build.0 = Release|x64
		{4B930370-8BF8-4E89-A3E7-0741999F8EE5}.UGRelOleMFCDLL|Win32.ActiveCfg = Release|Win32
		{4B930370-8BF8-4E89-A3E7-0741999F8EE5}.UGRelOleMFCDLL|Win32.Build.0 = Release|Win32
		{4B930370-8BF8-4E89-A3E7-0741999F8EE5}.UGRelOleMFCDLL|x64.ActiveCfg = Release|x64
		{4B930370-8BF8-4E89-A3E7-0741999F8EE5}.UGRelOleMFCDLL|x64.Build.0 = Release|x64
		{4B930370-8BF8-4E89-A3E7-0741999F8EE5}.UGRelOleMFCStatic Unicode|Win32.ActiveCfg = Release|Win32
		{4B930370-8BF8-4E89-A3E7-0741999F8EE5}.UGRelOleMFCStatic Unicode|Win32.Build.0 = Release|Win32
		{4B930370-8BF8-4E89-A3E7-0741999F8EE5}.UGRelOleMFCStatic Unicode|x64.ActiveCfg = Release|x64
		{4B930370-8BF8-4E89-A3E7-0741999F8EE5}.UGRelOleMFCStatic Unicode|x64.Build.0 = Release|x64
		{4B930370-8BF8-4E89-A3E7-0741999F8EE5}.UGRelOleMFCStatic|Win32.ActiveCfg = Release|Win32
		{4B930370-8BF8-4E89-A3E7-0741999F8EE5}.UGRelOleMFCStatic|Win32.Build.0 = Release|Win32
		{4B930370-8BF8-4E89-A3E7-0741999F8EE5}.UGRelOleMFCStatic|x64.ActiveCfg = Release|x64
		{4B930370-8BF8-4E89-A3E7-0741999F8EE5}.UGRelOleMFCStatic|x64.Build.0 = Release|x64
		{AC5DD791-6787-4663-8184-1DB8D87A3C58}.Debug|Win32.ActiveCfg = Debug|Win32
		{AC5DD791-6787-4663-8184-1DB8D87A3C58}.Debug|Win32.Build.0 = Debug|Win32
		{AC5DD791-6787-4663-8184-1DB8D87A3C58}.Debug|x64.ActiveCfg = Debug|x64
		{AC5DD791-6787-4663-8184-1DB8D87A3C58}.Debug|x64.Build.0 = Debug|x64
		{AC5DD791-6787-4663-8184-1DB8D87A3C58}.Release|Win32.ActiveCfg = Release|Win32
		{AC5DD791-6787-4663-8184-1DB8D87A3C58}.Release|Win32.Build.0 = Release|Win32
		{AC5DD791-6787-4663-8184-1DB8D87A3C58}.Release|x64.ActiveCfg = Release|x64
		{AC5DD791-6787-4663-8184-1DB8D87A3C58}.Release|x64.Build.0 = Release|x64
		{AC5DD791-6787-4663-8184-1DB8D87A3C58}.UGDbgMFCDLL Unicode|Win32.ActiveCfg = Release|Win32
		{AC5DD791-6787-4663-8184-1DB8D87A3C58}.UGDbgMFCDLL Unicode|Win32.Build.0 = Release|Win32
		{AC5DD791-6787-4663-8184-1DB8D87A3C58}.UGDbgMFCDLL Unicode|x64.ActiveCfg = Release|x64
		{AC5DD791-6787-4663-8184-1DB8D87A3C58}.UGDbgMFCDLL Unicode|x64.Build.0 = Release|x64
		{AC5DD791-6787-4663-8184-1DB8D87A3C58}.UGDbgMFCDLL|Win32.ActiveCfg = Release|Win32
		{AC5DD791-6787-4663-8184-1DB8D87A3C58}.UGDbgMFCDLL|Win32.Build.0 = Release|Win32
		{AC5DD791-6787-4663-8184-1DB8D87A3C58}.UGDbgMFCDLL|x64.ActiveCfg = Release|x64
		{AC5DD791-6787-4663-8184-1DB8D87A3C58}.UGDbgMFCDLL|x64.Build.0 = Release|x64
		{AC5DD791-6787-4663-8184-1DB8D87A3C58}.UGDbgMFCStatic Unicode|Win32.ActiveCfg = Release|Win32
		{AC5DD791-6787-4663-8184-1DB8D87A3C58}.UGDbgMFCStatic Unicode|Win32.Build.0 = Release|Win32
		{AC5DD791-6787-4663-8184-1DB8D87A3C58}.UGDbgMFCStatic Unicode|x64.ActiveCfg = Release|x64
		{AC5DD791-6787-4663-8184-1DB8D87A3C58}.UGDbgMFCStatic Unicode|x64.Build.0 = Release|x64
		{AC5DD791-6787-4663-8184-1DB8D87A3C58}.UGDbgMFCStatic|Win32.ActiveCfg = Release|Win32
		{AC5DD791-6787-4663-8184-1DB8D87A3C58}.UGDbgMFCStatic|Win32.Build.0 = Release|Win32
		{AC5DD791-6787-4663-8184-1DB8D87A3C58}.UGDbgMFCStatic|x64.ActiveCfg = Release|x64
		{AC5DD791-6787-4663-8184-1DB8D87A3C58}.UGDbgMFCStatic|x64.Build.0 = Release|x64
		{AC5DD791-6787-4663-8184-1DB8D87A3C58}.UGDbgOleMFCDLL Unicode|Win32.ActiveCfg = Release|Win32
		{AC5DD791-6787-4663-8184-1DB8D87A3C58}.UGDbgOleMFCDLL Unicode|Win32.Build.0 = Release|Win32
		{AC5DD791-6787-4663-8184-1DB8D87A3C58}.UGDbgOleMFCDLL Unicode|x64.ActiveCfg = Release|x64
		{AC5DD791-6787-4663-8184-1DB8D87A3C58}.UGDbgOleMFCDLL Unicode|x64.Build.0 = Release|x64
		{AC5DD791-6787-4663-8184-1DB8D87A3C58}.UGDbgOleMFCDLL|Win32.ActiveCfg = Release|Win32
		{AC5DD791-6787-4663-8184-1DB8D87A3C58}.UGDbgOleMFCDLL|Win32.Build.0 = Release|Win32
		{AC5DD791-6787-4663-8184-1DB8D87A3C58}.UGDbgOleMFCDLL|x64.ActiveCfg = Release|x64
		{AC5DD791-6787-4663-8184-1DB8D87A3C58}.UGDbgOleMFCDLL|x64.Build.0 = Release|x64
		{AC5DD791-6787-4663-8184-1DB8D87A3C58}.UGDbgOleMFCStatic Unicode|Win32.ActiveCfg = Release|Win32
		{AC5DD791-6787-4663-8184-1DB8D87A3C58}.UGDbgOleMFCStatic Unicode|Win32.Build.0 = Release|Win32
		{AC5DD791-6787-4663-8184-1DB8D87A3C58}.UGDbgOleMFCStatic Unicode|x64.ActiveCfg = Release|x64
		{AC5DD791-6787-4663-8184-1DB8D87A3C58}.UGDbgOleMFCStatic Unicode|x64.Build.0 = Release|x64
		{AC5DD791-6787-4663-8184-1DB8D87A3C58}.UGDbgOleMFCStatic|Win32.ActiveCfg = Release|Win32
		{AC5DD791-6787-4663-8184-1DB8D87A3C58}.UGDbgOleMFCStatic|Win32.Build.0 = Release|Win32
		{AC5DD791-6787-4663-8184-1DB8D87A3C58}.UGDbgOleMFCStatic|x64.ActiveCfg = Release|x64
		{AC5DD791-6787-4663-8184-1DB8D87A3C58}.UGDbgOleMFCStatic|x64.Build.0 = Release|x64
		{AC5DD791-6787-4663-8184-1DB8D87A3C58}.UGRelMFCDLL Unicode|Win32.ActiveCfg = Release|Win32
		{AC5DD791-6787-4663-8184-1DB8D87A3C58}.UGRelMFCDLL Unicode|Win32.Build.0 = Release|Win32
		{AC5DD791-6787-4663-8184-1DB8D87A3C58}.UGRelMFCDLL Unicode|x64.ActiveCfg = Release|x64
		{AC5DD791-6787-4663-8184-1DB8D87A3C58}.UGRelMFCDLL Unicode|x64.Build.0 = Release|x64
		{AC5DD791-6787-4663-8184-1DB8D87A3C58}.UGRelMFCDLL|Win32.ActiveCfg = Release|Win32
		{AC5DD791-6787-4663-8184-1DB8D87A3C58}.UGRelMFCDLL|Win32.Build.0 = Release|Win32
		{AC5DD791-6787-4663-8184-1DB8D87A3C58}.UGRelMFCDLL|x64.ActiveCfg = Release|x64
		{AC5DD791-6787-4663-8184-1DB8D87A3C58}.UGRelMFCDLL|x64.Build.0 = Release|x64
		{AC5DD791-6787-4663-8184-1DB8D87A3C58}.UGRelMFCStatic Unicode|Win32.ActiveCfg = Release|Win32
		{AC5DD791-6787-4663-8184-1DB8D87A3C58}.UGRelMFCStatic Unicode|Win32.Build.0 = Release|Win32
		{AC5DD791-6787-4663-8184-1DB8D87A3C58}.UGRelMFCStatic Unicode|x64.ActiveCfg = Release|x64
		{AC5DD791-6787-4663-8184-1DB8D87A3C58}.UGRelMFCStatic Unicode|x64.Build.0 = Release|x64
		{AC5DD791-6787-4663-8184-1DB8D87A3C58}.UGRelMFCStatic|Win32.ActiveCfg = Release|Win32
		{AC5DD791-6787-4663-8184-1DB8D87A3C58}.UGRelMFCStatic|Win32.Build.0 = Release|Win32
		{AC5DD791-6787-4663-8184-1DB8D87A3C58}.UGRelMFCStatic|x64.ActiveCfg = Release|x64
		{AC5DD791-6787-4663-8184-1DB8D87A3C58}.UGRelMFCStatic|x64.Build.0 = Release|x64
		{AC5DD791-6787-4663-8184-1DB8D87A3C58}.UGRelOleMFCDLL Unicode|Win32.ActiveCfg = Release|Win32
		{AC5DD791-6787-4663-8184-1DB8D87A3C58}.UGRelOleMFCDLL Unicode|Win32.Build.0 = Release|Win32
		{AC5DD791-6787-4663-8184-1DB8D87A3C58}.UGRelOleMFCDLL Unicode|x64.ActiveCfg = Release|x64
		{AC5DD791-6787-4663-8184-1DB8D87A3C58}.UGRelOleMFCDLL Unicode|x64.Build.0 = Release|x64
		{AC5DD791-6787-4663-8184-1DB8D87A3C58}.UGRelOleMFCDLL|Win32.ActiveCfg = Release|Win32
		{AC5DD791-6787-4663-8184-1DB8D87A3C58}.UGRelOleMFCDLL|Win32.Build.0 = Release|Win32
		{AC5DD791-6787-4663-8184-1DB8D87A3C58}.UGRelOleMFCDLL|x64.ActiveCfg = Release|x64
		{AC5DD791-6787-4663-8184-1DB8D87A3C58}.UGRelOleMFCDLL|x64.Build.0 = Release|x64
		{AC5DD791-6787-4663-8184-1DB8D87A3C58}.UGRelOleMFCStatic Unicode|Win32.ActiveCfg = Release|Win32
		{AC5DD791-6787-4663-8184-1DB8D87A3C58}.UGRelOleMFCStatic Unicode|Win32.Build.0 = Release|Win32
		{AC5DD791-6787-4663-8184-1DB8D87A3C58}.UGRelOleMFCStatic Unicode|x64.ActiveCfg = Release|x64
		{AC5DD791-6787-4663-8184-1DB8D87A3C58}.UGRelOleMFCStatic Unicode|x64.Build.0 = Release|x64
		{AC5DD791-6787-4663-8184-1DB8D87A3C58}.UGRelOleMFCStatic|Win32.ActiveCfg = Release|Win32
		{AC5DD791-6787-4663-8184-1DB8D87A3C58}.UGRelOleMFCStatic|Win32.Build.0 = Release|Win32
		{AC5DD791-6787-4663-8184-1DB8D87A3C58}.UGRelOleMFCStatic|x64.ActiveCfg = Release|x64
		{AC5DD791-6787-4663-8184-1DB8D87A3C58}.UGRelOleMFCStatic|x64.Build.0 = Release|x64
		{09197469-7164-460C-8925-185D087F7FE5}.Debug|Win32.ActiveCfg = Debug|Win32
		{09197469-7164-460C-8925-185D087F7FE5}.Debug|Win32.Build.0 = Debug|Win32
		{09197469-7164-460C-8925-185D087F7FE5}.Debug|x64.ActiveCfg = Debug|x64
		{09197469-7164-460C-8925-185D087F7FE5}.Debug|x64.Build.0 = Debug|x64
		{09197469-7164-460C-8925-185D087F7FE5}.Release|Win32.ActiveCfg = Release|Win32
		{09197469-7164-460C-8925-185D087F7FE5}.Release|Win32.Build.0 = Release|Win32
		{09197469-7164-460C-8925-185D087F7FE5}.Release|x64.ActiveCfg = Release|x64
		{09197469-7164-460C-8925-185D087F7FE5}.Release|x64.Build.0 = Release|x64
		{09197469-7164-460C-8925-185D087F7FE5}.UGDbgMFCDLL Unicode|Win32.ActiveCfg = Release|Win32
		{09197469-7164-460C-8925-185D087F7FE5}.UGDbgMFCDLL Unicode|Win32.Build.0 = Release|Win32
		{09197469-7164-460C-8925-185D087F7FE5}.UGDbgMFCDLL Unicode|x64.ActiveCfg = Release|x64
		{09197469-7164-460C-8925-185D087F7FE5}.UGDbgMFCDLL Unicode|x64.Build.0 = Release|x64
		{09197469-7164-460C-8925-185D087F7FE5}.UGDbgMFCDLL|Win32.ActiveCfg = Release|Win32
		{09197469-7164-460C-8925-185D087F7FE5}.UGDbgMFCDLL|Win32.Build.0 = Release|Win32
		{09197469-7164-460C-8925-185D087F7FE5}.UGDbgMFCDLL|x64.ActiveCfg = Release|x64
		{09197469-7164-460C-8925-185D087F7FE5}.UGDbgMFCDLL|x64.Build.0 = Release|x64
		{09197469-7164-460C-8925-185D087F7FE5}.UGDbgMFCStatic Unicode|Win32.ActiveCfg = Release|Win32
		{09197469-7164-460C-8925-185D087F7FE5}.UGDbgMFCStatic Unicode|Win32.Build.0 = Release|Win32
		{09197469-7164-460C-8925-185D087F7FE5}.UGDbgMFCStatic Unicode|x64.ActiveCfg = Release|x64
		{09197469-7164-460C-8925-185D087F7FE5}.UGDbgMFCStatic Unicode|x64.Build.0 = Release|x64
		{09197469-7164-460C-8925-185D087F7FE5}.UGDbgMFCStatic|Win32.ActiveCfg = Release|Win32
		{09197469-7164-460C-8925-185D087F7FE5}.UGDbgMFCStatic|Win32.Build.0 = Release|Win32
		{09197469-7164-460C-8925-185D087F7FE5}.UGDbgMFCStatic|x64.ActiveCfg = Release|x64
		{09197469-7164-460C-8925-185D087F7FE5}.UGDbgMFCStatic|x64.Build.0 = Release|x64
		{09197469-7164-460C-8925-185D087F7FE5}.UGDbgOleMFCDLL Unicode|Win32.ActiveCfg = Release|Win32
		{09197469-7164-460C-8925-185D087F7FE5}.UGDbgOleMFCDLL Unicode|Win32.Build.0 = Release|Win32
		{09197469-7164-460C-8925-185D087F7FE5}.UGDbgOleMFCDLL Unicode|x64.ActiveCfg = Release|x64
		{09197469-7164-460C-8925-185D087F7FE5}.UGDbgOleMFCDLL Unicode|x64.Build.0 = Release|x64
		{09197469-7164-460C-8925-185D087F7FE5}.UGDbgOleMFCDLL|Win32.ActiveCfg = Release|Win32
		{09197469-7164-460C-8925-185D087F7FE5}.UGDbgOleMFCDLL|Win32.Build.0 = Release|Win32
		{09197469-7164-460C-8925-185D087F7FE5}.UGDbgOleMFCDLL|x64.ActiveCfg = Release|x64
		{09197469-7164-460C-8925-185D087F7FE5}.UGDbgOleMFCDLL|x64.Build.0 = Release|x64
		{09197469-7164-460C-8925-185D087F7FE5}.UGDbgOleMFCStatic Unicode|Win32.ActiveCfg = Release|Win32
		{09197469-7164-460C-8925-185D087F7FE5}.UGDbgOleMFCStatic Unicode|Win32.Build.0 = Release|Win32
		{09197469-7164-460C-8925-185D087F7FE5}.UGDbgOleMFCStatic Unicode|x64.ActiveCfg = Release|x64
		{09197469-7164-460C-8925-185D087F7FE5}.UGDbgOleMFCStatic Unicode|x64.Build.0 = Release|x64
		{09197469-7164-460C-8925-185D087F7FE5}.UGDbgOleMFCStatic|Win32.ActiveCfg = Release|Win32
		{09197469-7164-460C-8925-185D087F7FE5}.UGDbgOleMFCStatic|Win32.Build.0 = Release|Win32
		{09197469-7164-460C-8925-185D087F7FE5}.UGDbgOleMFCStatic|x64.ActiveCfg = Release|x64
		{09197469-7164-460C-8925-185D087F7FE5}.UGDbgOleMFCStatic|x64.Build.0 = Release|x64
		{09197469-7164-460C-8925-185D087F7FE5}.UGRelMFCDLL Unicode|Win32.ActiveCfg = Release|Win32
		{09197469-7164-460C-8925-185D087F7FE5}.UGRelMFCDLL Unicode|Win32.Build.0 = Release|Win32
		{09197469-7164-460C-8925-185D087F7FE5}.UGRelMFCDLL Unicode|x64.ActiveCfg = Release|x64
		{09197469-7164-460C-8925-185D087F7FE5}.UGRelMFCDLL Unicode|x64.Build.0 = Release|x64
		{09197469-7164-460C-8925-185D087F7FE5}.UGRelMFCDLL|Win32.ActiveCfg = Release|Win32
		{09197469-7164-460C-8925-185D087F7FE5}.UGRelMFCDLL|Win32.Build.0 = Release|Win32
		{09197469-7164-460C-8925-185D087F7FE5}.UGRelMFCDLL|x64.ActiveCfg = Release|x64
		{09197469-7164-460C-8925-185D087F7FE5}.UGRelMFCDLL|x64.Build.0 = Release|x64
		{09197469-7164-460C-8925-185D087F7FE5}.UGRelMFCStatic Unicode|Win32.ActiveCfg = Release|Win32
		{09197469-7164-460C-8925-185D087F7FE5}.UGRelMFCStatic Unicode|Win32.Build.0 = Release|Win32
		{09197469-7164-460C-8925-185D087F7FE5}.UGRelMFCStatic Unicode|x64.ActiveCfg = Release|x64
		{09197469-7164-460C-8925-185D087F7FE5}.UGRelMFCStatic Unicode|x64.Build.0 = Release|x64
		{09197469-7164-460C-8925-185D087F7FE5}.UGRelMFCStatic|Win32.ActiveCfg = Release|Win32
		{09197469-7164-460C-8925-185D087F7FE5}.UGRelMFCStatic|Win32.Build.0 = Release|Win32
		{09197469-7164-460C-8925-185D087F7FE5}.UGRelMFCStatic|x64.ActiveCfg = Release|x64
		{09197469-7164-460C-8925-185D087F7FE5}.UGRelMFCStatic|x64.Build.0 = Release|x64
		{09197469-7164-460C-8925-185D087F7FE5}.UGRelOleMFCDLL Unicode|Win32.ActiveCfg = Release|Win32
		{09197469-7164-460C-8925-185D087F7FE5}.UGRelOleMFCDLL Unicode|Win32.Build.0 = Release|Win32
		{09197469-7164-460C-8925-185D087F7FE5}.UGRelOleMFCDLL Unicode|x64.ActiveCfg = Release|x64
		{09197469-7164-460C-8925-185D087F7FE5}.UGRelOleMFCDLL Unicode|x64.Build.0 = Release|x64
		{09197469-7164-460C-8925-185D087F7FE5}.UGRelOleMFCDLL|Win32.ActiveCfg = Release|Win32
		{09197469-7164-460C-8925-185D087F7FE5}.UGRelOleMFCDLL|Win32.Build.0 = Release|Win32
		{09197469-7164-460C-8925-185D087F7FE5}.UGRelOleMFCDLL|x64.ActiveCfg = Release|x64
		{09197469-7164-460C-8925-185D087F7FE5}.UGRelOleMFCDLL|x64.Build.0 = Release|x64
		{09197469-7164-460C-8925-185D087F7FE5}.UGRelOleMFCStatic Unicode|Win32.ActiveCfg = Release|Win32
		{09197469-7164-460C-8925-185D087F7FE5}.UGRelOleMFCStatic Unicode|Win32.Build.0 = Release|Win32
		{09197469-7164-460C-8925-185D087F7FE5}.UGRelOleMFCStatic Unicode|x64.ActiveCfg = Release|x64
		{09197469-7164-460C-8925-185D087F7FE5}.UGRelOleMFCStatic Unicode|x64.Build.0 = Release|x64
		{09197469-7164-460C-8925-185D087F7FE5}.UGRelOleMFCStatic|Win32.ActiveCfg = Release|Win32
		{09197469-7164-460C-8925-185D087F7FE5}.UGRelOleMFCStatic|Win32.Build.0 = Release|Win32
		{09197469-7164-460C-8925-185D087F7FE5}.UGRelOleMFCStatic|x64.ActiveCfg = Release|x64
		{09197469-7164-460C-8925-185D087F7FE5}.UGRelOleMFCStatic|x64.Build.0 = Release|x64
		{728E70B2-A650-4729-BB8C-0D4FC5905C9B}.Debug|Win32.ActiveCfg = Debug|Win32
		{728E70B2-A650-4729-BB8C-0D4FC5905C9B}.Debug|Win32.Build.0 = Debug|Win32
		{728E70B2-A650-4729-BB8C-0D4FC5905C9B}.Debug|x64.ActiveCfg = Debug|x64
		{728E70B2-A650-4729-BB8C-0D4FC5905C9B}.Debug|x64.Build.0 = Debug|x64
		{728E70B2-A650-4729-BB8C-0D4FC5905C9B}.Release|Win32.ActiveCfg = Release|Win32
		{728E70B2-A650-4729-BB8C-0D4FC5905C9B}.Release|Win32.Build.0 = Release|Win32
		{728E70B2-A650-4729-BB8C-0D4FC5905C9B}.Release|x64.ActiveCfg = Release|x64
		{728E70B2-A650-4729-BB8C-0D4FC5905C9B}.Release|x64.Build.0 = Release|x64
		{728E70B2-A650-4729-BB8C-0D4FC5905C9B}.UGDbgMFCDLL Unicode|Win32.ActiveCfg = Release|Win32
		{728E70B2-A650-4729-BB8C-0D4FC5905C9B}.UGDbgMFCDLL Unicode|Win32.Build.0 = Release|Win32
		{728E70B2-A650-4729-BB8C-0D4FC5905C9B}.UGDbgMFCDLL Unicode|x64.ActiveCfg = Release|x64
		{728E70B2-A650-4729-BB8C-0D4FC5905C9B}.UGDbgMFCDLL Unicode|x64.Build.0 = Release|x64
		{728E70B2-A650-4729-BB8C-0D4FC5905C9B}.UGDbgMFCDLL|Win32.ActiveCfg = Release|Win32
		{728E70B2-A650-4729-BB8C-0D4FC5905C9B}.UGDbgMFCDLL|Win32.Build.0 = Release|Win32
		{728E70B2-A650-4729-BB8C-0D4FC5905C9B}.UGDbgMFCDLL|x64.ActiveCfg = Release|x64
		{728E70B2-A650-4729-BB8C-0D4FC5905C9B}.UGDbgMFCDLL|x64.Build.0 = Release|x64
		{728E70B2-A650-4729-BB8C-0D4FC5905C9B}.UGDbgMFCStatic Unicode|Win32.ActiveCfg = Release|Win32
		{728E70B2-A650-4729-BB8C-0D4FC5905C9B}.UGDbgMFCStatic Unicode|Win32.Build.0 = Release|Win32
		{728E70B2-A650-4729-BB8C-0D4FC5905C9B}.UGDbgMFCStatic Unicode|x64.ActiveCfg = Release|x64
		{728E70B2-A650-4729-BB8C-0D4FC5905C9B}.UGDbgMFCStatic Unicode|x64.Build.0 = Release|x64
		{728E70B2-A650-4729-BB8C-0D4FC5905C9B}.UGDbgMFCStatic|Win32.ActiveCfg = Release|Win32
		{728E70B2-A650-4729-BB8C-0D4FC5905C9B}.UGDbgMFCStatic|Win32.Build.0 = Release|Win32
		{728E70B2-A650-4729-BB8C-0D4FC5905C9B}.UGDbgMFCStatic|x64.ActiveCfg = Release|x64
		{728E70B2-A650-4729-BB8C-0D4FC5905C9B}.UGDbgMFCStatic|x64.Build.0 = Release|x64
		{728E70B2-A650-4729-BB8C-0D4FC5905C9B}.UGDbgOleMFCDLL Unicode|Win32.ActiveCfg = Release|Win32
		{728E70B2-A650-4729-BB8C-0D4FC5905C9B}.UGDbgOleMFCDLL Unicode|Win32.Build.0 = Release|Win32
		{728E70B2-A650-4729-BB8C-0D4FC5905C9B}.UGDbgOleMFCDLL Unicode|x64.ActiveCfg = Release|x64
		{728E70B2-A650-4729-BB8C-0D4FC5905C9B}.UGDbgOleMFCDLL Unicode|x64.Build.0 = Release|x64
		{728E70B2-A650-4729-BB8C-0D4FC5905C9B}.UGDbgOleMFCDLL|Win32.ActiveCfg = Release|Win32
		{728E70B2-A650-4729-BB8C-0D4FC5905C9B}.UGDbgOleMFCDLL|Win32.Build.0 = Release|Win32
		{728E70B2-A650-4729-BB8C-0D4FC5905C9B}.UGDbgOleMFCDLL|x64.ActiveCfg = Release|x64
		{728E70B2-A650-4729-BB8C-0D4FC5905C9B}.UGDbgOleMFCDLL|x64.Build.0 = Release|x64
		{728E70B2-A650-4729-BB8C-0D4FC5905C9B}.UGDbgOleMFCStatic Unicode|Win32.ActiveCfg = Release|Win32
		{728E70B2-A650-4729-BB8C-0D4FC5905C9B}.UGDbgOleMFCStatic Unicode|Win32.Build.0 = Release|Win32
		{728E70B2-A650-4729-BB8C-0D4FC5905C9B}.UGDbgOleMFCStatic Unicode|x64.ActiveCfg = Release|x64
		{728E70B2-A650-4729-BB8C-0D4FC5905C9B}.UGDbgOleMFCStatic Unicode|x64.Build.0 = Release|x64
		{728E70B2-A650-4729-BB8C-0D4FC5905C9B}.UGDbgOleMFCStatic|Win32.ActiveCfg = Release|Win32
		{728E70B2-A650-4729-BB8C-0D4FC5905C9B}.UGDbgOleMFCStatic|Win32.Build.0 = Release|Win32
		{728E70B2-A650-4729-BB8C-0D4FC5905C9B}.UGDbgOleMFCStatic|x64.ActiveCfg = Release|x64
		{728E70B2-A650-4729-BB8C-0D4FC5905C9B}.UGDbgOleMFCStatic|x64.Build.0 = Release|x64
		{728E70B2-A650-4729-BB8C-0D4FC5905C9B}.UGRelMFCDLL Unicode|Win32.ActiveCfg = Release|Win32
		{728E70B2-A650-4729-BB8C-0D4FC5905C9B}.UGRelMFCDLL Unicode|Win32.Build.0 = Release|Win32
		{728E70B2-A650-4729-BB8C-0D4FC5905C9B}.UGRelMFCDLL Unicode|x64.ActiveCfg = Release|x64
		{728E70B2-A650-4729-BB8C-0D4FC5905C9B}.UGRelMFCDLL Unicode|x64.Build.0 = Release|x64
		{728E70B2-A650-4729-BB8C-0D4FC5905C9B}.UGRelMFCDLL|Win32.ActiveCfg = Release|Win32
		{728E70B2-A650-4729-BB8C-0D4FC5905C9B}.UGRelMFCDLL|Win32.Build.0 = Release|Win32
		{728E70B2-A650-4729-BB8C-0D4FC5905C9B}.UGRelMFCDLL|x64.ActiveCfg = Release|x64
		{728E70B2-A650-4729-BB8C-0D4FC5905C9B}.UGRelMFCDLL|x64.Build.0 = Release|x64
		{728E70B2-A650-4729-BB8C-0D4FC5905C9B}.UGRelMFCStatic Unicode|Win32.ActiveCfg = Release|Win32
		{728E70B2-A650-4729-BB8C-0D4FC5905C9B}.UGRelMFCStatic Unicode|Win32.Build.0 = Release|Win32
		{728E70B2-A650-4729-BB8C-0D4FC5905C9B}.UGRelMFCStatic Unicode|x64.ActiveCfg = Release|x64
		{728E70B2-A650-4729-BB8C-0D4FC5905C9B}.UGRelMFCStatic Unicode|x64.Build.0 = Release|x64
		{728E70B2-A650-4729-BB8C-0D4FC5905C9B}.UGRelMFCStatic|Win32.ActiveCfg = Release|Win32
		{728E70B2-A650-4729-BB8C-0D4FC5905C9B}.UGRelMFCStatic|Win32.Build.0 = Release|Win32
		{728E70B2-A650-4729-BB8C-0D4FC5905C9B}.UGRelMFCStatic|x64.ActiveCfg = Release|x64
		{728E70B2-A650-4729-BB8C-0D4FC5905C9B}.UGRelMFCStatic|x64.Build.0 = Release|x64
		{728E70B2-A650-4729-BB8C-0D4FC5905C9B}.UGRelOleMFCDLL Unicode|Win32.ActiveCfg = Release|Win32
		{728E70B2-A650-4729-BB8C-0D4FC5905C9B}.UGRelOleMFCDLL Unicode|Win32.Build.0 = Release|Win32
		{728E70B2-A650-4729-BB8C-0D4FC5905C9B}.UGRelOleMFCDLL Unicode|x64.ActiveCfg = Release|x64
		{728E70B2-A650-4729-BB8C-0D4FC5905C9B}.UGRelOleMFCDLL Unicode|x64.Build.0 = Release|x64
		{728E70B2-A650-4729-BB8C-0D4FC5905C9B}.UGRelOleMFCDLL|Win32.ActiveCfg = Release|Win32
		{728E70B2-A650-4729-BB8C-0D4FC5905C9B}.UGRelOleMFCDLL|Win32.Build.0 = Release|Win32
		{728E70B2-A650-4729-BB8C-0D4FC5905C9B}.UGRelOleMFCDLL|x64.ActiveCfg = Release|x64
		{728E70B2-A650-4729-BB8C-0D4FC5905C9B}.UGRelOleMFCDLL|x64.Build.0 = Release|x64
		{728E70B2-A650-4729-BB8C-0D4FC5905C9B}.UGRelOleMFCStatic Unicode|Win32.ActiveCfg = Release|Win32
		{728E70B2-A650-4729-BB8C-0D4FC5905C9B}.UGRelOleMFCStatic Unicode|Win32.Build.0 = Release|Win32
		{728E70B2-A650-4729-BB8C-0D4FC5905C9B}.UGRelOleMFCStatic Unicode|x64.ActiveCfg = Release|x64
		{728E70B2-A650-4729-BB8C-0D4FC5905C9B}.UGRelOleMFCStatic Unicode|x64.Build.0 = Release|x64
		{728E70B2-A650-4729-BB8C-0D4FC5905C9B}.UGRelOleMFCStatic|Win32.ActiveCfg = Release|Win32
		{728E70B2-A650-4729-BB8C-0D4FC5905C9B}.UGRelOleMFCStatic|Win32.Build.0 = Release|Win32
		{728E70B2-A650-4729-BB8C-0D4FC5905C9B}.UGRelOleMFCStatic|x64.ActiveCfg = Release|x64
		{728E70B2-A650-4729-BB8C-0D4FC5905C9B}.UGRelOleMFCStatic|x64.Build.0 = Release|x64
		{10ADF16A-32E2-423C-A953-D04248A0A0EE}.Debug|Win32.ActiveCfg = Debug|Win32
		{10ADF16A-32E2-423C-A953-D04248A0A0EE}.Debug|Win32.Build.0 = Debug|Win32
		{10ADF16A-32E2-423C-A953-D04248A0A0EE}.Debug|x64.ActiveCfg = Debug|x64
		{10ADF16A-32E2-423C-A953-D04248A0A0EE}.Debug|x64.Build.0 = Debug|x64
		{10ADF16A-32E2-423C-A953-D04248A0A0EE}.Release|Win32.ActiveCfg = Release|Win32
		{10ADF16A-32E2-423C-A953-D04248A0A0EE}.Release|Win32.Build.0 = Release|Win32
		{10ADF16A-32E2-423C-A953-D04248A0A0EE}.Release|x64.ActiveCfg = Release|x64
		{10ADF16A-32E2-423C-A953-D04248A0A0EE}.Release|x64.Build.0 = Release|x64
		{10ADF16A-32E2-423C-A953-D04248A0A0EE}.UGDbgMFCDLL Unicode|Win32.ActiveCfg = Release|Win32
		{10ADF16A-32E2-423C-A953-D04248A0A0EE}.UGDbgMFCDLL Unicode|Win32.Build.0 = Release|Win32
		{10ADF16A-32E2-423C-A953-D04248A0A0EE}.UGDbgMFCDLL Unicode|x64.ActiveCfg = Release|x64
		{10ADF16A-32E2-423C-A953-D04248A0A0EE}.UGDbgMFCDLL Unicode|x64.Build.0 = Release|x64
		{10ADF16A-32E2-423C-A953-D04248A0A0EE}.UGDbgMFCDLL|Win32.ActiveCfg = Release|Win32
		{10ADF16A-32E2-423C-A953-D04248A0A0EE}.UGDbgMFCDLL|Win32.Build.0 = Release|Win32
		{10ADF16A-32E2-423C-A953-D04248A0A0EE}.UGDbgMFCDLL|x64.ActiveCfg = Release|x64
		{10ADF16A-32E2-423C-A953-D04248A0A0EE}.UGDbgMFCDLL|x64.Build.0 = Release|x64
		{10ADF16A-32E2-423C-A953-D04248A0A0EE}.UGDbgMFCStatic Unicode|Win32.ActiveCfg = Release|Win32
		{10ADF16A-32E2-423C-A953-D04248A0A0EE}.UGDbgMFCStatic Unicode|Win32.Build.0 = Release|Win32
		{10ADF16A-32E2-423C-A953-D04248A0A0EE}.UGDbgMFCStatic Unicode|x64.ActiveCfg = Release|x64
		{10ADF16A-32E2-423C-A953-D04248A0A0EE}.UGDbgMFCStatic Unicode|x64.Build.0 = Release|x64
		{10ADF16A-32E2-423C-A953-D04248A0A0EE}.UGDbgMFCStatic|Win32.ActiveCfg = Release|Win32
		{10ADF16A-32E2-423C-A953-D04248A0A0EE}.UGDbgMFCStatic|Win32.Build.0 = Release|Win32
		{10ADF16A-32E2-423C-A953-D04248A0A0EE}.UGDbgMFCStatic|x64.ActiveCfg = Release|x64
		{10ADF16A-32E2-423C-A953-D04248A0A0EE}.UGDbgMFCStatic|x64.Build.0 = Release|x64
		{10ADF16A-32E2-423C-A953-D04248A0A0EE}.UGDbgOleMFCDLL Unicode|Win32.ActiveCfg = Release|Win32
		{10ADF16A-32E2-423C-A953-D04248A0A0EE}.UGDbgOleMFCDLL Unicode|Win32.Build.0 = Release|Win32
		{10ADF16A-32E2-423C-A953-D04248A0A0EE}.UGDbgOleMFCDLL Unicode|x64.ActiveCfg = Release|x64
		{10ADF16A-32E2-423C-A953-D04248A0A0EE}.UGDbgOleMFCDLL Unicode|x64.Build.0 = Release|x64
		{10ADF16A-32E2-423C-A953-D04248A0A0EE}.UGDbgOleMFCDLL|Win32.ActiveCfg = Release|Win32
		{10ADF16A-32E2-423C-A953-D04248A0A0EE}.UGDbgOleMFCDLL|Win32.Build.0 = Release|Win32
		{10ADF16A-32E2-423C-A953-D04248A0A0EE}.UGDbgOleMFCDLL|x64.ActiveCfg = Release|x64
		{10ADF16A-32E2-423C-A953-D04248A0A0EE}.UGDbgOleMFCDLL|x64.Build.0 = Release|x64
		{10ADF16A-32E2-423C-A953-D04248A0A0EE}.UGDbgOleMFCStatic Unicode|Win32.ActiveCfg = Release|Win32
		{10ADF16A-32E2-423C-A953-D04248A0A0EE}.UGDbgOleMFCStatic Unicode|Win32.Build.0 = Release|Win32
		{10ADF16A-32E2-423C-A953-D04248A0A0EE}.UGDbgOleMFCStatic Unicode|x64.ActiveCfg = Release|x64
		{10ADF16A-32E2-423C-A953-D04248A0A0EE}.UGDbgOleMFCStatic Unicode|x64.Build.0 = Release|x64
		{10ADF16A-32E2-423C-A953-D04248A0A0EE}.UGDbgOleMFCStatic|Win32.ActiveCfg = Release|Win32
		{10ADF16A-32E2-423C-A953-D04248A0A0EE}.UGDbgOleMFCStatic|Win32.Build.0 = Release|Win32
		{10ADF16A-32E2-423C-A953-D04248A0A0EE}.UGDbgOleMFCStatic|x64.ActiveCfg = Release|x64
		{10ADF16A-32E2-423C-A953-D04248A0A0EE}.UGDbgOleMFCStatic|x64.Build.0 = Release|x64
		{10ADF16A-32E2-423C-A953-D04248A0A0EE}.UGRelMFCDLL Unicode|Win32.ActiveCfg = Release|Win32
		{10ADF16A-32E2-423C-A953-D04248A0A0EE}.UGRelMFCDLL Unicode|Win32.Build.0 = Release|Win32
		{10ADF16A-32E2-423C-A953-D04248A0A0EE}.UGRelMFCDLL Unicode|x64.ActiveCfg = Release|x64
		{10ADF16A-32E2-423C-A953-D04248A0A0EE}.UGRelMFCDLL Unicode|x64.Build.0 = Release|x64
		{10ADF16A-32E2-423C-A953-D04248A0A0EE}.UGRelMFCDLL|Win32.ActiveCfg = Release|Win32
		{10ADF16A-32E2-423C-A953-D04248A0A0EE}.UGRelMFCDLL|Win32.Build.0 = Release|Win32
		{10ADF16A-32E2-423C-A953-D04248A0A0EE}.UGRelMFCDLL|x64.ActiveCfg = Release|x64
		{10ADF16A-32E2-423C-A953-D04248A0A0EE}.UGRelMFCDLL|x64.Build.0 = Release|x64
		{10ADF16A-32E2-423C-A953-D04248A0A0EE}.UGRelMFCStatic Unicode|Win32.ActiveCfg = Release|Win32
		{10ADF16A-32E2-423C-A953-D04248A0A0EE}.UGRelMFCStatic Unicode|Win32.Build.0 = Release|Win32
		{10ADF16A-32E2-423C-A953-D04248A0A0EE}.UGRelMFCStatic Unicode|x64.ActiveCfg = Release|x64
		{10ADF16A-32E2-423C-A953-D04248A0A0EE}.UGRelMFCStatic Unicode|x64.Build.0 = Release|x64
		{10ADF16A-32E2-423C-A953-D04248A0A0EE}.UGRelMFCStatic|Win32.ActiveCfg = Release|Win32
		{10ADF16A-32E2-423C-A953-D04248A0A0EE}.UGRelMFCStatic|Win32.Build.0 = Release|Win32
		{10ADF16A-32E2-423C-A953-D04248A0A0EE}.UGRelMFCStatic|x64.ActiveCfg = Release|x64
		{10ADF16A-32E2-423C-A953-D04248A0A0EE}.UGRelMFCStatic|x64.Build.0 = Release|x64
		{10ADF16A-32E2-423C-A953-D04248A0A0EE}.UGRelOleMFCDLL Unicode|Win32.ActiveCfg = Release|Win32
		{10ADF16A-32E2-423C-A953-D04248A0A0EE}.UGRelOleMFCDLL Unicode|Win32.Build.0 = Release|Win32
		{10ADF16A-32E2-423C-A953-D04248A0A0EE}.UGRelOleMFCDLL Unicode|x64.ActiveCfg = Release|x64
		{10ADF16A-32E2-423C-A953-D04248A0A0EE}.UGRelOleMFCDLL Unicode|x64.Build.0 = Release|x64
		{10ADF16A-32E2-423C-A953-D04248A0A0EE}.UGRelOleMFCDLL|Win32.ActiveCfg = Release|Win32
		{10ADF16A-32E2-423C-A953-D04248A0A0EE}.UGRelOleMFCDLL|Win32.Build.0 = Release|Win32
		{10ADF16A-32E2-423C-A953-D04248A0A0EE}.UGRelOleMFCDLL|x64.ActiveCfg = Release|x64
		{10ADF16A-32E2-423C-A953-D04248A0A0EE}.UGRelOleMFCDLL|x64.Build.0 = Release|x64
		{10ADF16A-32E2-423C-A953-D04248A0A0EE}.UGRelOleMFCStatic Unicode|Win32.ActiveCfg = Release|Win32
		{10ADF16A-32E2-423C-A953-D04248A0A0EE}.UGRelOleMFCStatic Unicode|Win32.Build.0 = Release|Win32
		{10ADF16A-32E2-423C-A953-D04248A0A0EE}.UGRelOleMFCStatic Unicode|x64.ActiveCfg = Release|x64
		{10ADF16A-32E2-423C-A953-D04248A0A0EE}.UGRelOleMFCStatic Unicode|x64.Build.0 = Release|x64
		{10ADF16A-32E2-423C-A953-D04248A0A0EE}.UGRelOleMFCStatic|Win32.ActiveCfg = Release|Win32
		{10ADF16A-32E2-423C-A953-D04248A0A0EE}.UGRelOleMFCStatic|Win32.Build.0 = Release|Win32
		{10ADF16A-32E2-423C-A953-D04248A0A0EE}.UGRelOleMFCStatic|x64.ActiveCfg = Release|x64
		{10ADF16A-32E2-423C-A953-D04248A0A0EE}.UGRelOleMFCStatic|x64.Build.0 = Release|x64
	EndGlobalSection
	GlobalSection(SolutionProperties) = preSolution
		HideSolutionNode = FALSE
	EndGlobalSection
	GlobalSection(NestedProjects) = preSolution
		{31FEA106-E963-4F38-B23D-4E227C7200CA} = {972DF664-C2A8-4147-8EBC-FA39AD66B2B5}
		{DD3A2586-EF87-438E-9304-33FB8179A04C} = {972DF664-C2A8-4147-8EBC-FA39AD66B2B5}
		{4B930370-8BF8-4E89-A3E7-0741999F8EE5} = {972DF664-C2A8-4147-8EBC-FA39AD66B2B5}
		{AC5DD791-6787-4663-8184-1DB8D87A3C58} = {972DF664-C2A8-4147-8EBC-FA39AD66B2B5}
		{09197469-7164-460C-8925-185D087F7FE5} = {972DF664-C2A8-4147-8EBC-FA39AD66B2B5}
		{728E70B2-A650-4729-BB8C-0D4FC5905C9B} = {972DF664-C2A8-4147-8EBC-FA39AD66B2B5}
		{10ADF16A-32E2-423C-A953-D04248A0A0EE} = {DB2560E7-8309-4CA3-A774-2408E85678AB}
	EndGlobalSection
EndGlobal
