<?xml version="1.0" encoding="utf-8"?>
<Project ToolsVersion="4.0" xmlns="http://schemas.microsoft.com/developer/msbuild/2003">
  <ItemGroup>
    <Filter Include="stdafx">
      <UniqueIdentifier>{4FC737F1-C7A5-4376-A066-2A32D752A2FF}</UniqueIdentifier>
      <Extensions>cpp;c;cc;cxx;def;odl;idl;hpj;bat;asm;asmx;h;hh;hpp;hxx;hm;inl;inc;xsd</Extensions>
    </Filter>
    <Filter Include="Source">
      <UniqueIdentifier>{93995380-89BD-4b04-88EB-625FBE52EBFB}</UniqueIdentifier>
      <Extensions>cpp;c;cc;cxx;def;odl;idl;hpj;bat;asm;asmx;h;hh;hpp;hxx;hm;inl;inc;xsd</Extensions>
    </Filter>
  </ItemGroup>
  <ItemGroup>
    <ClCompile Include="stdafx\stdafx.cpp">
      <Filter>stdafx</Filter>
    </ClCompile>
    <ClCompile Include="..\src\FileManager\BaseFile.cpp">
      <Filter>Source</Filter>
    </ClCompile>
    <ClCompile Include="..\src\FileManager\DailyDirectoryManager.cpp">
      <Filter>Source</Filter>
    </ClCompile>
    <ClCompile Include="..\src\FileManager\DirectoryManager.cpp">
      <Filter>Source</Filter>
    </ClCompile>
    <ClCompile Include="..\src\FileManager\FileManager.cpp">
      <Filter>Source</Filter>
    </ClCompile>
    <ClCompile Include="..\src\FileManager\GribDirectoryManager.cpp">
      <Filter>Source</Filter>
    </ClCompile>
    <ClCompile Include="..\src\FileManager\HourlyDirectoryManager.cpp">
      <Filter>Source</Filter>
    </ClCompile>
    <ClCompile Include="..\src\FileManager\InputDirectoryManager.cpp">
      <Filter>Source</Filter>
    </ClCompile>
    <ClCompile Include="..\src\FileManager\LocationDirectoryManager.cpp">
      <Filter>Source</Filter>
    </ClCompile>
    <ClCompile Include="..\src\FileManager\MapInputDirectoryManager.cpp">
      <Filter>Source</Filter>
    </ClCompile>
    <ClCompile Include="..\src\FileManager\ModelDirectoryManager.cpp">
      <Filter>Source</Filter>
    </ClCompile>
    <ClCompile Include="..\src\FileManager\ModelInputDirectoryManager.cpp">
      <Filter>Source</Filter>
    </ClCompile>
    <ClCompile Include="..\src\FileManager\NormalDirectoryManager.cpp">
      <Filter>Source</Filter>
    </ClCompile>
    <ClCompile Include="..\src\FileManager\ParametersVariationsDirectoryManager.cpp">
      <Filter>Source</Filter>
    </ClCompile>
    <ClCompile Include="..\src\FileManager\ScriptDirectoryManager.cpp">
      <Filter>Source</Filter>
    </ClCompile>
    <ClCompile Include="..\src\FileManager\WGInputDirectoryManager.cpp">
      <Filter>Source</Filter>
    </ClCompile>
  </ItemGroup>
  <ItemGroup>
    <ClInclude Include="stdafx\stdafx.h">
      <Filter>stdafx</Filter>
    </ClInclude>
    <ClInclude Include="..\src\FileManager\BaseFile.h">
      <Filter>Source</Filter>
    </ClInclude>
    <ClInclude Include="..\src\FileManager\DailyDirectoryManager.h">
      <Filter>Source</Filter>
    </ClInclude>
    <ClInclude Include="..\src\FileManager\DirectoryManager.h">
      <Filter>Source</Filter>
    </ClInclude>
    <ClInclude Include="..\src\FileManager\FileManager.h">
      <Filter>Source</Filter>
    </ClInclude>
    <ClInclude Include="..\src\FileManager\GribDirectoryManager.h">
      <Filter>Source</Filter>
    </ClInclude>
    <ClInclude Include="..\src\FileManager\HourlyDirectoryManager.h">
      <Filter>Source</Filter>
    </ClInclude>
    <ClInclude Include="..\src\FileManager\InputDirectoryManager.h">
      <Filter>Source</Filter>
    </ClInclude>
    <ClInclude Include="..\src\FileManager\LocationDirectoryManager.h">
      <Filter>Source</Filter>
    </ClInclude>
    <ClInclude Include="..\src\FileManager\MapInputDirectoryManager.h">
      <Filter>Source</Filter>
    </ClInclude>
    <ClInclude Include="..\src\FileManager\ModelDirectoryManager.h">
      <Filter>Source</Filter>
    </ClInclude>
    <ClInclude Include="..\src\FileManager\ModelInputDirectoryManager.h">
      <Filter>Source</Filter>
    </ClInclude>
    <ClInclude Include="..\src\FileManager\NormalDirectoryManager.h">
      <Filter>Source</Filter>
    </ClInclude>
    <ClInclude Include="..\src\FileManager\ParametersVariationsDirectoryManager.h">
      <Filter>Source</Filter>
    </ClInclude>
    <ClInclude Include="..\src\FileManager\ScriptDirectoryManager.h">
      <Filter>Source</Filter>
    </ClInclude>
    <ClInclude Include="..\src\FileManager\WGInputDirectoryManager.h">
      <Filter>Source</Filter>
    </ClInclude>
  </ItemGroup>
</Project>