<?xml version="1.0" encoding="utf-8"?>
<Project ToolsVersion="4.0" xmlns="http://schemas.microsoft.com/developer/msbuild/2003">
  <ItemGroup>
    <Filter Include="stdafx">
      <UniqueIdentifier>{4FC737F1-C7A5-4376-A066-2A32D752A2FF}</UniqueIdentifier>
      <Extensions>cpp;c;cc;cxx;def;odl;idl;hpj;bat;asm;asmx;h;hh;hpp;hxx;hm;inl;inc;xsd</Extensions>
    </Filter>
    <Filter Include="Source">
      <UniqueIdentifier>{93995380-89BD-4b04-88EB-625FBE52EBFB}</UniqueIdentifier>
      <Extensions>cpp;c;cc;cxx;def;odl;idl;hpj;bat;asm;asmx;h;hh;hpp;hxx;hm;inl;inc;xsd</Extensions>
    </Filter>
  </ItemGroup>
  <ItemGroup>
    <ClCompile Include="stdafx\stdafx.cpp">
      <Filter>stdafx</Filter>
    </ClCompile>
    <ClCompile Include="..\src\Geomatic\GDALBasic.cpp">
      <Filter>Source</Filter>
    </ClCompile>
    <ClCompile Include="..\src\Geomatic\GridInterpol.cpp">
      <Filter>Source</Filter>
    </ClCompile>
    <ClCompile Include="..\src\Geomatic\GridInterpolBase.cpp">
      <Filter>Source</Filter>
    </ClCompile>
    <ClCompile Include="..\src\Geomatic\ImageParser.cpp">
      <Filter>Source</Filter>
    </ClCompile>
    <ClCompile Include="..\src\Geomatic\IWD.cpp">
      <Filter>Source</Filter>
    </ClCompile>
    <ClCompile Include="..\src\Geomatic\LandsatCloudsCleaner.cpp">
      <Filter>Source</Filter>
    </ClCompile>
    <ClCompile Include="..\src\Geomatic\LandsatDataset1.cpp">
      <Filter>Source</Filter>
    </ClCompile>
    <ClCompile Include="..\src\Geomatic\OGRBasic.cpp">
      <Filter>Source</Filter>
    </ClCompile>
    <ClCompile Include="..\src\Geomatic\PrePostTransfo.cpp">
      <Filter>Source</Filter>
    </ClCompile>
    <ClCompile Include="..\src\Geomatic\Projection.cpp">
      <Filter>Source</Filter>
    </ClCompile>
    <ClCompile Include="..\src\Geomatic\See5global.cpp">
      <Filter>Source</Filter>
    </ClCompile>
    <ClCompile Include="..\src\Geomatic\See5hooks.cpp">
      <Filter>Source</Filter>
    </ClCompile>
    <ClCompile Include="..\src\Geomatic\SFBoudingBox.cpp">
      <Filter>Source</Filter>
    </ClCompile>
    <ClCompile Include="..\src\Geomatic\ShapeFileBase.cpp">
      <Filter>Source</Filter>
    </ClCompile>
    <ClCompile Include="..\src\Geomatic\ShapeFileHeader.cpp">
      <Filter>Source</Filter>
    </ClCompile>
    <ClCompile Include="..\src\Geomatic\ShapeFileIndex.cpp">
      <Filter>Source</Filter>
    </ClCompile>
    <ClCompile Include="..\src\Geomatic\SpatialRegression.cpp">
      <Filter>Source</Filter>
    </ClCompile>
    <ClCompile Include="..\src\Geomatic\srsinfo.cpp">
      <Filter>Source</Filter>
    </ClCompile>
    <ClCompile Include="..\src\Geomatic\UniversalKriging.cpp">
      <Filter>Source</Filter>
    </ClCompile>
    <ClCompile Include="..\src\Geomatic\UtilGDAL.cpp">
      <Filter>Source</Filter>
    </ClCompile>
    <ClCompile Include="..\src\Geomatic\Variogram.cpp">
      <Filter>Source</Filter>
    </ClCompile>
    <ClCompile Include="..\src\Geomatic\XValidation.cpp">
      <Filter>Source</Filter>
    </ClCompile>
    <ClCompile Include="..\src\Geomatic\ProjectionTransformation.cpp">
      <Filter>Source</Filter>
    </ClCompile>
    <ClCompile Include="..\src\Geomatic\TimeZones.cpp">
      <Filter>Source</Filter>
    </ClCompile>
    <ClCompile Include="..\src\Geomatic\ShoreCreator.cpp">
      <Filter>Source</Filter>
    </ClCompile>
    <ClCompile Include="..\src\Geomatic\RandomForest.cpp">
      <Filter>Source</Filter>
    </ClCompile>
    <ClCompile Include="..\src\Geomatic\ThinPlateSpline.cpp">
      <Filter>Source</Filter>
    </ClCompile>
    <ClCompile Include="..\src\Geomatic\SfcGribsDatabase.cpp">
      <Filter>Source</Filter>
    </ClCompile>
    <ClCompile Include="..\src\Geomatic\MODISDataset.cpp">
      <Filter>Source</Filter>
    </ClCompile>
    <ClCompile Include="..\src\Geomatic\LandsatDataset2.cpp">
      <Filter>Source</Filter>
    </ClCompile>
  </ItemGroup>
  <ItemGroup>
    <ClInclude Include="stdafx\stdafx.h">
      <Filter>stdafx</Filter>
    </ClInclude>
    <ClInclude Include="..\src\Geomatic\GDALBasic.h">
      <Filter>Source</Filter>
    </ClInclude>
    <ClInclude Include="..\src\Geomatic\GridInterpol.h">
      <Filter>Source</Filter>
    </ClInclude>
    <ClInclude Include="..\src\Geomatic\GridInterpolBase.h">
      <Filter>Source</Filter>
    </ClInclude>
    <ClInclude Include="..\src\Geomatic\ImageParser.h">
      <Filter>Source</Filter>
    </ClInclude>
    <ClInclude Include="..\src\Geomatic\IWD.h">
      <Filter>Source</Filter>
    </ClInclude>
    <ClInclude Include="..\src\Geomatic\LandsatCloudsCleaner.h">
      <Filter>Source</Filter>
    </ClInclude>
    <ClInclude Include="..\src\Geomatic\LandsatDataset1.h">
      <Filter>Source</Filter>
    </ClInclude>
    <ClInclude Include="..\src\Geomatic\OGRBasic.h">
      <Filter>Source</Filter>
    </ClInclude>
    <ClInclude Include="..\src\Geomatic\PrePostTransfo.h">
      <Filter>Source</Filter>
    </ClInclude>
    <ClInclude Include="..\src\Geomatic\Projection.h">
      <Filter>Source</Filter>
    </ClInclude>
    <ClInclude Include="..\src\Geomatic\See5defns.h">
      <Filter>Source</Filter>
    </ClInclude>
    <ClInclude Include="..\src\Geomatic\See5global.h">
      <Filter>Source</Filter>
    </ClInclude>
    <ClInclude Include="..\src\Geomatic\See5hooks.h">
      <Filter>Source</Filter>
    </ClInclude>
    <ClInclude Include="..\src\Geomatic\SFBoudingBox.h">
      <Filter>Source</Filter>
    </ClInclude>
    <ClInclude Include="..\src\Geomatic\ShapeFileBase.h">
      <Filter>Source</Filter>
    </ClInclude>
    <ClInclude Include="..\src\Geomatic\ShapeFileHeader.h">
      <Filter>Source</Filter>
    </ClInclude>
    <ClInclude Include="..\src\Geomatic\ShapeFileIndex.h">
      <Filter>Source</Filter>
    </ClInclude>
    <ClInclude Include="..\src\Geomatic\SpatialRegression.h">
      <Filter>Source</Filter>
    </ClInclude>
    <ClInclude Include="..\src\Geomatic\srsinfo.h">
      <Filter>Source</Filter>
    </ClInclude>
    <ClInclude Include="..\src\Geomatic\TPSInterpolate.hpp">
      <Filter>Source</Filter>
    </ClInclude>
    <ClInclude Include="..\src\Geomatic\UniversalKriging.h">
      <Filter>Source</Filter>
    </ClInclude>
    <ClInclude Include="..\src\Geomatic\UtilGDAL.h">
      <Filter>Source</Filter>
    </ClInclude>
    <ClInclude Include="..\src\Geomatic\Variogram.h">
      <Filter>Source</Filter>
    </ClInclude>
    <ClInclude Include="..\src\Geomatic\XValidation.h">
      <Filter>Source</Filter>
    </ClInclude>
    <ClInclude Include="..\src\Geomatic\ProjectionTransformation.h">
      <Filter>Source</Filter>
    </ClInclude>
    <ClInclude Include="..\src\Geomatic\GDAL.h">
      <Filter>Source</Filter>
    </ClInclude>
    <ClInclude Include="..\src\Geomatic\TimeZones.h">
      <Filter>Source</Filter>
    </ClInclude>
    <ClInclude Include="..\src\Geomatic\ShoreCreator.h">
      <Filter>Source</Filter>
    </ClInclude>
    <ClInclude Include="..\src\Geomatic\RandomForest.h">
      <Filter>Source</Filter>
    </ClInclude>
    <ClInclude Include="..\src\Geomatic\ThinPlateSpline.h">
      <Filter>Source</Filter>
    </ClInclude>
    <ClInclude Include="..\src\Geomatic\SfcGribsDatabase.h">
      <Filter>Source</Filter>
    </ClInclude>
    <ClInclude Include="..\src\Geomatic\MODISDataset.h">
      <Filter>Source</Filter>
    </ClInclude>
    <ClInclude Include="..\src\Geomatic\LandsatDataset2.h">
      <Filter>Source</Filter>
    </ClInclude>
  </ItemGroup>
</Project>