<?xml version="1.0" encoding="utf-8"?>
<Project ToolsVersion="4.0" xmlns="http://schemas.microsoft.com/developer/msbuild/2003">
  <ItemGroup>
    <Filter Include="stdafx">
      <UniqueIdentifier>{4FC737F1-C7A5-4376-A066-2A32D752A2FF}</UniqueIdentifier>
      <Extensions>cpp;c;cc;cxx;def;odl;idl;hpj;bat;asm;asmx;h;hh;hpp;hxx;hm;inl;inc;xsd</Extensions>
    </Filter>
    <Filter Include="Source">
      <UniqueIdentifier>{53206aad-7183-4e48-b81f-9b568140c848}</UniqueIdentifier>
    </Filter>
  </ItemGroup>
  <ItemGroup>
    <ClCompile Include="..\src\Simulation\AdvancedNormalStation.cpp">
      <Filter>Source</Filter>
    </ClCompile>
    <ClCompile Include="..\src\Simulation\Analysis.cpp">
      <Filter>Source</Filter>
    </ClCompile>
    <ClCompile Include="..\src\Simulation\ATM.cpp">
      <Filter>Source</Filter>
    </ClCompile>
    <ClCompile Include="..\src\Simulation\BioSIMProject.cpp">
      <Filter>Source</Filter>
    </ClCompile>
    <ClCompile Include="..\src\Simulation\CopyExport.cpp">
      <Filter>Source</Filter>
    </ClCompile>
    <ClCompile Include="..\src\Simulation\DBBase.cpp">
      <Filter>Source</Filter>
    </ClCompile>
    <ClCompile Include="..\src\Simulation\Dispersal.cpp">
      <Filter>Source</Filter>
    </ClCompile>
    <ClCompile Include="..\src\Simulation\Executable.cpp">
      <Filter>Source</Filter>
    </ClCompile>
    <ClCompile Include="..\src\Simulation\ExecutableFactory.cpp">
      <Filter>Source</Filter>
    </ClCompile>
    <ClCompile Include="..\src\Simulation\ExecutableGroup.cpp">
      <Filter>Source</Filter>
    </ClCompile>
    <ClCompile Include="..\src\Simulation\Export.cpp">
      <Filter>Source</Filter>
    </ClCompile>
    <ClCompile Include="..\src\Simulation\FunctionAnalysis.cpp">
      <Filter>Source</Filter>
    </ClCompile>
    <ClCompile Include="..\src\Simulation\Graph.cpp">
      <Filter>Source</Filter>
    </ClCompile>
    <ClCompile Include="..\src\Simulation\ImportSimulation.cpp">
      <Filter>Source</Filter>
    </ClCompile>
    <ClCompile Include="..\src\Simulation\LoadStaticData.cpp">
      <Filter>Source</Filter>
    </ClCompile>
    <ClCompile Include="..\src\Simulation\Mapping.cpp">
      <Filter>Source</Filter>
    </ClCompile>
    <ClCompile Include="..\src\Simulation\MergeExecutable.cpp">
      <Filter>Source</Filter>
    </ClCompile>
    <ClCompile Include="..\src\Simulation\ModelExecution.cpp">
      <Filter>Source</Filter>
    </ClCompile>
    <ClCompile Include="..\src\Simulation\MonthlyMeanGrid.cpp">
      <Filter>Source</Filter>
    </ClCompile>
    <ClCompile Include="..\src\Simulation\Result.cpp">
      <Filter>Source</Filter>
    </ClCompile>
    <ClCompile Include="..\src\Simulation\script.cpp">
      <Filter>Source</Filter>
    </ClCompile>
    <ClCompile Include="..\src\Simulation\SectionData.cpp">
      <Filter>Source</Filter>
    </ClCompile>
    <ClCompile Include="..\src\Simulation\WeatherGeneration.cpp">
      <Filter>Source</Filter>
    </ClCompile>
    <ClCompile Include="..\src\Simulation\WeatherGenerator.cpp">
      <Filter>Source</Filter>
    </ClCompile>
    <ClCompile Include="..\src\Simulation\WeatherGeneratorKernel.cpp">
      <Filter>Source</Filter>
    </ClCompile>
    <ClCompile Include="..\src\Simulation\WeatherUpdater.cpp">
      <Filter>Source</Filter>
    </ClCompile>
    <ClCompile Include="stdafx\stdafx.cpp">
      <Filter>stdafx</Filter>
    </ClCompile>
    <ClCompile Include="..\src\Simulation\ModelParameterization.cpp">
      <Filter>Source</Filter>
    </ClCompile>
    <ClCompile Include="..\src\Simulation\WeatherGradient.cpp">
      <Filter>Source</Filter>
    </ClCompile>
    <ClCompile Include="..\src\Simulation\WGInputAnalysis.cpp">
      <Filter>Source</Filter>
    </ClCompile>
  </ItemGroup>
  <ItemGroup>
    <ClInclude Include="..\src\Simulation\AdvancedNormalStation.h">
      <Filter>Source</Filter>
    </ClInclude>
    <ClInclude Include="..\src\Simulation\Analysis.h">
      <Filter>Source</Filter>
    </ClInclude>
    <ClInclude Include="..\src\Simulation\ATM.h">
      <Filter>Source</Filter>
    </ClInclude>
    <ClInclude Include="..\src\Simulation\BioSIMProject.h">
      <Filter>Source</Filter>
    </ClInclude>
    <ClInclude Include="..\src\Simulation\CopyExport.h">
      <Filter>Source</Filter>
    </ClInclude>
    <ClInclude Include="..\src\Simulation\DBBase.h">
      <Filter>Source</Filter>
    </ClInclude>
    <ClInclude Include="..\src\Simulation\Dispersal.h">
      <Filter>Source</Filter>
    </ClInclude>
    <ClInclude Include="..\src\Simulation\Executable.h">
      <Filter>Source</Filter>
    </ClInclude>
    <ClInclude Include="..\src\Simulation\ExecutableFactory.h">
      <Filter>Source</Filter>
    </ClInclude>
    <ClInclude Include="..\src\Simulation\ExecutableGroup.h">
      <Filter>Source</Filter>
    </ClInclude>
    <ClInclude Include="..\src\Simulation\Export.h">
      <Filter>Source</Filter>
    </ClInclude>
    <ClInclude Include="..\src\Simulation\ExportDefine.h">
      <Filter>Source</Filter>
    </ClInclude>
    <ClInclude Include="..\src\Simulation\FunctionAnalysis.h">
      <Filter>Source</Filter>
    </ClInclude>
    <ClInclude Include="..\src\Simulation\Graph.h">
      <Filter>Source</Filter>
    </ClInclude>
    <ClInclude Include="..\src\Simulation\ImportSimulation.h">
      <Filter>Source</Filter>
    </ClInclude>
    <ClInclude Include="..\src\Simulation\LoadStaticData.h">
      <Filter>Source</Filter>
    </ClInclude>
    <ClInclude Include="..\src\Simulation\Mapping.h">
      <Filter>Source</Filter>
    </ClInclude>
    <ClInclude Include="..\src\Simulation\MergeExecutable.h">
      <Filter>Source</Filter>
    </ClInclude>
    <ClInclude Include="..\src\Simulation\ModelExecution.h">
      <Filter>Source</Filter>
    </ClInclude>
    <ClInclude Include="..\src\Simulation\MonthlyMeanGrid.h">
      <Filter>Source</Filter>
    </ClInclude>
    <ClInclude Include="..\src\Simulation\Result.h">
      <Filter>Source</Filter>
    </ClInclude>
    <ClInclude Include="..\src\Simulation\Script.h">
      <Filter>Source</Filter>
    </ClInclude>
    <ClInclude Include="..\src\Simulation\SectionData.h">
      <Filter>Source</Filter>
    </ClInclude>
    <ClInclude Include="..\src\Simulation\WeatherGeneration.h">
      <Filter>Source</Filter>
    </ClInclude>
    <ClInclude Include="..\src\Simulation\WeatherGenerator.h">
      <Filter>Source</Filter>
    </ClInclude>
    <ClInclude Include="..\src\Simulation\WeatherGeneratorKernel.h">
      <Filter>Source</Filter>
    </ClInclude>
    <ClInclude Include="..\src\Simulation\WeatherUpdater.h">
      <Filter>Source</Filter>
    </ClInclude>
    <ClInclude Include="stdafx\stdafx.h">
      <Filter>stdafx</Filter>
    </ClInclude>
    <ClInclude Include="..\src\Simulation\ModelParameterization.h">
      <Filter>Source</Filter>
    </ClInclude>
    <ClInclude Include="..\src\Simulation\WeatherGradient.h">
      <Filter>Source</Filter>
    </ClInclude>
    <ClInclude Include="..\src\Simulation\WGInputAnalysis.h">
      <Filter>Source</Filter>
    </ClInclude>
  </ItemGroup>
</Project>