<?xml version="1.0" encoding="utf-8"?>
<Project ToolsVersion="4.0" xmlns="http://schemas.microsoft.com/developer/msbuild/2003">
  <ItemGroup>
    <Filter Include="Resources">
      <UniqueIdentifier>{5a3b7c9e-c6ff-4a2b-91db-7d3cad72ff5e}</UniqueIdentifier>
    </Filter>
  </ItemGroup>
  <ItemGroup>
    <ClInclude Include="..\src\WeatherBasedSimulationString.h">
      <Filter>Resources</Filter>
    </ClInclude>
    <ClInclude Include="..\src\WeatherBasedSimulationUI.h">
      <Filter>Resources</Filter>
    </ClInclude>
  </ItemGroup>
  <ItemGroup>
    <ResourceCompile Include="..\src\WeatherBasedSimulationString.rc">
      <Filter>Resources</Filter>
    </ResourceCompile>
    <ResourceCompile Include="..\src\WeatherBasedSimulationUI.rc">
      <Filter>Resources</Filter>
    </ResourceCompile>
  </ItemGroup>
  <ItemGroup>
    <Image Include="..\src\res\add.ico">
      <Filter>Resources</Filter>
    </Image>
    <Image Include="..\src\res\Add32.bmp">
      <Filter>Resources</Filter>
    </Image>
    <Image Include="..\src\res\Analysis.ico">
      <Filter>Resources</Filter>
    </Image>
    <Image Include="..\src\res\AnalysisPages.bmp">
      <Filter>Resources</Filter>
    </Image>
    <Image Include="..\src\res\bmp00001.bmp">
      <Filter>Resources</Filter>
    </Image>
    <Image Include="..\src\res\cmn_open.ico">
      <Filter>Resources</Filter>
    </Image>
    <Image Include="..\src\res\cmn_rnca.bmp">
      <Filter>Resources</Filter>
    </Image>
    <Image Include="..\src\res\ContinuousPeriod1.bmp">
      <Filter>Resources</Filter>
    </Image>
    <Image Include="..\src\res\ContinuousPeriod1Checked.bmp">
      <Filter>Resources</Filter>
    </Image>
    <Image Include="..\src\res\ContinuousPeriod2.bmp">
      <Filter>Resources</Filter>
    </Image>
    <Image Include="..\src\res\ContinuousPeriod2Checked.bmp">
      <Filter>Resources</Filter>
    </Image>
    <Image Include="..\src\res\copy32.bmp">
      <Filter>Resources</Filter>
    </Image>
    <Image Include="..\src\res\DailyEditor.ico">
      <Filter>Resources</Filter>
    </Image>
    <Image Include="..\src\res\DatabaseEditor.bmp">
      <Filter>Resources</Filter>
    </Image>
    <Image Include="..\src\res\delete.ico">
      <Filter>Resources</Filter>
    </Image>
    <Image Include="..\src\res\Delete32.bmp">
      <Filter>Resources</Filter>
    </Image>
    <Image Include="..\src\res\Description.bmp">
      <Filter>Resources</Filter>
    </Image>
    <Image Include="..\src\res\down.ico">
      <Filter>Resources</Filter>
    </Image>
    <Image Include="..\src\res\Down-Arrow32.bmp">
      <Filter>Resources</Filter>
    </Image>
    <Image Include="..\src\res\Edit32.bmp">
      <Filter>Resources</Filter>
    </Image>
    <Image Include="..\src\res\EditLocations.bmp">
      <Filter>Resources</Filter>
    </Image>
    <Image Include="..\src\res\EditParameters.bmp">
      <Filter>Resources</Filter>
    </Image>
    <Image Include="..\src\res\EditParametersVariations.bmp">
      <Filter>Resources</Filter>
    </Image>
    <Image Include="..\src\res\EditToolbar.bmp">
      <Filter>Resources</Filter>
    </Image>
    <Image Include="..\src\res\EditWeatherGenerator.bmp">
      <Filter>Resources</Filter>
    </Image>
    <Image Include="..\src\res\Excel32.bmp">
      <Filter>Resources</Filter>
    </Image>
    <Image Include="..\src\res\ExecutableImage.bmp">
      <Filter>Resources</Filter>
    </Image>
    <Image Include="..\src\res\ForEachYearsA.bmp">
      <Filter>Resources</Filter>
    </Image>
    <Image Include="..\src\res\ForEachYearsD.bmp">
      <Filter>Resources</Filter>
    </Image>
    <Image Include="..\src\res\ForEachYearsM.bmp">
      <Filter>Resources</Filter>
    </Image>
    <Image Include="..\src\res\Heart.ico">
      <Filter>Resources</Filter>
    </Image>
    <Image Include="..\src\res\Help.bmp">
      <Filter>Resources</Filter>
    </Image>
    <Image Include="..\src\res\HourlyEditor.ico">
      <Filter>Resources</Filter>
    </Image>
    <Image Include="..\src\res\info32.bmp">
      <Filter>Resources</Filter>
    </Image>
    <Image Include="..\src\res\ladybug.ico">
      <Filter>Resources</Filter>
    </Image>
    <Image Include="..\src\res\Link32.bmp">
      <Filter>Resources</Filter>
    </Image>
    <Image Include="..\src\res\LinkedDataEditor.ico">
      <Filter>Resources</Filter>
    </Image>
    <Image Include="..\src\res\LocToolbar.bmp">
      <Filter>Resources</Filter>
    </Image>
    <Image Include="..\src\res\MatchStations.bmp">
      <Filter>Resources</Filter>
    </Image>
    <Image Include="..\src\res\ModelIcon.bmp">
      <Filter>Resources</Filter>
    </Image>
    <Image Include="..\src\res\new.bmp">
      <Filter>Resources</Filter>
    </Image>
    <Image Include="..\src\res\new.ico">
      <Filter>Resources</Filter>
    </Image>
    <Image Include="..\src\res\NormalsEditor.ico">
      <Filter>Resources</Filter>
    </Image>
    <Image Include="..\src\res\Open.ico">
      <Filter>Resources</Filter>
    </Image>
    <Image Include="..\src\res\option32.bmp">
      <Filter>Resources</Filter>
    </Image>
    <Image Include="..\src\res\over_all.bmp">
      <Filter>Resources</Filter>
    </Image>
    <Image Include="..\src\res\OverAllYearsA.bmp">
      <Filter>Resources</Filter>
    </Image>
    <Image Include="..\src\res\OverAllYearsD.bmp">
      <Filter>Resources</Filter>
    </Image>
    <Image Include="..\src\res\OverAllYearsM.bmp">
      <Filter>Resources</Filter>
    </Image>
    <Image Include="..\src\res\ProjectToolbar1 24.bmp">
      <Filter>Resources</Filter>
    </Image>
    <Image Include="..\src\res\ProjectToolbar2 24.bmp">
      <Filter>Resources</Filter>
    </Image>
    <Image Include="..\src\res\RNCan.bmp">
      <Filter>Resources</Filter>
    </Image>
    <Image Include="..\src\res\SetAsDefault32.bmp">
      <Filter>Resources</Filter>
    </Image>
    <Image Include="..\src\res\shape_ty.bmp">
      <Filter>Resources</Filter>
    </Image>
    <Image Include="..\src\res\ShapeType16.bmp">
      <Filter>Resources</Filter>
    </Image>
    <Image Include="..\src\res\ShapeType32.bmp">
      <Filter>Resources</Filter>
    </Image>
    <Image Include="..\src\res\showmap.bmp">
      <Filter>Resources</Filter>
    </Image>
    <Image Include="..\src\res\ShowMap32.bmp">
      <Filter>Resources</Filter>
    </Image>
    <Image Include="..\src\res\State.bmp">
      <Filter>Resources</Filter>
    </Image>
    <Image Include="..\src\res\up.ico">
      <Filter>Resources</Filter>
    </Image>
    <Image Include="..\src\res\Up-Arrow32.bmp">
      <Filter>Resources</Filter>
    </Image>
    <Image Include="..\src\res\view_det.ico">
      <Filter>Resources</Filter>
    </Image>
    <Image Include="..\src\res\view_ico.ico">
      <Filter>Resources</Filter>
    </Image>
    <Image Include="..\src\res\view_lis.ico">
      <Filter>Resources</Filter>
    </Image>
    <Image Include="..\src\res\view_sma.ico">
      <Filter>Resources</Filter>
    </Image>
    <Image Include="..\src\res\YearByYearPeriod1.bmp">
      <Filter>Resources</Filter>
    </Image>
    <Image Include="..\src\res\YearByYearPeriod1Checked.bmp">
      <Filter>Resources</Filter>
    </Image>
    <Image Include="..\src\res\YearByYearPeriod2.bmp">
      <Filter>Resources</Filter>
    </Image>
    <Image Include="res\DatabaseEditor.png" />
    <Image Include="..\src\res\DatabaseEditor.png" />
    <Image Include="..\src\res\option32.png" />
  </ItemGroup>
  <ItemGroup>
    <None Include="..\src\res\Add.cur">
      <Filter>Resources</Filter>
    </None>
    <None Include="..\src\res\cut.cur">
      <Filter>Resources</Filter>
    </None>
    <None Include="..\src\res\Delete.cur">
      <Filter>Resources</Filter>
    </None>
    <None Include="..\src\res\dropcopy.cur">
      <Filter>Resources</Filter>
    </None>
    <None Include="..\src\res\dropmove.cur">
      <Filter>Resources</Filter>
    </None>
    <None Include="..\src\res\Group.cur">
      <Filter>Resources</Filter>
    </None>
    <None Include="..\src\res\Move.cur">
      <Filter>Resources</Filter>
    </None>
    <None Include="..\src\res\nodrop.cur">
      <Filter>Resources</Filter>
    </None>
    <None Include="..\src\res\Split.cur">
      <Filter>Resources</Filter>
    </None>
  </ItemGroup>
</Project>